// !$*UTF8*$!
{
	archiveVersion = 1;
	classes = {
	};
	objectVersion = 46;
	objects = {

/* Begin PBXAggregateTarget section */
		6068F2F418E1E4C7005B87F4 /* BuildPomocCore */ = {
			isa = PBXAggregateTarget;
			buildConfigurationList = 6068F2F718E1E4C8005B87F4 /* Build configuration list for PBXAggregateTarget "BuildPomocCore" */;
			buildPhases = (
				6068F2F818E1E4DE005B87F4 /* ShellScript */,
			);
			dependencies = (
				605B0CAB18E3276D00EA6717 /* PBXTargetDependency */,
			);
			name = BuildPomocCore;
			productName = BuildPomocCore;
		};
/* End PBXAggregateTarget section */

/* Begin PBXBuildFile section */
		60592ACE18EE8715006D5DEC /* PMConversation.h in Headers */ = {isa = PBXBuildFile; fileRef = 60592ACC18EE8715006D5DEC /* PMConversation.h */; settings = {ATTRIBUTES = (Public, ); }; };
		60592ACF18EE8715006D5DEC /* PMConversation.m in Sources */ = {isa = PBXBuildFile; fileRef = 60592ACD18EE8715006D5DEC /* PMConversation.m */; };
		60592AD718EE8962006D5DEC /* PMConversation+PMCore.h in Headers */ = {isa = PBXBuildFile; fileRef = 60592AD518EE8962006D5DEC /* PMConversation+PMCore.h */; };
		60592AD818EE8962006D5DEC /* PMConversation+PMCore.m in Sources */ = {isa = PBXBuildFile; fileRef = 60592AD618EE8962006D5DEC /* PMConversation+PMCore.m */; };
		605B0C1418E2CCE300EA6717 /* PMInternalMessage.m in Sources */ = {isa = PBXBuildFile; fileRef = 605B0C1318E2CCE300EA6717 /* PMInternalMessage.m */; };
		605B0C1818E2DCFD00EA6717 /* PMChatMessage.m in Sources */ = {isa = PBXBuildFile; fileRef = 605B0C1718E2DCFD00EA6717 /* PMChatMessage.m */; };
		605B0CAD18E32FE800EA6717 /* PMMessage.h in Headers */ = {isa = PBXBuildFile; fileRef = 60FC18A418E1EB6500BF4C95 /* PMMessage.h */; settings = {ATTRIBUTES = (Public, ); }; };
		605B0CAE18E32FEE00EA6717 /* PMInternalMessage.h in Headers */ = {isa = PBXBuildFile; fileRef = 605B0C1218E2CCE300EA6717 /* PMInternalMessage.h */; settings = {ATTRIBUTES = (Public, ); }; };
		605B0CAF18E32FEE00EA6717 /* PMChatMessage.h in Headers */ = {isa = PBXBuildFile; fileRef = 605B0C1618E2DCFD00EA6717 /* PMChatMessage.h */; settings = {ATTRIBUTES = (Public, ); }; };
		605B0CB018E32FEE00EA6717 /* PomocCore.h in Headers */ = {isa = PBXBuildFile; fileRef = 605B0BF018E278E800EA6717 /* PomocCore.h */; settings = {ATTRIBUTES = (Public, ); }; };
		605B0CB218E32FEE00EA6717 /* PMCore.h in Headers */ = {isa = PBXBuildFile; fileRef = 6068F2D318E1E40B005B87F4 /* PMCore.h */; settings = {ATTRIBUTES = (Public, ); }; };
		605B0CC018E34E5900EA6717 /* PMMessageConstants.h in Headers */ = {isa = PBXBuildFile; fileRef = 605B0CBE18E34C0E00EA6717 /* PMMessageConstants.h */; settings = {ATTRIBUTES = (Public, ); }; };
		6068F2CF18E1E40B005B87F4 /* Foundation.framework in Frameworks */ = {isa = PBXBuildFile; fileRef = 6068F2CE18E1E40B005B87F4 /* Foundation.framework */; };
		6068F2D618E1E40B005B87F4 /* PMCore.m in Sources */ = {isa = PBXBuildFile; fileRef = 6068F2D518E1E40B005B87F4 /* PMCore.m */; };
		6068F2DD18E1E40B005B87F4 /* XCTest.framework in Frameworks */ = {isa = PBXBuildFile; fileRef = 6068F2DC18E1E40B005B87F4 /* XCTest.framework */; };
		6068F2DE18E1E40B005B87F4 /* Foundation.framework in Frameworks */ = {isa = PBXBuildFile; fileRef = 6068F2CE18E1E40B005B87F4 /* Foundation.framework */; };
		6068F2E018E1E40B005B87F4 /* UIKit.framework in Frameworks */ = {isa = PBXBuildFile; fileRef = 6068F2DF18E1E40B005B87F4 /* UIKit.framework */; };
		6068F2E318E1E40B005B87F4 /* libPomocCore.a in Frameworks */ = {isa = PBXBuildFile; fileRef = 6068F2CB18E1E40B005B87F4 /* libPomocCore.a */; };
		6068F2E918E1E40B005B87F4 /* InfoPlist.strings in Resources */ = {isa = PBXBuildFile; fileRef = 6068F2E718E1E40B005B87F4 /* InfoPlist.strings */; };
		6068F2EB18E1E40B005B87F4 /* PomocCoreTests.m in Sources */ = {isa = PBXBuildFile; fileRef = 6068F2EA18E1E40B005B87F4 /* PomocCoreTests.m */; };
		6068F35218E1E629005B87F4 /* SocketIO.m in Sources */ = {isa = PBXBuildFile; fileRef = 6068F34018E1E629005B87F4 /* SocketIO.m */; };
		6068F35318E1E629005B87F4 /* SocketIOJSONSerialization.m in Sources */ = {isa = PBXBuildFile; fileRef = 6068F34218E1E629005B87F4 /* SocketIOJSONSerialization.m */; };
		6068F35418E1E629005B87F4 /* SocketIOPacket.m in Sources */ = {isa = PBXBuildFile; fileRef = 6068F34418E1E629005B87F4 /* SocketIOPacket.m */; };
		6068F35518E1E629005B87F4 /* SocketIOTransportWebsocket.m in Sources */ = {isa = PBXBuildFile; fileRef = 6068F34718E1E629005B87F4 /* SocketIOTransportWebsocket.m */; };
		6068F35618E1E629005B87F4 /* SocketIOTransportXHR.m in Sources */ = {isa = PBXBuildFile; fileRef = 6068F34918E1E629005B87F4 /* SocketIOTransportXHR.m */; };
		6068F35718E1E629005B87F4 /* base64.c in Sources */ = {isa = PBXBuildFile; fileRef = 6068F34B18E1E629005B87F4 /* base64.c */; };
		6068F35818E1E629005B87F4 /* NSData+SRB64Additions.m in Sources */ = {isa = PBXBuildFile; fileRef = 6068F34E18E1E629005B87F4 /* NSData+SRB64Additions.m */; };
		6068F35918E1E629005B87F4 /* SRWebSocket.m in Sources */ = {isa = PBXBuildFile; fileRef = 6068F35118E1E629005B87F4 /* SRWebSocket.m */; };
		60FC18A618E1EB6500BF4C95 /* PMMessage.m in Sources */ = {isa = PBXBuildFile; fileRef = 60FC18A518E1EB6500BF4C95 /* PMMessage.m */; };
/* End PBXBuildFile section */

/* Begin PBXContainerItemProxy section */
		605B0CAA18E3276D00EA6717 /* PBXContainerItemProxy */ = {
			isa = PBXContainerItemProxy;
			containerPortal = 6068F2C318E1E40B005B87F4 /* Project object */;
			proxyType = 1;
			remoteGlobalIDString = 6068F2CA18E1E40B005B87F4;
			remoteInfo = PomocCore;
		};
		6068F2E118E1E40B005B87F4 /* PBXContainerItemProxy */ = {
			isa = PBXContainerItemProxy;
			containerPortal = 6068F2C318E1E40B005B87F4 /* Project object */;
			proxyType = 1;
			remoteGlobalIDString = 6068F2CA18E1E40B005B87F4;
			remoteInfo = PomocCore;
		};
/* End PBXContainerItemProxy section */

/* Begin PBXFileReference section */
		60592ACC18EE8715006D5DEC /* PMConversation.h */ = {isa = PBXFileReference; fileEncoding = 4; lastKnownFileType = sourcecode.c.h; path = PMConversation.h; sourceTree = "<group>"; };
		60592ACD18EE8715006D5DEC /* PMConversation.m */ = {isa = PBXFileReference; fileEncoding = 4; lastKnownFileType = sourcecode.c.objc; path = PMConversation.m; sourceTree = "<group>"; };
		60592AD518EE8962006D5DEC /* PMConversation+PMCore.h */ = {isa = PBXFileReference; fileEncoding = 4; lastKnownFileType = sourcecode.c.h; path = "PMConversation+PMCore.h"; sourceTree = "<group>"; };
		60592AD618EE8962006D5DEC /* PMConversation+PMCore.m */ = {isa = PBXFileReference; fileEncoding = 4; lastKnownFileType = sourcecode.c.objc; path = "PMConversation+PMCore.m"; sourceTree = "<group>"; };
		60592AD918EE8973006D5DEC /* PMConversation_Private.h */ = {isa = PBXFileReference; lastKnownFileType = sourcecode.c.h; path = PMConversation_Private.h; sourceTree = "<group>"; };
		60592ADA18EE8A46006D5DEC /* PMCore_Private.h */ = {isa = PBXFileReference; lastKnownFileType = sourcecode.c.h; path = PMCore_Private.h; sourceTree = "<group>"; };
		605B0BF018E278E800EA6717 /* PomocCore.h */ = {isa = PBXFileReference; lastKnownFileType = sourcecode.c.h; path = PomocCore.h; sourceTree = "<group>"; };
		605B0C1218E2CCE300EA6717 /* PMInternalMessage.h */ = {isa = PBXFileReference; fileEncoding = 4; lastKnownFileType = sourcecode.c.h; path = PMInternalMessage.h; sourceTree = "<group>"; };
		605B0C1318E2CCE300EA6717 /* PMInternalMessage.m */ = {isa = PBXFileReference; fileEncoding = 4; lastKnownFileType = sourcecode.c.objc; path = PMInternalMessage.m; sourceTree = "<group>"; };
		605B0C1618E2DCFD00EA6717 /* PMChatMessage.h */ = {isa = PBXFileReference; fileEncoding = 4; lastKnownFileType = sourcecode.c.h; path = PMChatMessage.h; sourceTree = "<group>"; };
		605B0C1718E2DCFD00EA6717 /* PMChatMessage.m */ = {isa = PBXFileReference; fileEncoding = 4; lastKnownFileType = sourcecode.c.objc; path = PMChatMessage.m; sourceTree = "<group>"; };
		605B0CBE18E34C0E00EA6717 /* PMMessageConstants.h */ = {isa = PBXFileReference; lastKnownFileType = sourcecode.c.h; path = PMMessageConstants.h; sourceTree = "<group>"; };
		6068F2CB18E1E40B005B87F4 /* libPomocCore.a */ = {isa = PBXFileReference; explicitFileType = archive.ar; includeInIndex = 0; path = libPomocCore.a; sourceTree = BUILT_PRODUCTS_DIR; };
		6068F2CE18E1E40B005B87F4 /* Foundation.framework */ = {isa = PBXFileReference; lastKnownFileType = wrapper.framework; name = Foundation.framework; path = System/Library/Frameworks/Foundation.framework; sourceTree = SDKROOT; };
		6068F2D218E1E40B005B87F4 /* PomocCore-Prefix.pch */ = {isa = PBXFileReference; lastKnownFileType = sourcecode.c.h; path = "PomocCore-Prefix.pch"; sourceTree = "<group>"; };
		6068F2D318E1E40B005B87F4 /* PMCore.h */ = {isa = PBXFileReference; lastKnownFileType = sourcecode.c.h; path = PMCore.h; sourceTree = "<group>"; };
		6068F2D518E1E40B005B87F4 /* PMCore.m */ = {isa = PBXFileReference; lastKnownFileType = sourcecode.c.objc; path = PMCore.m; sourceTree = "<group>"; };
		6068F2DB18E1E40B005B87F4 /* PomocCoreTests.xctest */ = {isa = PBXFileReference; explicitFileType = wrapper.cfbundle; includeInIndex = 0; path = PomocCoreTests.xctest; sourceTree = BUILT_PRODUCTS_DIR; };
		6068F2DC18E1E40B005B87F4 /* XCTest.framework */ = {isa = PBXFileReference; lastKnownFileType = wrapper.framework; name = XCTest.framework; path = Library/Frameworks/XCTest.framework; sourceTree = DEVELOPER_DIR; };
		6068F2DF18E1E40B005B87F4 /* UIKit.framework */ = {isa = PBXFileReference; lastKnownFileType = wrapper.framework; name = UIKit.framework; path = Library/Frameworks/UIKit.framework; sourceTree = DEVELOPER_DIR; };
		6068F2E618E1E40B005B87F4 /* PomocCoreTests-Info.plist */ = {isa = PBXFileReference; lastKnownFileType = text.plist.xml; path = "PomocCoreTests-Info.plist"; sourceTree = "<group>"; };
		6068F2E818E1E40B005B87F4 /* en */ = {isa = PBXFileReference; lastKnownFileType = text.plist.strings; name = en; path = en.lproj/InfoPlist.strings; sourceTree = "<group>"; };
		6068F2EA18E1E40B005B87F4 /* PomocCoreTests.m */ = {isa = PBXFileReference; lastKnownFileType = sourcecode.c.objc; path = PomocCoreTests.m; sourceTree = "<group>"; };
		6068F33F18E1E629005B87F4 /* SocketIO.h */ = {isa = PBXFileReference; fileEncoding = 4; lastKnownFileType = sourcecode.c.h; path = SocketIO.h; sourceTree = "<group>"; };
		6068F34018E1E629005B87F4 /* SocketIO.m */ = {isa = PBXFileReference; fileEncoding = 4; lastKnownFileType = sourcecode.c.objc; path = SocketIO.m; sourceTree = "<group>"; };
		6068F34118E1E629005B87F4 /* SocketIOJSONSerialization.h */ = {isa = PBXFileReference; fileEncoding = 4; lastKnownFileType = sourcecode.c.h; path = SocketIOJSONSerialization.h; sourceTree = "<group>"; };
		6068F34218E1E629005B87F4 /* SocketIOJSONSerialization.m */ = {isa = PBXFileReference; fileEncoding = 4; lastKnownFileType = sourcecode.c.objc; path = SocketIOJSONSerialization.m; sourceTree = "<group>"; };
		6068F34318E1E629005B87F4 /* SocketIOPacket.h */ = {isa = PBXFileReference; fileEncoding = 4; lastKnownFileType = sourcecode.c.h; path = SocketIOPacket.h; sourceTree = "<group>"; };
		6068F34418E1E629005B87F4 /* SocketIOPacket.m */ = {isa = PBXFileReference; fileEncoding = 4; lastKnownFileType = sourcecode.c.objc; path = SocketIOPacket.m; sourceTree = "<group>"; };
		6068F34518E1E629005B87F4 /* SocketIOTransport.h */ = {isa = PBXFileReference; fileEncoding = 4; lastKnownFileType = sourcecode.c.h; path = SocketIOTransport.h; sourceTree = "<group>"; };
		6068F34618E1E629005B87F4 /* SocketIOTransportWebsocket.h */ = {isa = PBXFileReference; fileEncoding = 4; lastKnownFileType = sourcecode.c.h; path = SocketIOTransportWebsocket.h; sourceTree = "<group>"; };
		6068F34718E1E629005B87F4 /* SocketIOTransportWebsocket.m */ = {isa = PBXFileReference; fileEncoding = 4; lastKnownFileType = sourcecode.c.objc; path = SocketIOTransportWebsocket.m; sourceTree = "<group>"; };
		6068F34818E1E629005B87F4 /* SocketIOTransportXHR.h */ = {isa = PBXFileReference; fileEncoding = 4; lastKnownFileType = sourcecode.c.h; path = SocketIOTransportXHR.h; sourceTree = "<group>"; };
		6068F34918E1E629005B87F4 /* SocketIOTransportXHR.m */ = {isa = PBXFileReference; fileEncoding = 4; lastKnownFileType = sourcecode.c.objc; path = SocketIOTransportXHR.m; sourceTree = "<group>"; };
		6068F34B18E1E629005B87F4 /* base64.c */ = {isa = PBXFileReference; fileEncoding = 4; lastKnownFileType = sourcecode.c.c; path = base64.c; sourceTree = "<group>"; };
		6068F34C18E1E629005B87F4 /* base64.h */ = {isa = PBXFileReference; fileEncoding = 4; lastKnownFileType = sourcecode.c.h; path = base64.h; sourceTree = "<group>"; };
		6068F34D18E1E629005B87F4 /* NSData+SRB64Additions.h */ = {isa = PBXFileReference; fileEncoding = 4; lastKnownFileType = sourcecode.c.h; path = "NSData+SRB64Additions.h"; sourceTree = "<group>"; };
		6068F34E18E1E629005B87F4 /* NSData+SRB64Additions.m */ = {isa = PBXFileReference; fileEncoding = 4; lastKnownFileType = sourcecode.c.objc; path = "NSData+SRB64Additions.m"; sourceTree = "<group>"; };
		6068F34F18E1E629005B87F4 /* SocketRocket-Prefix.pch */ = {isa = PBXFileReference; fileEncoding = 4; lastKnownFileType = sourcecode.c.h; path = "SocketRocket-Prefix.pch"; sourceTree = "<group>"; };
		6068F35018E1E629005B87F4 /* SRWebSocket.h */ = {isa = PBXFileReference; fileEncoding = 4; lastKnownFileType = sourcecode.c.h; path = SRWebSocket.h; sourceTree = "<group>"; };
		6068F35118E1E629005B87F4 /* SRWebSocket.m */ = {isa = PBXFileReference; fileEncoding = 4; lastKnownFileType = sourcecode.c.objc; path = SRWebSocket.m; sourceTree = "<group>"; };
		60FC18A418E1EB6500BF4C95 /* PMMessage.h */ = {isa = PBXFileReference; fileEncoding = 4; lastKnownFileType = sourcecode.c.h; path = PMMessage.h; sourceTree = "<group>"; };
		60FC18A518E1EB6500BF4C95 /* PMMessage.m */ = {isa = PBXFileReference; fileEncoding = 4; lastKnownFileType = sourcecode.c.objc; path = PMMessage.m; sourceTree = "<group>"; };
/* End PBXFileReference section */

/* Begin PBXFrameworksBuildPhase section */
		6068F2C818E1E40B005B87F4 /* Frameworks */ = {
			isa = PBXFrameworksBuildPhase;
			buildActionMask = 2147483647;
			files = (
				6068F2CF18E1E40B005B87F4 /* Foundation.framework in Frameworks */,
			);
			runOnlyForDeploymentPostprocessing = 0;
		};
		6068F2D818E1E40B005B87F4 /* Frameworks */ = {
			isa = PBXFrameworksBuildPhase;
			buildActionMask = 2147483647;
			files = (
				6068F2DD18E1E40B005B87F4 /* XCTest.framework in Frameworks */,
				6068F2E018E1E40B005B87F4 /* UIKit.framework in Frameworks */,
				6068F2DE18E1E40B005B87F4 /* Foundation.framework in Frameworks */,
				6068F2E318E1E40B005B87F4 /* libPomocCore.a in Frameworks */,
			);
			runOnlyForDeploymentPostprocessing = 0;
		};
/* End PBXFrameworksBuildPhase section */

/* Begin PBXGroup section */
		60592AD018EE871D006D5DEC /* PMConversation */ = {
			isa = PBXGroup;
			children = (
				60592AD918EE8973006D5DEC /* PMConversation_Private.h */,
				60592ACC18EE8715006D5DEC /* PMConversation.h */,
				60592ACD18EE8715006D5DEC /* PMConversation.m */,
				60592AD518EE8962006D5DEC /* PMConversation+PMCore.h */,
				60592AD618EE8962006D5DEC /* PMConversation+PMCore.m */,
			);
			name = PMConversation;
			sourceTree = "<group>";
		};
		605B0C1518E2D60100EA6717 /* PMMessage */ = {
			isa = PBXGroup;
			children = (
				60FC18A418E1EB6500BF4C95 /* PMMessage.h */,
				60FC18A518E1EB6500BF4C95 /* PMMessage.m */,
				605B0C1218E2CCE300EA6717 /* PMInternalMessage.h */,
				605B0C1318E2CCE300EA6717 /* PMInternalMessage.m */,
				605B0C1618E2DCFD00EA6717 /* PMChatMessage.h */,
				605B0C1718E2DCFD00EA6717 /* PMChatMessage.m */,
				605B0CBE18E34C0E00EA6717 /* PMMessageConstants.h */,
			);
			name = PMMessage;
			sourceTree = "<group>";
		};
		6068F2C218E1E40B005B87F4 = {
			isa = PBXGroup;
			children = (
				6068F2D018E1E40B005B87F4 /* PomocCore */,
				6068F2E418E1E40B005B87F4 /* PomocCoreTests */,
				6068F2CD18E1E40B005B87F4 /* Frameworks */,
				6068F33D18E1E613005B87F4 /* Libraries */,
				6068F2CC18E1E40B005B87F4 /* Products */,
			);
			sourceTree = "<group>";
		};
		6068F2CC18E1E40B005B87F4 /* Products */ = {
			isa = PBXGroup;
			children = (
				6068F2CB18E1E40B005B87F4 /* libPomocCore.a */,
				6068F2DB18E1E40B005B87F4 /* PomocCoreTests.xctest */,
			);
			name = Products;
			sourceTree = "<group>";
		};
		6068F2CD18E1E40B005B87F4 /* Frameworks */ = {
			isa = PBXGroup;
			children = (
				6068F2CE18E1E40B005B87F4 /* Foundation.framework */,
				6068F2DC18E1E40B005B87F4 /* XCTest.framework */,
				6068F2DF18E1E40B005B87F4 /* UIKit.framework */,
			);
			name = Frameworks;
			sourceTree = "<group>";
		};
		6068F2D018E1E40B005B87F4 /* PomocCore */ = {
			isa = PBXGroup;
			children = (
				60592AD018EE871D006D5DEC /* PMConversation */,
				605B0C1518E2D60100EA6717 /* PMMessage */,
				605B0BF018E278E800EA6717 /* PomocCore.h */,
				6068F2D318E1E40B005B87F4 /* PMCore.h */,
				6068F2D518E1E40B005B87F4 /* PMCore.m */,
				60592ADA18EE8A46006D5DEC /* PMCore_Private.h */,
				6068F2D118E1E40B005B87F4 /* Supporting Files */,
			);
			path = PomocCore;
			sourceTree = "<group>";
		};
		6068F2D118E1E40B005B87F4 /* Supporting Files */ = {
			isa = PBXGroup;
			children = (
				6068F2D218E1E40B005B87F4 /* PomocCore-Prefix.pch */,
			);
			name = "Supporting Files";
			sourceTree = "<group>";
		};
		6068F2E418E1E40B005B87F4 /* PomocCoreTests */ = {
			isa = PBXGroup;
			children = (
				6068F2EA18E1E40B005B87F4 /* PomocCoreTests.m */,
				6068F2E518E1E40B005B87F4 /* Supporting Files */,
			);
			path = PomocCoreTests;
			sourceTree = "<group>";
		};
		6068F2E518E1E40B005B87F4 /* Supporting Files */ = {
			isa = PBXGroup;
			children = (
				6068F2E618E1E40B005B87F4 /* PomocCoreTests-Info.plist */,
				6068F2E718E1E40B005B87F4 /* InfoPlist.strings */,
			);
			name = "Supporting Files";
			sourceTree = "<group>";
		};
		6068F33D18E1E613005B87F4 /* Libraries */ = {
			isa = PBXGroup;
			children = (
				6068F33E18E1E629005B87F4 /* socket-io */,
				6068F34A18E1E629005B87F4 /* socket-rocket */,
			);
			name = Libraries;
			sourceTree = "<group>";
		};
		6068F33E18E1E629005B87F4 /* socket-io */ = {
			isa = PBXGroup;
			children = (
				6068F33F18E1E629005B87F4 /* SocketIO.h */,
				6068F34018E1E629005B87F4 /* SocketIO.m */,
				6068F34118E1E629005B87F4 /* SocketIOJSONSerialization.h */,
				6068F34218E1E629005B87F4 /* SocketIOJSONSerialization.m */,
				6068F34318E1E629005B87F4 /* SocketIOPacket.h */,
				6068F34418E1E629005B87F4 /* SocketIOPacket.m */,
				6068F34518E1E629005B87F4 /* SocketIOTransport.h */,
				6068F34618E1E629005B87F4 /* SocketIOTransportWebsocket.h */,
				6068F34718E1E629005B87F4 /* SocketIOTransportWebsocket.m */,
				6068F34818E1E629005B87F4 /* SocketIOTransportXHR.h */,
				6068F34918E1E629005B87F4 /* SocketIOTransportXHR.m */,
			);
			name = "socket-io";
			path = "Libraries/socket-io";
			sourceTree = "<group>";
		};
		6068F34A18E1E629005B87F4 /* socket-rocket */ = {
			isa = PBXGroup;
			children = (
				6068F34B18E1E629005B87F4 /* base64.c */,
				6068F34C18E1E629005B87F4 /* base64.h */,
				6068F34D18E1E629005B87F4 /* NSData+SRB64Additions.h */,
				6068F34E18E1E629005B87F4 /* NSData+SRB64Additions.m */,
				6068F34F18E1E629005B87F4 /* SocketRocket-Prefix.pch */,
				6068F35018E1E629005B87F4 /* SRWebSocket.h */,
				6068F35118E1E629005B87F4 /* SRWebSocket.m */,
			);
			name = "socket-rocket";
			path = "Libraries/socket-rocket";
			sourceTree = "<group>";
		};
/* End PBXGroup section */

/* Begin PBXHeadersBuildPhase section */
		605B0CAC18E32FD000EA6717 /* Headers */ = {
			isa = PBXHeadersBuildPhase;
			buildActionMask = 2147483647;
			files = (
				605B0CAE18E32FEE00EA6717 /* PMInternalMessage.h in Headers */,
				605B0CAF18E32FEE00EA6717 /* PMChatMessage.h in Headers */,
				605B0CB018E32FEE00EA6717 /* PomocCore.h in Headers */,
				60592ACE18EE8715006D5DEC /* PMConversation.h in Headers */,
				60592AD718EE8962006D5DEC /* PMConversation+PMCore.h in Headers */,
				605B0CB218E32FEE00EA6717 /* PMCore.h in Headers */,
				605B0CC018E34E5900EA6717 /* PMMessageConstants.h in Headers */,
				605B0CAD18E32FE800EA6717 /* PMMessage.h in Headers */,
			);
			runOnlyForDeploymentPostprocessing = 0;
		};
/* End PBXHeadersBuildPhase section */

/* Begin PBXNativeTarget section */
		6068F2CA18E1E40B005B87F4 /* PomocCore */ = {
			isa = PBXNativeTarget;
			buildConfigurationList = 6068F2EE18E1E40B005B87F4 /* Build configuration list for PBXNativeTarget "PomocCore" */;
			buildPhases = (
				6068F2C718E1E40B005B87F4 /* Sources */,
				6068F2C818E1E40B005B87F4 /* Frameworks */,
				605B0CAC18E32FD000EA6717 /* Headers */,
				605B0CB318E3303D00EA6717 /* ShellScript */,
			);
			buildRules = (
			);
			dependencies = (
			);
			name = PomocCore;
			productName = PomocCore;
			productReference = 6068F2CB18E1E40B005B87F4 /* libPomocCore.a */;
			productType = "com.apple.product-type.library.static";
		};
		6068F2DA18E1E40B005B87F4 /* PomocCoreTests */ = {
			isa = PBXNativeTarget;
			buildConfigurationList = 6068F2F118E1E40B005B87F4 /* Build configuration list for PBXNativeTarget "PomocCoreTests" */;
			buildPhases = (
				6068F2D718E1E40B005B87F4 /* Sources */,
				6068F2D818E1E40B005B87F4 /* Frameworks */,
				6068F2D918E1E40B005B87F4 /* Resources */,
			);
			buildRules = (
			);
			dependencies = (
				6068F2E218E1E40B005B87F4 /* PBXTargetDependency */,
			);
			name = PomocCoreTests;
			productName = PomocCoreTests;
			productReference = 6068F2DB18E1E40B005B87F4 /* PomocCoreTests.xctest */;
			productType = "com.apple.product-type.bundle.unit-test";
		};
/* End PBXNativeTarget section */

/* Begin PBXProject section */
		6068F2C318E1E40B005B87F4 /* Project object */ = {
			isa = PBXProject;
			attributes = {
				LastUpgradeCheck = 0510;
				ORGANIZATIONNAME = nus.cs3217;
			};
			buildConfigurationList = 6068F2C618E1E40B005B87F4 /* Build configuration list for PBXProject "PomocCore" */;
			compatibilityVersion = "Xcode 3.2";
			developmentRegion = English;
			hasScannedForEncodings = 0;
			knownRegions = (
				en,
			);
			mainGroup = 6068F2C218E1E40B005B87F4;
			productRefGroup = 6068F2CC18E1E40B005B87F4 /* Products */;
			projectDirPath = "";
			projectRoot = "";
			targets = (
				6068F2CA18E1E40B005B87F4 /* PomocCore */,
				6068F2DA18E1E40B005B87F4 /* PomocCoreTests */,
				6068F2F418E1E4C7005B87F4 /* BuildPomocCore */,
			);
		};
/* End PBXProject section */

/* Begin PBXResourcesBuildPhase section */
		6068F2D918E1E40B005B87F4 /* Resources */ = {
			isa = PBXResourcesBuildPhase;
			buildActionMask = 2147483647;
			files = (
				6068F2E918E1E40B005B87F4 /* InfoPlist.strings in Resources */,
			);
			runOnlyForDeploymentPostprocessing = 0;
		};
/* End PBXResourcesBuildPhase section */

/* Begin PBXShellScriptBuildPhase section */
		605B0CB318E3303D00EA6717 /* ShellScript */ = {
			isa = PBXShellScriptBuildPhase;
			buildActionMask = 2147483647;
			files = (
			);
			inputPaths = (
			);
			outputPaths = (
			);
			runOnlyForDeploymentPostprocessing = 0;
			shellPath = /bin/sh;
			shellScript = "set -e\n\nrm -rf \"${BUILD_DIR}/${PRODUCT_NAME}\"\nmkdir -p \"${BUILD_DIR}/${PRODUCT_NAME}/Headers\"\n\n# The -a ensures that the headers maintain the source modification date so that we don't constantly\n# cause propagating rebuilds of files that import these headers.\n/bin/cp -a \"${TARGET_BUILD_DIR}/${PUBLIC_HEADERS_FOLDER_PATH}/\" \"${BUILD_DIR}/${PRODUCT_NAME}/Headers\"";
		};
		6068F2F818E1E4DE005B87F4 /* ShellScript */ = {
			isa = PBXShellScriptBuildPhase;
			buildActionMask = 2147483647;
			files = (
			);
			inputPaths = (
			);
			outputPaths = (
			);
			runOnlyForDeploymentPostprocessing = 0;
			shellPath = /bin/sh;
			shellScript = "set -e\nset +u\n# Avoid recursively calling this script.\nif [[ $SF_MASTER_SCRIPT_RUNNING ]]\nthen\nexit 0\nfi\nset -u\nexport SF_MASTER_SCRIPT_RUNNING=1\n\nSF_TARGET_NAME=${PROJECT_NAME}\nSF_EXECUTABLE_PATH=\"lib${SF_TARGET_NAME}.a\"\nSF_WRAPPER_NAME=\"${SF_TARGET_NAME}.framework\"\n\n# The following conditionals come from\n# https://github.com/kstenerud/iOS-Universal-Framework\n\nif [[ \"$SDK_NAME\" =~ ([A-Za-z]+) ]]\nthen\nSF_SDK_PLATFORM=${BASH_REMATCH[1]}\nelse\necho \"Could not find platform name from SDK_NAME: $SDK_NAME\"\nexit 1\nfi\n\nif [[ \"$SDK_NAME\" =~ ([0-9]+.*$) ]]\nthen\nSF_SDK_VERSION=${BASH_REMATCH[1]}\nelse\necho \"Could not find sdk version from SDK_NAME: $SDK_NAME\"\nexit 1\nfi\n\nif [[ \"$SF_SDK_PLATFORM\" = \"iphoneos\" ]]\nthen\nSF_OTHER_PLATFORM=iphonesimulator\nelse\nSF_OTHER_PLATFORM=iphoneos\nfi\n\nif [[ \"$BUILT_PRODUCTS_DIR\" =~ (.*)$SF_SDK_PLATFORM$ ]]\nthen\nSF_OTHER_BUILT_PRODUCTS_DIR=\"${BASH_REMATCH[1]}${SF_OTHER_PLATFORM}\"\nelse\necho \"Could not find platform name from build products directory: $BUILT_PRODUCTS_DIR\"\nexit 1\nfi\n\n\n# Build the other platform.\nxcrun xcodebuild -project \"${PROJECT_FILE_PATH}\" -target \"${TARGET_NAME}\" -configuration \"${CONFIGURATION}\" -sdk ${SF_OTHER_PLATFORM}${SF_SDK_VERSION} BUILD_DIR=\"${BUILD_DIR}\" OBJROOT=\"${OBJROOT}\" BUILD_ROOT=\"${BUILD_ROOT}\" SYMROOT=\"${SYMROOT}\" $ACTION\n\n# Make an output folder for this target\nOUTPUT_FOLDER=${BUILD_DIR}/${PROJECT_NAME}\n\n# Smash the two static libraries into one fat binary and store it in the .framework\nxcrun lipo -create \"${BUILT_PRODUCTS_DIR}/${SF_EXECUTABLE_PATH}\" \"${SF_OTHER_BUILT_PRODUCTS_DIR}/${SF_EXECUTABLE_PATH}\" -output \"${OUTPUT_FOLDER}/${SF_EXECUTABLE_PATH}\"\n\nrm -rf \"${SRCROOT}/Distribution/\"\nmkdir -p \"${SRCROOT}/Distribution/${PROJECT_NAME}\"\ncp -R \"${OUTPUT_FOLDER}/\" \"${SRCROOT}/Distribution/${PROJECT_NAME}/\"";
		};
/* End PBXShellScriptBuildPhase section */

/* Begin PBXSourcesBuildPhase section */
		6068F2C718E1E40B005B87F4 /* Sources */ = {
			isa = PBXSourcesBuildPhase;
			buildActionMask = 2147483647;
			files = (
				605B0C1818E2DCFD00EA6717 /* PMChatMessage.m in Sources */,
				6068F35818E1E629005B87F4 /* NSData+SRB64Additions.m in Sources */,
				6068F35418E1E629005B87F4 /* SocketIOPacket.m in Sources */,
				6068F35218E1E629005B87F4 /* SocketIO.m in Sources */,
				6068F35718E1E629005B87F4 /* base64.c in Sources */,
				6068F2D618E1E40B005B87F4 /* PMCore.m in Sources */,
				605B0C1418E2CCE300EA6717 /* PMInternalMessage.m in Sources */,
				60592ACF18EE8715006D5DEC /* PMConversation.m in Sources */,
				6068F35518E1E629005B87F4 /* SocketIOTransportWebsocket.m in Sources */,
				6068F35918E1E629005B87F4 /* SRWebSocket.m in Sources */,
				6068F35318E1E629005B87F4 /* SocketIOJSONSerialization.m in Sources */,
				60FC18A618E1EB6500BF4C95 /* PMMessage.m in Sources */,
				6068F35618E1E629005B87F4 /* SocketIOTransportXHR.m in Sources */,
				60592AD818EE8962006D5DEC /* PMConversation+PMCore.m in Sources */,
			);
			runOnlyForDeploymentPostprocessing = 0;
		};
		6068F2D718E1E40B005B87F4 /* Sources */ = {
			isa = PBXSourcesBuildPhase;
			buildActionMask = 2147483647;
			files = (
				6068F2EB18E1E40B005B87F4 /* PomocCoreTests.m in Sources */,
			);
			runOnlyForDeploymentPostprocessing = 0;
		};
/* End PBXSourcesBuildPhase section */

/* Begin PBXTargetDependency section */
		605B0CAB18E3276D00EA6717 /* PBXTargetDependency */ = {
			isa = PBXTargetDependency;
			target = 6068F2CA18E1E40B005B87F4 /* PomocCore */;
			targetProxy = 605B0CAA18E3276D00EA6717 /* PBXContainerItemProxy */;
		};
		6068F2E218E1E40B005B87F4 /* PBXTargetDependency */ = {
			isa = PBXTargetDependency;
			target = 6068F2CA18E1E40B005B87F4 /* PomocCore */;
			targetProxy = 6068F2E118E1E40B005B87F4 /* PBXContainerItemProxy */;
		};
/* End PBXTargetDependency section */

/* Begin PBXVariantGroup section */
		6068F2E718E1E40B005B87F4 /* InfoPlist.strings */ = {
			isa = PBXVariantGroup;
			children = (
				6068F2E818E1E40B005B87F4 /* en */,
			);
			name = InfoPlist.strings;
			sourceTree = "<group>";
		};
/* End PBXVariantGroup section */

/* Begin XCBuildConfiguration section */
		6068F2EC18E1E40B005B87F4 /* Debug */ = {
			isa = XCBuildConfiguration;
			buildSettings = {
				ALWAYS_SEARCH_USER_PATHS = NO;
				CLANG_CXX_LANGUAGE_STANDARD = "gnu++0x";
				CLANG_CXX_LIBRARY = "libc++";
				CLANG_ENABLE_MODULES = YES;
				CLANG_ENABLE_OBJC_ARC = YES;
				CLANG_WARN_BOOL_CONVERSION = YES;
				CLANG_WARN_CONSTANT_CONVERSION = YES;
				CLANG_WARN_DIRECT_OBJC_ISA_USAGE = YES_ERROR;
				CLANG_WARN_EMPTY_BODY = YES;
				CLANG_WARN_ENUM_CONVERSION = YES;
				CLANG_WARN_INT_CONVERSION = YES;
				CLANG_WARN_OBJC_ROOT_CLASS = YES_ERROR;
				CLANG_WARN__DUPLICATE_METHOD_MATCH = YES;
				COPY_PHASE_STRIP = NO;
				GCC_C_LANGUAGE_STANDARD = gnu99;
				GCC_DYNAMIC_NO_PIC = NO;
				GCC_OPTIMIZATION_LEVEL = 0;
				GCC_PREPROCESSOR_DEFINITIONS = (
					"DEBUG=1",
					"$(inherited)",
				);
				GCC_SYMBOLS_PRIVATE_EXTERN = NO;
				GCC_WARN_64_TO_32_BIT_CONVERSION = YES;
				GCC_WARN_ABOUT_RETURN_TYPE = YES_ERROR;
				GCC_WARN_UNDECLARED_SELECTOR = YES;
				GCC_WARN_UNINITIALIZED_AUTOS = YES_AGGRESSIVE;
				GCC_WARN_UNUSED_FUNCTION = YES;
				GCC_WARN_UNUSED_VARIABLE = YES;
				IPHONEOS_DEPLOYMENT_TARGET = 7.1;
				ONLY_ACTIVE_ARCH = NO;
				SDKROOT = iphoneos;
			};
			name = Debug;
		};
		6068F2ED18E1E40B005B87F4 /* Release */ = {
			isa = XCBuildConfiguration;
			buildSettings = {
				ALWAYS_SEARCH_USER_PATHS = NO;
				CLANG_CXX_LANGUAGE_STANDARD = "gnu++0x";
				CLANG_CXX_LIBRARY = "libc++";
				CLANG_ENABLE_MODULES = YES;
				CLANG_ENABLE_OBJC_ARC = YES;
				CLANG_WARN_BOOL_CONVERSION = YES;
				CLANG_WARN_CONSTANT_CONVERSION = YES;
				CLANG_WARN_DIRECT_OBJC_ISA_USAGE = YES_ERROR;
				CLANG_WARN_EMPTY_BODY = YES;
				CLANG_WARN_ENUM_CONVERSION = YES;
				CLANG_WARN_INT_CONVERSION = YES;
				CLANG_WARN_OBJC_ROOT_CLASS = YES_ERROR;
				CLANG_WARN__DUPLICATE_METHOD_MATCH = YES;
				COPY_PHASE_STRIP = YES;
				ENABLE_NS_ASSERTIONS = NO;
				GCC_C_LANGUAGE_STANDARD = gnu99;
				GCC_WARN_64_TO_32_BIT_CONVERSION = YES;
				GCC_WARN_ABOUT_RETURN_TYPE = YES_ERROR;
				GCC_WARN_UNDECLARED_SELECTOR = YES;
				GCC_WARN_UNINITIALIZED_AUTOS = YES_AGGRESSIVE;
				GCC_WARN_UNUSED_FUNCTION = YES;
				GCC_WARN_UNUSED_VARIABLE = YES;
				IPHONEOS_DEPLOYMENT_TARGET = 7.1;
				SDKROOT = iphoneos;
				VALIDATE_PRODUCT = YES;
			};
			name = Release;
		};
		6068F2EF18E1E40B005B87F4 /* Debug */ = {
			isa = XCBuildConfiguration;
			buildSettings = {
				COPY_PHASE_STRIP = NO;
				DEAD_CODE_STRIPPING = NO;
				DSTROOT = /tmp/PomocCore.dst;
				GCC_PRECOMPILE_PREFIX_HEADER = YES;
				GCC_PREFIX_HEADER = "PomocCore/PomocCore-Prefix.pch";
				OTHER_LDFLAGS = "-ObjC";
				PRODUCT_NAME = "$(TARGET_NAME)";
				PUBLIC_HEADERS_FOLDER_PATH = "$(PROJECT_NAME)Headers";
				SKIP_INSTALL = YES;
				STRIP_STYLE = "non-global";
			};
			name = Debug;
		};
		6068F2F018E1E40B005B87F4 /* Release */ = {
			isa = XCBuildConfiguration;
			buildSettings = {
				COPY_PHASE_STRIP = NO;
				DEAD_CODE_STRIPPING = NO;
				DSTROOT = /tmp/PomocCore.dst;
				GCC_PRECOMPILE_PREFIX_HEADER = YES;
				GCC_PREFIX_HEADER = "PomocCore/PomocCore-Prefix.pch";
				OTHER_LDFLAGS = "-ObjC";
				PRODUCT_NAME = "$(TARGET_NAME)";
				PUBLIC_HEADERS_FOLDER_PATH = "$(PROJECT_NAME)Headers";
				SKIP_INSTALL = YES;
				STRIP_STYLE = "non-global";
			};
			name = Release;
		};
		6068F2F218E1E40B005B87F4 /* Debug */ = {
			isa = XCBuildConfiguration;
			buildSettings = {
				FRAMEWORK_SEARCH_PATHS = (
					"$(SDKROOT)/Developer/Library/Frameworks",
					"$(inherited)",
					"$(DEVELOPER_FRAMEWORKS_DIR)",
				);
				GCC_PRECOMPILE_PREFIX_HEADER = YES;
				GCC_PREFIX_HEADER = "PomocCore/PomocCore-Prefix.pch";
				GCC_PREPROCESSOR_DEFINITIONS = (
					"DEBUG=1",
					"$(inherited)",
				);
				INFOPLIST_FILE = "PomocCoreTests/PomocCoreTests-Info.plist";
				PRODUCT_NAME = "$(TARGET_NAME)";
				WRAPPER_EXTENSION = xctest;
			};
			name = Debug;
		};
		6068F2F318E1E40B005B87F4 /* Release */ = {
			isa = XCBuildConfiguration;
			buildSettings = {
				FRAMEWORK_SEARCH_PATHS = (
					"$(SDKROOT)/Developer/Library/Frameworks",
					"$(inherited)",
					"$(DEVELOPER_FRAMEWORKS_DIR)",
				);
				GCC_PRECOMPILE_PREFIX_HEADER = YES;
				GCC_PREFIX_HEADER = "PomocCore/PomocCore-Prefix.pch";
				INFOPLIST_FILE = "PomocCoreTests/PomocCoreTests-Info.plist";
				PRODUCT_NAME = "$(TARGET_NAME)";
				WRAPPER_EXTENSION = xctest;
			};
			name = Release;
		};
		6068F2F518E1E4C8005B87F4 /* Debug */ = {
			isa = XCBuildConfiguration;
			buildSettings = {
				DEAD_CODE_STRIPPING = NO;
				PRODUCT_NAME = "$(TARGET_NAME)";
			};
			name = Debug;
		};
		6068F2F618E1E4C8005B87F4 /* Release */ = {
			isa = XCBuildConfiguration;
			buildSettings = {
				DEAD_CODE_STRIPPING = NO;
				PRODUCT_NAME = "$(TARGET_NAME)";
			};
			name = Release;
		};
/* End XCBuildConfiguration section */

/* Begin XCConfigurationList section */
		6068F2C618E1E40B005B87F4 /* Build configuration list for PBXProject "PomocCore" */ = {
			isa = XCConfigurationList;
			buildConfigurations = (
				6068F2EC18E1E40B005B87F4 /* Debug */,
				6068F2ED18E1E40B005B87F4 /* Release */,
			);
			defaultConfigurationIsVisible = 0;
			defaultConfigurationName = Release;
		};
		6068F2EE18E1E40B005B87F4 /* Build configuration list for PBXNativeTarget "PomocCore" */ = {
			isa = XCConfigurationList;
			buildConfigurations = (
				6068F2EF18E1E40B005B87F4 /* Debug */,
				6068F2F018E1E40B005B87F4 /* Release */,
			);
			defaultConfigurationIsVisible = 0;
			defaultConfigurationName = Release;
		};
		6068F2F118E1E40B005B87F4 /* Build configuration list for PBXNativeTarget "PomocCoreTests" */ = {
			isa = XCConfigurationList;
			buildConfigurations = (
				6068F2F218E1E40B005B87F4 /* Debug */,
				6068F2F318E1E40B005B87F4 /* Release */,
			);
			defaultConfigurationIsVisible = 0;
			defaultConfigurationName = Release;
		};
		6068F2F718E1E4C8005B87F4 /* Build configuration list for PBXAggregateTarget "BuildPomocCore" */ = {
			isa = XCConfigurationList;
			buildConfigurations = (
				6068F2F518E1E4C8005B87F4 /* Debug */,
				6068F2F618E1E4C8005B87F4 /* Release */,
			);
			defaultConfigurationIsVisible = 0;
			defaultConfigurationName = Release;
		};
/* End XCConfigurationList section */
	};
	rootObject = 6068F2C318E1E40B005B87F4 /* Project object */;
}
