// !$*UTF8*$!
{
	archiveVersion = 1;
	classes = {
	};
	objectVersion = 46;
	objects = {

/* Begin PBXBuildFile section */
		6D5332D7190386A900A228D3 /* logo-word.png in Resources */ = {isa = PBXBuildFile; fileRef = 6D5332D6190386A900A228D3 /* logo-word.png */; };
		6D5332D9190386EA00A228D3 /* logo-v2.png in Resources */ = {isa = PBXBuildFile; fileRef = 6D5332D8190386EA00A228D3 /* logo-v2.png */; };
		6D5332DF1903BD1D00A228D3 /* group-white-512.png in Resources */ = {isa = PBXBuildFile; fileRef = 6D5332DA1903BD1D00A228D3 /* group-white-512.png */; };
		6D5332E01903BD1D00A228D3 /* home-white-512.png in Resources */ = {isa = PBXBuildFile; fileRef = 6D5332DB1903BD1D00A228D3 /* home-white-512.png */; };
		6D5332E11903BD1D00A228D3 /* logout-white-512.png in Resources */ = {isa = PBXBuildFile; fileRef = 6D5332DC1903BD1D00A228D3 /* logout-white-512.png */; };
		6D5332E21903BD1D00A228D3 /* settings_filled-white-512.png in Resources */ = {isa = PBXBuildFile; fileRef = 6D5332DD1903BD1D00A228D3 /* settings_filled-white-512.png */; };
		6D5332E31903BD1D00A228D3 /* speech_bubble-white-512.png in Resources */ = {isa = PBXBuildFile; fileRef = 6D5332DE1903BD1D00A228D3 /* speech_bubble-white-512.png */; };
		6D5332E51903BD7600A228D3 /* settings-white-512.png in Resources */ = {isa = PBXBuildFile; fileRef = 6D5332E41903BD7600A228D3 /* settings-white-512.png */; };
		6DCE531D18D8AA9D00A50F61 /* JASidePanelController.m in Sources */ = {isa = PBXBuildFile; fileRef = 6DCE531A18D8AA9D00A50F61 /* JASidePanelController.m */; };
		6DCE531E18D8AA9D00A50F61 /* UIViewController+JASidePanel.m in Sources */ = {isa = PBXBuildFile; fileRef = 6DCE531C18D8AA9D00A50F61 /* UIViewController+JASidePanel.m */; };
		9FD1FDAA1903C9E900F4870C /* Axis.m in Sources */ = {isa = PBXBuildFile; fileRef = 9FD1FDA91903C9E900F4870C /* Axis.m */; };
		AA13F2F71906AC5400A739E8 /* close-512.png in Resources */ = {isa = PBXBuildFile; fileRef = AA13F2F61906AC5400A739E8 /* close-512.png */; };
		AA13F2F91906B27F00A739E8 /* SystemConfiguration.framework in Frameworks */ = {isa = PBXBuildFile; fileRef = AA13F2F81906B27F00A739E8 /* SystemConfiguration.framework */; };
		AA13F2FC1906D23D00A739E8 /* NotesTableViewCell.m in Sources */ = {isa = PBXBuildFile; fileRef = AA13F2FB1906D23D00A739E8 /* NotesTableViewCell.m */; };
		AA1E1935190528EC00F36932 /* StatusMessageTableViewCell.m in Sources */ = {isa = PBXBuildFile; fileRef = AA1E1934190528EC00F36932 /* StatusMessageTableViewCell.m */; };
		AA1E19491905685E00F36932 /* libPomocCore.a in Frameworks */ = {isa = PBXBuildFile; fileRef = AA1E19481905685E00F36932 /* libPomocCore.a */; };
		AA1E194D190640FB00F36932 /* Reachability.m in Sources */ = {isa = PBXBuildFile; fileRef = AA1E194C190640FB00F36932 /* Reachability.m */; };
		AA4649D018E7E7CD00A607E0 /* UILabel+boldAndGray.m in Sources */ = {isa = PBXBuildFile; fileRef = AA4649CF18E7E7CD00A607E0 /* UILabel+boldAndGray.m */; };
		AA4649D218E80EEE00A607E0 /* testImage.png in Resources */ = {isa = PBXBuildFile; fileRef = AA4649D118E80EEE00A607E0 /* testImage.png */; };
		AA4649F418E814D100A607E0 /* MKAnnotationView+WebCache.m in Sources */ = {isa = PBXBuildFile; fileRef = AA4649D818E814D100A607E0 /* MKAnnotationView+WebCache.m */; };
		AA4649F518E814D100A607E0 /* NSData+ImageContentType.m in Sources */ = {isa = PBXBuildFile; fileRef = AA4649DA18E814D100A607E0 /* NSData+ImageContentType.m */; };
		AA4649F618E814D100A607E0 /* SDImageCache.m in Sources */ = {isa = PBXBuildFile; fileRef = AA4649DC18E814D100A607E0 /* SDImageCache.m */; };
		AA4649F718E814D100A607E0 /* SDWebImageCompat.m in Sources */ = {isa = PBXBuildFile; fileRef = AA4649DE18E814D100A607E0 /* SDWebImageCompat.m */; };
		AA4649F818E814D100A607E0 /* SDWebImageDecoder.m in Sources */ = {isa = PBXBuildFile; fileRef = AA4649E018E814D100A607E0 /* SDWebImageDecoder.m */; };
		AA4649F918E814D100A607E0 /* SDWebImageDownloader.m in Sources */ = {isa = PBXBuildFile; fileRef = AA4649E218E814D100A607E0 /* SDWebImageDownloader.m */; };
		AA4649FA18E814D100A607E0 /* SDWebImageDownloaderOperation.m in Sources */ = {isa = PBXBuildFile; fileRef = AA4649E418E814D100A607E0 /* SDWebImageDownloaderOperation.m */; };
		AA4649FB18E814D100A607E0 /* SDWebImageManager.m in Sources */ = {isa = PBXBuildFile; fileRef = AA4649E618E814D100A607E0 /* SDWebImageManager.m */; };
		AA4649FC18E814D100A607E0 /* SDWebImagePrefetcher.m in Sources */ = {isa = PBXBuildFile; fileRef = AA4649E918E814D100A607E0 /* SDWebImagePrefetcher.m */; };
		AA4649FD18E814D100A607E0 /* UIButton+WebCache.m in Sources */ = {isa = PBXBuildFile; fileRef = AA4649EB18E814D100A607E0 /* UIButton+WebCache.m */; };
		AA4649FE18E814D100A607E0 /* UIImage+GIF.m in Sources */ = {isa = PBXBuildFile; fileRef = AA4649ED18E814D100A607E0 /* UIImage+GIF.m */; };
		AA4649FF18E814D100A607E0 /* UIImage+MultiFormat.m in Sources */ = {isa = PBXBuildFile; fileRef = AA4649EF18E814D100A607E0 /* UIImage+MultiFormat.m */; };
		AA464A0018E814D100A607E0 /* UIImage+WebP.m in Sources */ = {isa = PBXBuildFile; fileRef = AA4649F118E814D100A607E0 /* UIImage+WebP.m */; };
		AA464A0118E814D100A607E0 /* UIImageView+WebCache.m in Sources */ = {isa = PBXBuildFile; fileRef = AA4649F318E814D100A607E0 /* UIImageView+WebCache.m */; };
		AA464A0418E8257400A607E0 /* UploadViewController.m in Sources */ = {isa = PBXBuildFile; fileRef = AA464A0318E8257400A607E0 /* UploadViewController.m */; };
		AA5204AE18D7EF2C00D78156 /* Foundation.framework in Frameworks */ = {isa = PBXBuildFile; fileRef = AA5204AD18D7EF2C00D78156 /* Foundation.framework */; };
		AA5204B018D7EF2C00D78156 /* CoreGraphics.framework in Frameworks */ = {isa = PBXBuildFile; fileRef = AA5204AF18D7EF2C00D78156 /* CoreGraphics.framework */; };
		AA5204B218D7EF2C00D78156 /* UIKit.framework in Frameworks */ = {isa = PBXBuildFile; fileRef = AA5204B118D7EF2C00D78156 /* UIKit.framework */; };
		AA5204B818D7EF2C00D78156 /* InfoPlist.strings in Resources */ = {isa = PBXBuildFile; fileRef = AA5204B618D7EF2C00D78156 /* InfoPlist.strings */; };
		AA5204BA18D7EF2C00D78156 /* main.m in Sources */ = {isa = PBXBuildFile; fileRef = AA5204B918D7EF2C00D78156 /* main.m */; };
		AA5204BE18D7EF2C00D78156 /* AppDelegate.m in Sources */ = {isa = PBXBuildFile; fileRef = AA5204BD18D7EF2C00D78156 /* AppDelegate.m */; };
		AA5204C118D7EF2C00D78156 /* Main.storyboard in Resources */ = {isa = PBXBuildFile; fileRef = AA5204BF18D7EF2C00D78156 /* Main.storyboard */; };
		AA5204C618D7EF2C00D78156 /* Images.xcassets in Resources */ = {isa = PBXBuildFile; fileRef = AA5204C518D7EF2C00D78156 /* Images.xcassets */; };
		AA5204CD18D7EF2C00D78156 /* XCTest.framework in Frameworks */ = {isa = PBXBuildFile; fileRef = AA5204CC18D7EF2C00D78156 /* XCTest.framework */; };
		AA5204CE18D7EF2C00D78156 /* Foundation.framework in Frameworks */ = {isa = PBXBuildFile; fileRef = AA5204AD18D7EF2C00D78156 /* Foundation.framework */; };
		AA5204CF18D7EF2C00D78156 /* UIKit.framework in Frameworks */ = {isa = PBXBuildFile; fileRef = AA5204B118D7EF2C00D78156 /* UIKit.framework */; };
		AA5204D718D7EF2C00D78156 /* InfoPlist.strings in Resources */ = {isa = PBXBuildFile; fileRef = AA5204D518D7EF2C00D78156 /* InfoPlist.strings */; };
		AA5204D918D7EF2C00D78156 /* Pomoc_Dashboard_ClientTests.m in Sources */ = {isa = PBXBuildFile; fileRef = AA5204D818D7EF2C00D78156 /* Pomoc_Dashboard_ClientTests.m */; };
		AA5204F218D80B3F00D78156 /* MainViewController.m in Sources */ = {isa = PBXBuildFile; fileRef = AA5204F118D80B3F00D78156 /* MainViewController.m */; };
		AA5204F518D80BFA00D78156 /* SideNavigationController.m in Sources */ = {isa = PBXBuildFile; fileRef = AA5204F418D80BFA00D78156 /* SideNavigationController.m */; };
		AA5204FB18D80F2200D78156 /* ChatViewController.m in Sources */ = {isa = PBXBuildFile; fileRef = AA5204FA18D80F2200D78156 /* ChatViewController.m */; };
		AA5204FE18D8109A00D78156 /* HomeViewController.m in Sources */ = {isa = PBXBuildFile; fileRef = AA5204FD18D8109A00D78156 /* HomeViewController.m */; };
		AA6958F51900DDAB00E28EBE /* logo-v2-1.png in Resources */ = {isa = PBXBuildFile; fileRef = AA6958F41900DDAB00E28EBE /* logo-v2-1.png */; };
		AA6958FD1900E4C800E28EBE /* 29x29.png in Resources */ = {isa = PBXBuildFile; fileRef = AA6958F71900E4C800E28EBE /* 29x29.png */; };
		AA6958FE1900E4C800E28EBE /* 40x40.png in Resources */ = {isa = PBXBuildFile; fileRef = AA6958F81900E4C800E28EBE /* 40x40.png */; };
		AA6958FF1900E4C800E28EBE /* 58x58.png in Resources */ = {isa = PBXBuildFile; fileRef = AA6958F91900E4C800E28EBE /* 58x58.png */; };
		AA6959001900E4C800E28EBE /* 76x76.png in Resources */ = {isa = PBXBuildFile; fileRef = AA6958FA1900E4C800E28EBE /* 76x76.png */; };
		AA6959011900E4C800E28EBE /* 80x80.png in Resources */ = {isa = PBXBuildFile; fileRef = AA6958FB1900E4C800E28EBE /* 80x80.png */; };
		AA6959021900E4C800E28EBE /* 152x152.png in Resources */ = {isa = PBXBuildFile; fileRef = AA6958FC1900E4C800E28EBE /* 152x152.png */; };
		AA7F6E2B18DE909300400CDB /* DashBoardSingleton.m in Sources */ = {isa = PBXBuildFile; fileRef = AA7F6E2A18DE909300400CDB /* DashBoardSingleton.m */; };
		AA9BDCF818F91E1100EF6EEC /* JBBarChartView.m in Sources */ = {isa = PBXBuildFile; fileRef = AA9BDCF218F91E1100EF6EEC /* JBBarChartView.m */; };
		AA9BDCF918F91E1100EF6EEC /* JBChartView.m in Sources */ = {isa = PBXBuildFile; fileRef = AA9BDCF418F91E1100EF6EEC /* JBChartView.m */; };
		AA9BDCFA18F91E1100EF6EEC /* JBChartView.podspec in Resources */ = {isa = PBXBuildFile; fileRef = AA9BDCF518F91E1100EF6EEC /* JBChartView.podspec */; };
		AA9BDCFB18F91E1100EF6EEC /* JBLineChartView.m in Sources */ = {isa = PBXBuildFile; fileRef = AA9BDCF718F91E1100EF6EEC /* JBLineChartView.m */; };
		AA9BDCFE18F9380100EF6EEC /* JBChartInformationView.m in Sources */ = {isa = PBXBuildFile; fileRef = AA9BDCFD18F9380000EF6EEC /* JBChartInformationView.m */; };
		AA9BDD0118F93A9900EF6EEC /* JBChartTooltipView.m in Sources */ = {isa = PBXBuildFile; fileRef = AA9BDD0018F93A9900EF6EEC /* JBChartTooltipView.m */; };
		AA9BDD1718F9A4C800EF6EEC /* JBLineChartFooterView.m in Sources */ = {isa = PBXBuildFile; fileRef = AA9BDD1618F9A4C800EF6EEC /* JBLineChartFooterView.m */; };
		AA9DC87C18DF274A00B4FDF7 /* ContactInfoViewController.m in Sources */ = {isa = PBXBuildFile; fileRef = AA9DC87B18DF274A00B4FDF7 /* ContactInfoViewController.m */; };
		AA9DC88318DF2F2C00B4FDF7 /* LoginViewController.m in Sources */ = {isa = PBXBuildFile; fileRef = AA9DC88218DF2F2C00B4FDF7 /* LoginViewController.m */; };
		AA9DC89218E175AF00B4FDF7 /* sampleImage.png in Resources */ = {isa = PBXBuildFile; fileRef = AA9DC89118E175AF00B4FDF7 /* sampleImage.png */; };
		AA9DC89418E17ED700B4FDF7 /* administrator-512.png in Resources */ = {isa = PBXBuildFile; fileRef = AA9DC89318E17ED700B4FDF7 /* administrator-512.png */; };
		AA9DC89718E17F7C00B4FDF7 /* speech_bubble_filled-512.png in Resources */ = {isa = PBXBuildFile; fileRef = AA9DC89518E17F7C00B4FDF7 /* speech_bubble_filled-512.png */; };
		AA9DC89818E17F7C00B4FDF7 /* speech_bubble-512.png in Resources */ = {isa = PBXBuildFile; fileRef = AA9DC89618E17F7C00B4FDF7 /* speech_bubble-512.png */; };
		AA9DC89B18E17F9F00B4FDF7 /* settings_filled-512.png in Resources */ = {isa = PBXBuildFile; fileRef = AA9DC89918E17F9F00B4FDF7 /* settings_filled-512.png */; };
		AA9DC89C18E17F9F00B4FDF7 /* settings-512.png in Resources */ = {isa = PBXBuildFile; fileRef = AA9DC89A18E17F9F00B4FDF7 /* settings-512.png */; };
		AA9DC89E18E17FE500B4FDF7 /* logout-512.png in Resources */ = {isa = PBXBuildFile; fileRef = AA9DC89D18E17FE500B4FDF7 /* logout-512.png */; };
		AA9DC8A018E181B100B4FDF7 /* home-512.png in Resources */ = {isa = PBXBuildFile; fileRef = AA9DC89F18E181B100B4FDF7 /* home-512.png */; };
		AA9DC8AE18E1A1B400B4FDF7 /* Utility.m in Sources */ = {isa = PBXBuildFile; fileRef = AA9DC8AD18E1A1B400B4FDF7 /* Utility.m */; };
		AA9DC8B018E1A43E00B4FDF7 /* attach-512.png in Resources */ = {isa = PBXBuildFile; fileRef = AA9DC8AF18E1A43E00B4FDF7 /* attach-512.png */; };
		AA9DC8B218E1A49E00B4FDF7 /* send_file-512.png in Resources */ = {isa = PBXBuildFile; fileRef = AA9DC8B118E1A49E00B4FDF7 /* send_file-512.png */; };
		AA9DC8BD18E29D8400B4FDF7 /* libicucore.dylib in Frameworks */ = {isa = PBXBuildFile; fileRef = AA9DC8BC18E29D8400B4FDF7 /* libicucore.dylib */; };
		AA9DC8BF18E29D8B00B4FDF7 /* Security.framework in Frameworks */ = {isa = PBXBuildFile; fileRef = AA9DC8BE18E29D8B00B4FDF7 /* Security.framework */; };
		AA9DC92D18E44FCE00B4FDF7 /* ChatMessagePictureCell.m in Sources */ = {isa = PBXBuildFile; fileRef = AA9DC92A18E44FCE00B4FDF7 /* ChatMessagePictureCell.m */; };
		AA9DC92E18E44FCE00B4FDF7 /* ChatMessageTextCell.m in Sources */ = {isa = PBXBuildFile; fileRef = AA9DC92C18E44FCE00B4FDF7 /* ChatMessageTextCell.m */; };
		AA9DC95D18E48F4100B4FDF7 /* worker-512.png in Resources */ = {isa = PBXBuildFile; fileRef = AA9DC95C18E48F4100B4FDF7 /* worker-512.png */; };
		AA9DC95F18E48F5C00B4FDF7 /* group-512.png in Resources */ = {isa = PBXBuildFile; fileRef = AA9DC95E18E48F5C00B4FDF7 /* group-512.png */; };
		AAC2A1EF18E55498008ACDBD /* AnnotateViewController.m in Sources */ = {isa = PBXBuildFile; fileRef = AAC2A1EA18E55498008ACDBD /* AnnotateViewController.m */; };
		AAC2A1F018E55498008ACDBD /* AnnotationPalette.m in Sources */ = {isa = PBXBuildFile; fileRef = AAC2A1EC18E55498008ACDBD /* AnnotationPalette.m */; };
		AAC2A1F118E55498008ACDBD /* AnnotationView.m in Sources */ = {isa = PBXBuildFile; fileRef = AAC2A1EE18E55498008ACDBD /* AnnotationView.m */; };
		AACA11D318FB7BC0005DB53B /* background.png in Resources */ = {isa = PBXBuildFile; fileRef = AACA11D218FB7BC0005DB53B /* background.png */; };
		AACA11D518FB7BF9005DB53B /* logo-v1.png in Resources */ = {isa = PBXBuildFile; fileRef = AACA11D418FB7BF9005DB53B /* logo-v1.png */; };
		AACA11DB18FB8DAF005DB53B /* ReferTableViewController.m in Sources */ = {isa = PBXBuildFile; fileRef = AACA11DA18FB8DAF005DB53B /* ReferTableViewController.m */; };
		AACA120A18FD9ABA005DB53B /* background2.jpg in Resources */ = {isa = PBXBuildFile; fileRef = AACA120918FD9ABA005DB53B /* background2.jpg */; };
		AACA120C18FD9D01005DB53B /* background2.png in Resources */ = {isa = PBXBuildFile; fileRef = AACA120B18FD9D01005DB53B /* background2.png */; };
		AAD17CE91902381D003D9241 /* GroupChatViewController.m in Sources */ = {isa = PBXBuildFile; fileRef = AAD17CE81902381D003D9241 /* GroupChatViewController.m */; };
		AAD17CEC19027DB0003D9241 /* SettingsViewController.m in Sources */ = {isa = PBXBuildFile; fileRef = AAD17CEB19027DB0003D9241 /* SettingsViewController.m */; };
		AAD17CEF1902A245003D9241 /* SoundEngine.m in Sources */ = {isa = PBXBuildFile; fileRef = AAD17CEE1902A245003D9241 /* SoundEngine.m */; };
		AAD17CF31902A427003D9241 /* chat.mp3 in Resources */ = {isa = PBXBuildFile; fileRef = AAD17CF11902A427003D9241 /* chat.mp3 */; };
		AAD17CF41902A427003D9241 /* message.mp3 in Resources */ = {isa = PBXBuildFile; fileRef = AAD17CF21902A427003D9241 /* message.mp3 */; };
		C3150BCB190234900018521F /* LineChartView.m in Sources */ = {isa = PBXBuildFile; fileRef = C3150BCA190234900018521F /* LineChartView.m */; };
		C37AB3D419036EE0004D354E /* Chartlet.m in Sources */ = {isa = PBXBuildFile; fileRef = C37AB3D319036EE0004D354E /* Chartlet.m */; };
		C37D90F019028A1F001F8EB4 /* JBChartTooltipTipView.m in Sources */ = {isa = PBXBuildFile; fileRef = C37D90EF19028A1F001F8EB4 /* JBChartTooltipTipView.m */; };
		C3D2E02419024B69003BE763 /* ChartViewController.m in Sources */ = {isa = PBXBuildFile; fileRef = C3D2E02319024B69003BE763 /* ChartViewController.m */; };
/* End PBXBuildFile section */

/* Begin PBXContainerItemProxy section */
		AA5204D018D7EF2C00D78156 /* PBXContainerItemProxy */ = {
			isa = PBXContainerItemProxy;
			containerPortal = AA5204A218D7EF2C00D78156 /* Project object */;
			proxyType = 1;
			remoteGlobalIDString = AA5204A918D7EF2C00D78156;
			remoteInfo = "Pomoc Dashboard Client";
		};
/* End PBXContainerItemProxy section */

/* Begin PBXFileReference section */
		6D5332D6190386A900A228D3 /* logo-word.png */ = {isa = PBXFileReference; lastKnownFileType = image.png; path = "logo-word.png"; sourceTree = "<group>"; };
		6D5332D8190386EA00A228D3 /* logo-v2.png */ = {isa = PBXFileReference; lastKnownFileType = image.png; path = "logo-v2.png"; sourceTree = "<group>"; };
		6D5332DA1903BD1D00A228D3 /* group-white-512.png */ = {isa = PBXFileReference; lastKnownFileType = image.png; path = "group-white-512.png"; sourceTree = "<group>"; };
		6D5332DB1903BD1D00A228D3 /* home-white-512.png */ = {isa = PBXFileReference; lastKnownFileType = image.png; path = "home-white-512.png"; sourceTree = "<group>"; };
		6D5332DC1903BD1D00A228D3 /* logout-white-512.png */ = {isa = PBXFileReference; lastKnownFileType = image.png; path = "logout-white-512.png"; sourceTree = "<group>"; };
		6D5332DD1903BD1D00A228D3 /* settings_filled-white-512.png */ = {isa = PBXFileReference; lastKnownFileType = image.png; path = "settings_filled-white-512.png"; sourceTree = "<group>"; };
		6D5332DE1903BD1D00A228D3 /* speech_bubble-white-512.png */ = {isa = PBXFileReference; lastKnownFileType = image.png; path = "speech_bubble-white-512.png"; sourceTree = "<group>"; };
		6D5332E41903BD7600A228D3 /* settings-white-512.png */ = {isa = PBXFileReference; lastKnownFileType = image.png; path = "settings-white-512.png"; sourceTree = "<group>"; };
		6DCE531918D8AA9D00A50F61 /* JASidePanelController.h */ = {isa = PBXFileReference; fileEncoding = 4; lastKnownFileType = sourcecode.c.h; path = JASidePanelController.h; sourceTree = "<group>"; };
		6DCE531A18D8AA9D00A50F61 /* JASidePanelController.m */ = {isa = PBXFileReference; fileEncoding = 4; lastKnownFileType = sourcecode.c.objc; path = JASidePanelController.m; sourceTree = "<group>"; };
		6DCE531B18D8AA9D00A50F61 /* UIViewController+JASidePanel.h */ = {isa = PBXFileReference; fileEncoding = 4; lastKnownFileType = sourcecode.c.h; path = "UIViewController+JASidePanel.h"; sourceTree = "<group>"; };
		6DCE531C18D8AA9D00A50F61 /* UIViewController+JASidePanel.m */ = {isa = PBXFileReference; fileEncoding = 4; lastKnownFileType = sourcecode.c.objc; path = "UIViewController+JASidePanel.m"; sourceTree = "<group>"; };
		9FD1FDA81903C9E900F4870C /* Axis.h */ = {isa = PBXFileReference; fileEncoding = 4; lastKnownFileType = sourcecode.c.h; path = Axis.h; sourceTree = "<group>"; };
		9FD1FDA91903C9E900F4870C /* Axis.m */ = {isa = PBXFileReference; fileEncoding = 4; lastKnownFileType = sourcecode.c.objc; path = Axis.m; sourceTree = "<group>"; };
		AA13F2F61906AC5400A739E8 /* close-512.png */ = {isa = PBXFileReference; lastKnownFileType = image.png; path = "close-512.png"; sourceTree = "<group>"; };
		AA13F2F81906B27F00A739E8 /* SystemConfiguration.framework */ = {isa = PBXFileReference; lastKnownFileType = wrapper.framework; name = SystemConfiguration.framework; path = System/Library/Frameworks/SystemConfiguration.framework; sourceTree = SDKROOT; };
		AA13F2FA1906D23D00A739E8 /* NotesTableViewCell.h */ = {isa = PBXFileReference; fileEncoding = 4; lastKnownFileType = sourcecode.c.h; path = NotesTableViewCell.h; sourceTree = "<group>"; };
		AA13F2FB1906D23D00A739E8 /* NotesTableViewCell.m */ = {isa = PBXFileReference; fileEncoding = 4; lastKnownFileType = sourcecode.c.objc; path = NotesTableViewCell.m; sourceTree = "<group>"; };
		AA1E1933190528EC00F36932 /* StatusMessageTableViewCell.h */ = {isa = PBXFileReference; fileEncoding = 4; lastKnownFileType = sourcecode.c.h; path = StatusMessageTableViewCell.h; sourceTree = "<group>"; };
		AA1E1934190528EC00F36932 /* StatusMessageTableViewCell.m */ = {isa = PBXFileReference; fileEncoding = 4; lastKnownFileType = sourcecode.c.objc; path = StatusMessageTableViewCell.m; sourceTree = "<group>"; };
		AA1E193A1905685E00F36932 /* PMChatMessage.h */ = {isa = PBXFileReference; fileEncoding = 4; lastKnownFileType = sourcecode.c.h; path = PMChatMessage.h; sourceTree = "<group>"; };
		AA1E193B1905685E00F36932 /* PMConversation.h */ = {isa = PBXFileReference; fileEncoding = 4; lastKnownFileType = sourcecode.c.h; path = PMConversation.h; sourceTree = "<group>"; };
		AA1E193C1905685E00F36932 /* PMCore.h */ = {isa = PBXFileReference; fileEncoding = 4; lastKnownFileType = sourcecode.c.h; path = PMCore.h; sourceTree = "<group>"; };
		AA1E193D1905685E00F36932 /* PMCoreDelegate.h */ = {isa = PBXFileReference; fileEncoding = 4; lastKnownFileType = sourcecode.c.h; path = PMCoreDelegate.h; sourceTree = "<group>"; };
		AA1E193E1905685E00F36932 /* PMImageMessage.h */ = {isa = PBXFileReference; fileEncoding = 4; lastKnownFileType = sourcecode.c.h; path = PMImageMessage.h; sourceTree = "<group>"; };
		AA1E193F1905685E00F36932 /* PMInternalMessage.h */ = {isa = PBXFileReference; fileEncoding = 4; lastKnownFileType = sourcecode.c.h; path = PMInternalMessage.h; sourceTree = "<group>"; };
		AA1E19401905685E00F36932 /* PMMessage.h */ = {isa = PBXFileReference; fileEncoding = 4; lastKnownFileType = sourcecode.c.h; path = PMMessage.h; sourceTree = "<group>"; };
		AA1E19411905685E00F36932 /* PMMessageConstants.h */ = {isa = PBXFileReference; fileEncoding = 4; lastKnownFileType = sourcecode.c.h; path = PMMessageConstants.h; sourceTree = "<group>"; };
		AA1E19421905685E00F36932 /* PMNote.h */ = {isa = PBXFileReference; fileEncoding = 4; lastKnownFileType = sourcecode.c.h; path = PMNote.h; sourceTree = "<group>"; };
		AA1E19431905685E00F36932 /* PMStatusMessage.h */ = {isa = PBXFileReference; fileEncoding = 4; lastKnownFileType = sourcecode.c.h; path = PMStatusMessage.h; sourceTree = "<group>"; };
		AA1E19441905685E00F36932 /* PMSupport.h */ = {isa = PBXFileReference; fileEncoding = 4; lastKnownFileType = sourcecode.c.h; path = PMSupport.h; sourceTree = "<group>"; };
		AA1E19451905685E00F36932 /* PMUser.h */ = {isa = PBXFileReference; fileEncoding = 4; lastKnownFileType = sourcecode.c.h; path = PMUser.h; sourceTree = "<group>"; };
		AA1E19461905685E00F36932 /* PomocCore.h */ = {isa = PBXFileReference; fileEncoding = 4; lastKnownFileType = sourcecode.c.h; path = PomocCore.h; sourceTree = "<group>"; };
		AA1E19471905685E00F36932 /* PomocSupport.h */ = {isa = PBXFileReference; fileEncoding = 4; lastKnownFileType = sourcecode.c.h; path = PomocSupport.h; sourceTree = "<group>"; };
		AA1E19481905685E00F36932 /* libPomocCore.a */ = {isa = PBXFileReference; lastKnownFileType = archive.ar; name = libPomocCore.a; path = ../../Framework/Pomoc/PomocCore/Distribution/PomocCore/libPomocCore.a; sourceTree = "<group>"; };
		AA1E194B190640FB00F36932 /* Reachability.h */ = {isa = PBXFileReference; fileEncoding = 4; lastKnownFileType = sourcecode.c.h; path = Reachability.h; sourceTree = "<group>"; };
		AA1E194C190640FB00F36932 /* Reachability.m */ = {isa = PBXFileReference; fileEncoding = 4; lastKnownFileType = sourcecode.c.objc; path = Reachability.m; sourceTree = "<group>"; };
		AA4649CE18E7E7CD00A607E0 /* UILabel+boldAndGray.h */ = {isa = PBXFileReference; fileEncoding = 4; lastKnownFileType = sourcecode.c.h; path = "UILabel+boldAndGray.h"; sourceTree = "<group>"; };
		AA4649CF18E7E7CD00A607E0 /* UILabel+boldAndGray.m */ = {isa = PBXFileReference; fileEncoding = 4; lastKnownFileType = sourcecode.c.objc; path = "UILabel+boldAndGray.m"; sourceTree = "<group>"; };
		AA4649D118E80EEE00A607E0 /* testImage.png */ = {isa = PBXFileReference; lastKnownFileType = image.png; path = testImage.png; sourceTree = "<group>"; };
		AA4649D718E814D100A607E0 /* MKAnnotationView+WebCache.h */ = {isa = PBXFileReference; fileEncoding = 4; lastKnownFileType = sourcecode.c.h; path = "MKAnnotationView+WebCache.h"; sourceTree = "<group>"; };
		AA4649D818E814D100A607E0 /* MKAnnotationView+WebCache.m */ = {isa = PBXFileReference; fileEncoding = 4; lastKnownFileType = sourcecode.c.objc; path = "MKAnnotationView+WebCache.m"; sourceTree = "<group>"; };
		AA4649D918E814D100A607E0 /* NSData+ImageContentType.h */ = {isa = PBXFileReference; fileEncoding = 4; lastKnownFileType = sourcecode.c.h; path = "NSData+ImageContentType.h"; sourceTree = "<group>"; };
		AA4649DA18E814D100A607E0 /* NSData+ImageContentType.m */ = {isa = PBXFileReference; fileEncoding = 4; lastKnownFileType = sourcecode.c.objc; path = "NSData+ImageContentType.m"; sourceTree = "<group>"; };
		AA4649DB18E814D100A607E0 /* SDImageCache.h */ = {isa = PBXFileReference; fileEncoding = 4; lastKnownFileType = sourcecode.c.h; path = SDImageCache.h; sourceTree = "<group>"; };
		AA4649DC18E814D100A607E0 /* SDImageCache.m */ = {isa = PBXFileReference; fileEncoding = 4; lastKnownFileType = sourcecode.c.objc; path = SDImageCache.m; sourceTree = "<group>"; };
		AA4649DD18E814D100A607E0 /* SDWebImageCompat.h */ = {isa = PBXFileReference; fileEncoding = 4; lastKnownFileType = sourcecode.c.h; path = SDWebImageCompat.h; sourceTree = "<group>"; };
		AA4649DE18E814D100A607E0 /* SDWebImageCompat.m */ = {isa = PBXFileReference; fileEncoding = 4; lastKnownFileType = sourcecode.c.objc; path = SDWebImageCompat.m; sourceTree = "<group>"; };
		AA4649DF18E814D100A607E0 /* SDWebImageDecoder.h */ = {isa = PBXFileReference; fileEncoding = 4; lastKnownFileType = sourcecode.c.h; path = SDWebImageDecoder.h; sourceTree = "<group>"; };
		AA4649E018E814D100A607E0 /* SDWebImageDecoder.m */ = {isa = PBXFileReference; fileEncoding = 4; lastKnownFileType = sourcecode.c.objc; path = SDWebImageDecoder.m; sourceTree = "<group>"; };
		AA4649E118E814D100A607E0 /* SDWebImageDownloader.h */ = {isa = PBXFileReference; fileEncoding = 4; lastKnownFileType = sourcecode.c.h; path = SDWebImageDownloader.h; sourceTree = "<group>"; };
		AA4649E218E814D100A607E0 /* SDWebImageDownloader.m */ = {isa = PBXFileReference; fileEncoding = 4; lastKnownFileType = sourcecode.c.objc; path = SDWebImageDownloader.m; sourceTree = "<group>"; };
		AA4649E318E814D100A607E0 /* SDWebImageDownloaderOperation.h */ = {isa = PBXFileReference; fileEncoding = 4; lastKnownFileType = sourcecode.c.h; path = SDWebImageDownloaderOperation.h; sourceTree = "<group>"; };
		AA4649E418E814D100A607E0 /* SDWebImageDownloaderOperation.m */ = {isa = PBXFileReference; fileEncoding = 4; lastKnownFileType = sourcecode.c.objc; path = SDWebImageDownloaderOperation.m; sourceTree = "<group>"; };
		AA4649E518E814D100A607E0 /* SDWebImageManager.h */ = {isa = PBXFileReference; fileEncoding = 4; lastKnownFileType = sourcecode.c.h; path = SDWebImageManager.h; sourceTree = "<group>"; };
		AA4649E618E814D100A607E0 /* SDWebImageManager.m */ = {isa = PBXFileReference; fileEncoding = 4; lastKnownFileType = sourcecode.c.objc; path = SDWebImageManager.m; sourceTree = "<group>"; };
		AA4649E718E814D100A607E0 /* SDWebImageOperation.h */ = {isa = PBXFileReference; fileEncoding = 4; lastKnownFileType = sourcecode.c.h; path = SDWebImageOperation.h; sourceTree = "<group>"; };
		AA4649E818E814D100A607E0 /* SDWebImagePrefetcher.h */ = {isa = PBXFileReference; fileEncoding = 4; lastKnownFileType = sourcecode.c.h; path = SDWebImagePrefetcher.h; sourceTree = "<group>"; };
		AA4649E918E814D100A607E0 /* SDWebImagePrefetcher.m */ = {isa = PBXFileReference; fileEncoding = 4; lastKnownFileType = sourcecode.c.objc; path = SDWebImagePrefetcher.m; sourceTree = "<group>"; };
		AA4649EA18E814D100A607E0 /* UIButton+WebCache.h */ = {isa = PBXFileReference; fileEncoding = 4; lastKnownFileType = sourcecode.c.h; path = "UIButton+WebCache.h"; sourceTree = "<group>"; };
		AA4649EB18E814D100A607E0 /* UIButton+WebCache.m */ = {isa = PBXFileReference; fileEncoding = 4; lastKnownFileType = sourcecode.c.objc; path = "UIButton+WebCache.m"; sourceTree = "<group>"; };
		AA4649EC18E814D100A607E0 /* UIImage+GIF.h */ = {isa = PBXFileReference; fileEncoding = 4; lastKnownFileType = sourcecode.c.h; path = "UIImage+GIF.h"; sourceTree = "<group>"; };
		AA4649ED18E814D100A607E0 /* UIImage+GIF.m */ = {isa = PBXFileReference; fileEncoding = 4; lastKnownFileType = sourcecode.c.objc; path = "UIImage+GIF.m"; sourceTree = "<group>"; };
		AA4649EE18E814D100A607E0 /* UIImage+MultiFormat.h */ = {isa = PBXFileReference; fileEncoding = 4; lastKnownFileType = sourcecode.c.h; path = "UIImage+MultiFormat.h"; sourceTree = "<group>"; };
		AA4649EF18E814D100A607E0 /* UIImage+MultiFormat.m */ = {isa = PBXFileReference; fileEncoding = 4; lastKnownFileType = sourcecode.c.objc; path = "UIImage+MultiFormat.m"; sourceTree = "<group>"; };
		AA4649F018E814D100A607E0 /* UIImage+WebP.h */ = {isa = PBXFileReference; fileEncoding = 4; lastKnownFileType = sourcecode.c.h; path = "UIImage+WebP.h"; sourceTree = "<group>"; };
		AA4649F118E814D100A607E0 /* UIImage+WebP.m */ = {isa = PBXFileReference; fileEncoding = 4; lastKnownFileType = sourcecode.c.objc; path = "UIImage+WebP.m"; sourceTree = "<group>"; };
		AA4649F218E814D100A607E0 /* UIImageView+WebCache.h */ = {isa = PBXFileReference; fileEncoding = 4; lastKnownFileType = sourcecode.c.h; path = "UIImageView+WebCache.h"; sourceTree = "<group>"; };
		AA4649F318E814D100A607E0 /* UIImageView+WebCache.m */ = {isa = PBXFileReference; fileEncoding = 4; lastKnownFileType = sourcecode.c.objc; path = "UIImageView+WebCache.m"; sourceTree = "<group>"; };
		AA464A0218E8257400A607E0 /* UploadViewController.h */ = {isa = PBXFileReference; fileEncoding = 4; lastKnownFileType = sourcecode.c.h; name = UploadViewController.h; path = ../UploadViewController.h; sourceTree = "<group>"; };
		AA464A0318E8257400A607E0 /* UploadViewController.m */ = {isa = PBXFileReference; fileEncoding = 4; lastKnownFileType = sourcecode.c.objc; name = UploadViewController.m; path = ../UploadViewController.m; sourceTree = "<group>"; };
		AA5204AA18D7EF2C00D78156 /* Pomoc Dashboard Client.app */ = {isa = PBXFileReference; explicitFileType = wrapper.application; includeInIndex = 0; path = "Pomoc Dashboard Client.app"; sourceTree = BUILT_PRODUCTS_DIR; };
		AA5204AD18D7EF2C00D78156 /* Foundation.framework */ = {isa = PBXFileReference; lastKnownFileType = wrapper.framework; name = Foundation.framework; path = System/Library/Frameworks/Foundation.framework; sourceTree = SDKROOT; };
		AA5204AF18D7EF2C00D78156 /* CoreGraphics.framework */ = {isa = PBXFileReference; lastKnownFileType = wrapper.framework; name = CoreGraphics.framework; path = System/Library/Frameworks/CoreGraphics.framework; sourceTree = SDKROOT; };
		AA5204B118D7EF2C00D78156 /* UIKit.framework */ = {isa = PBXFileReference; lastKnownFileType = wrapper.framework; name = UIKit.framework; path = System/Library/Frameworks/UIKit.framework; sourceTree = SDKROOT; };
		AA5204B518D7EF2C00D78156 /* Pomoc Dashboard Client-Info.plist */ = {isa = PBXFileReference; lastKnownFileType = text.plist.xml; path = "Pomoc Dashboard Client-Info.plist"; sourceTree = "<group>"; };
		AA5204B718D7EF2C00D78156 /* en */ = {isa = PBXFileReference; lastKnownFileType = text.plist.strings; name = en; path = en.lproj/InfoPlist.strings; sourceTree = "<group>"; };
		AA5204B918D7EF2C00D78156 /* main.m */ = {isa = PBXFileReference; lastKnownFileType = sourcecode.c.objc; path = main.m; sourceTree = "<group>"; };
		AA5204BB18D7EF2C00D78156 /* Pomoc Dashboard Client-Prefix.pch */ = {isa = PBXFileReference; lastKnownFileType = sourcecode.c.h; path = "Pomoc Dashboard Client-Prefix.pch"; sourceTree = "<group>"; };
		AA5204BC18D7EF2C00D78156 /* AppDelegate.h */ = {isa = PBXFileReference; lastKnownFileType = sourcecode.c.h; path = AppDelegate.h; sourceTree = "<group>"; };
		AA5204BD18D7EF2C00D78156 /* AppDelegate.m */ = {isa = PBXFileReference; lastKnownFileType = sourcecode.c.objc; path = AppDelegate.m; sourceTree = "<group>"; };
		AA5204C018D7EF2C00D78156 /* Base */ = {isa = PBXFileReference; lastKnownFileType = file.storyboard; name = Base; path = Base.lproj/Main.storyboard; sourceTree = "<group>"; };
		AA5204C518D7EF2C00D78156 /* Images.xcassets */ = {isa = PBXFileReference; lastKnownFileType = folder.assetcatalog; path = Images.xcassets; sourceTree = "<group>"; };
		AA5204CB18D7EF2C00D78156 /* Pomoc Dashboard ClientTests.xctest */ = {isa = PBXFileReference; explicitFileType = wrapper.cfbundle; includeInIndex = 0; path = "Pomoc Dashboard ClientTests.xctest"; sourceTree = BUILT_PRODUCTS_DIR; };
		AA5204CC18D7EF2C00D78156 /* XCTest.framework */ = {isa = PBXFileReference; lastKnownFileType = wrapper.framework; name = XCTest.framework; path = Library/Frameworks/XCTest.framework; sourceTree = DEVELOPER_DIR; };
		AA5204D418D7EF2C00D78156 /* Pomoc Dashboard ClientTests-Info.plist */ = {isa = PBXFileReference; lastKnownFileType = text.plist.xml; path = "Pomoc Dashboard ClientTests-Info.plist"; sourceTree = "<group>"; };
		AA5204D618D7EF2C00D78156 /* en */ = {isa = PBXFileReference; lastKnownFileType = text.plist.strings; name = en; path = en.lproj/InfoPlist.strings; sourceTree = "<group>"; };
		AA5204D818D7EF2C00D78156 /* Pomoc_Dashboard_ClientTests.m */ = {isa = PBXFileReference; lastKnownFileType = sourcecode.c.objc; path = Pomoc_Dashboard_ClientTests.m; sourceTree = "<group>"; };
		AA5204F018D80B3F00D78156 /* MainViewController.h */ = {isa = PBXFileReference; fileEncoding = 4; lastKnownFileType = sourcecode.c.h; path = MainViewController.h; sourceTree = "<group>"; };
		AA5204F118D80B3F00D78156 /* MainViewController.m */ = {isa = PBXFileReference; fileEncoding = 4; lastKnownFileType = sourcecode.c.objc; path = MainViewController.m; sourceTree = "<group>"; };
		AA5204F318D80BFA00D78156 /* SideNavigationController.h */ = {isa = PBXFileReference; fileEncoding = 4; lastKnownFileType = sourcecode.c.h; path = SideNavigationController.h; sourceTree = "<group>"; };
		AA5204F418D80BFA00D78156 /* SideNavigationController.m */ = {isa = PBXFileReference; fileEncoding = 4; lastKnownFileType = sourcecode.c.objc; path = SideNavigationController.m; sourceTree = "<group>"; };
		AA5204F918D80F2200D78156 /* ChatViewController.h */ = {isa = PBXFileReference; fileEncoding = 4; lastKnownFileType = sourcecode.c.h; path = ChatViewController.h; sourceTree = "<group>"; };
		AA5204FA18D80F2200D78156 /* ChatViewController.m */ = {isa = PBXFileReference; fileEncoding = 4; lastKnownFileType = sourcecode.c.objc; path = ChatViewController.m; sourceTree = "<group>"; };
		AA5204FC18D8109A00D78156 /* HomeViewController.h */ = {isa = PBXFileReference; fileEncoding = 4; lastKnownFileType = sourcecode.c.h; path = HomeViewController.h; sourceTree = "<group>"; };
		AA5204FD18D8109A00D78156 /* HomeViewController.m */ = {isa = PBXFileReference; fileEncoding = 4; lastKnownFileType = sourcecode.c.objc; path = HomeViewController.m; sourceTree = "<group>"; };
		AA6958F41900DDAB00E28EBE /* logo-v2-1.png */ = {isa = PBXFileReference; lastKnownFileType = image.png; path = "logo-v2-1.png"; sourceTree = "<group>"; };
		AA6958F71900E4C800E28EBE /* 29x29.png */ = {isa = PBXFileReference; lastKnownFileType = image.png; path = 29x29.png; sourceTree = "<group>"; };
		AA6958F81900E4C800E28EBE /* 40x40.png */ = {isa = PBXFileReference; lastKnownFileType = image.png; path = 40x40.png; sourceTree = "<group>"; };
		AA6958F91900E4C800E28EBE /* 58x58.png */ = {isa = PBXFileReference; lastKnownFileType = image.png; path = 58x58.png; sourceTree = "<group>"; };
		AA6958FA1900E4C800E28EBE /* 76x76.png */ = {isa = PBXFileReference; lastKnownFileType = image.png; path = 76x76.png; sourceTree = "<group>"; };
		AA6958FB1900E4C800E28EBE /* 80x80.png */ = {isa = PBXFileReference; lastKnownFileType = image.png; path = 80x80.png; sourceTree = "<group>"; };
		AA6958FC1900E4C800E28EBE /* 152x152.png */ = {isa = PBXFileReference; lastKnownFileType = image.png; path = 152x152.png; sourceTree = "<group>"; };
		AA7F6E2918DE909300400CDB /* DashBoardSingleton.h */ = {isa = PBXFileReference; fileEncoding = 4; lastKnownFileType = sourcecode.c.h; path = DashBoardSingleton.h; sourceTree = "<group>"; };
		AA7F6E2A18DE909300400CDB /* DashBoardSingleton.m */ = {isa = PBXFileReference; fileEncoding = 4; lastKnownFileType = sourcecode.c.objc; path = DashBoardSingleton.m; sourceTree = "<group>"; };
		AA9BDCF118F91E1100EF6EEC /* JBBarChartView.h */ = {isa = PBXFileReference; fileEncoding = 4; lastKnownFileType = sourcecode.c.h; path = JBBarChartView.h; sourceTree = "<group>"; };
		AA9BDCF218F91E1100EF6EEC /* JBBarChartView.m */ = {isa = PBXFileReference; fileEncoding = 4; lastKnownFileType = sourcecode.c.objc; path = JBBarChartView.m; sourceTree = "<group>"; };
		AA9BDCF318F91E1100EF6EEC /* JBChartView.h */ = {isa = PBXFileReference; fileEncoding = 4; lastKnownFileType = sourcecode.c.h; path = JBChartView.h; sourceTree = "<group>"; };
		AA9BDCF418F91E1100EF6EEC /* JBChartView.m */ = {isa = PBXFileReference; fileEncoding = 4; lastKnownFileType = sourcecode.c.objc; path = JBChartView.m; sourceTree = "<group>"; };
		AA9BDCF518F91E1100EF6EEC /* JBChartView.podspec */ = {isa = PBXFileReference; fileEncoding = 4; lastKnownFileType = text; path = JBChartView.podspec; sourceTree = "<group>"; };
		AA9BDCF618F91E1100EF6EEC /* JBLineChartView.h */ = {isa = PBXFileReference; fileEncoding = 4; lastKnownFileType = sourcecode.c.h; path = JBLineChartView.h; sourceTree = "<group>"; };
		AA9BDCF718F91E1100EF6EEC /* JBLineChartView.m */ = {isa = PBXFileReference; fileEncoding = 4; lastKnownFileType = sourcecode.c.objc; path = JBLineChartView.m; sourceTree = "<group>"; };
		AA9BDCFC18F9380000EF6EEC /* JBChartInformationView.h */ = {isa = PBXFileReference; fileEncoding = 4; lastKnownFileType = sourcecode.c.h; path = JBChartInformationView.h; sourceTree = "<group>"; };
		AA9BDCFD18F9380000EF6EEC /* JBChartInformationView.m */ = {isa = PBXFileReference; fileEncoding = 4; lastKnownFileType = sourcecode.c.objc; path = JBChartInformationView.m; sourceTree = "<group>"; };
		AA9BDCFF18F93A9900EF6EEC /* JBChartTooltipView.h */ = {isa = PBXFileReference; fileEncoding = 4; lastKnownFileType = sourcecode.c.h; name = JBChartTooltipView.h; path = Classes/JBChartTooltipView.h; sourceTree = "<group>"; };
		AA9BDD0018F93A9900EF6EEC /* JBChartTooltipView.m */ = {isa = PBXFileReference; fileEncoding = 4; lastKnownFileType = sourcecode.c.objc; name = JBChartTooltipView.m; path = Classes/JBChartTooltipView.m; sourceTree = "<group>"; };
		AA9BDD1518F9A4C800EF6EEC /* JBLineChartFooterView.h */ = {isa = PBXFileReference; fileEncoding = 4; lastKnownFileType = sourcecode.c.h; path = JBLineChartFooterView.h; sourceTree = "<group>"; };
		AA9BDD1618F9A4C800EF6EEC /* JBLineChartFooterView.m */ = {isa = PBXFileReference; fileEncoding = 4; lastKnownFileType = sourcecode.c.objc; path = JBLineChartFooterView.m; sourceTree = "<group>"; };
		AA9DC87A18DF274A00B4FDF7 /* ContactInfoViewController.h */ = {isa = PBXFileReference; fileEncoding = 4; lastKnownFileType = sourcecode.c.h; name = ContactInfoViewController.h; path = ../ContactInfoViewController.h; sourceTree = "<group>"; };
		AA9DC87B18DF274A00B4FDF7 /* ContactInfoViewController.m */ = {isa = PBXFileReference; fileEncoding = 4; lastKnownFileType = sourcecode.c.objc; name = ContactInfoViewController.m; path = ../ContactInfoViewController.m; sourceTree = "<group>"; };
		AA9DC88118DF2F2C00B4FDF7 /* LoginViewController.h */ = {isa = PBXFileReference; fileEncoding = 4; lastKnownFileType = sourcecode.c.h; path = LoginViewController.h; sourceTree = "<group>"; };
		AA9DC88218DF2F2C00B4FDF7 /* LoginViewController.m */ = {isa = PBXFileReference; fileEncoding = 4; lastKnownFileType = sourcecode.c.objc; path = LoginViewController.m; sourceTree = "<group>"; };
		AA9DC89118E175AF00B4FDF7 /* sampleImage.png */ = {isa = PBXFileReference; lastKnownFileType = image.png; path = sampleImage.png; sourceTree = "<group>"; };
		AA9DC89318E17ED700B4FDF7 /* administrator-512.png */ = {isa = PBXFileReference; lastKnownFileType = image.png; path = "administrator-512.png"; sourceTree = "<group>"; };
		AA9DC89518E17F7C00B4FDF7 /* speech_bubble_filled-512.png */ = {isa = PBXFileReference; lastKnownFileType = image.png; path = "speech_bubble_filled-512.png"; sourceTree = "<group>"; };
		AA9DC89618E17F7C00B4FDF7 /* speech_bubble-512.png */ = {isa = PBXFileReference; lastKnownFileType = image.png; path = "speech_bubble-512.png"; sourceTree = "<group>"; };
		AA9DC89918E17F9F00B4FDF7 /* settings_filled-512.png */ = {isa = PBXFileReference; lastKnownFileType = image.png; path = "settings_filled-512.png"; sourceTree = "<group>"; };
		AA9DC89A18E17F9F00B4FDF7 /* settings-512.png */ = {isa = PBXFileReference; lastKnownFileType = image.png; path = "settings-512.png"; sourceTree = "<group>"; };
		AA9DC89D18E17FE500B4FDF7 /* logout-512.png */ = {isa = PBXFileReference; lastKnownFileType = image.png; path = "logout-512.png"; sourceTree = "<group>"; };
		AA9DC89F18E181B100B4FDF7 /* home-512.png */ = {isa = PBXFileReference; lastKnownFileType = image.png; path = "home-512.png"; sourceTree = "<group>"; };
		AA9DC8AB18E1A07E00B4FDF7 /* constants.h */ = {isa = PBXFileReference; fileEncoding = 4; lastKnownFileType = sourcecode.c.h; path = constants.h; sourceTree = "<group>"; };
		AA9DC8AC18E1A1B400B4FDF7 /* Utility.h */ = {isa = PBXFileReference; fileEncoding = 4; lastKnownFileType = sourcecode.c.h; path = Utility.h; sourceTree = "<group>"; };
		AA9DC8AD18E1A1B400B4FDF7 /* Utility.m */ = {isa = PBXFileReference; fileEncoding = 4; lastKnownFileType = sourcecode.c.objc; path = Utility.m; sourceTree = "<group>"; };
		AA9DC8AF18E1A43E00B4FDF7 /* attach-512.png */ = {isa = PBXFileReference; lastKnownFileType = image.png; path = "attach-512.png"; sourceTree = "<group>"; };
		AA9DC8B118E1A49E00B4FDF7 /* send_file-512.png */ = {isa = PBXFileReference; lastKnownFileType = image.png; path = "send_file-512.png"; sourceTree = "<group>"; };
		AA9DC8BC18E29D8400B4FDF7 /* libicucore.dylib */ = {isa = PBXFileReference; lastKnownFileType = "compiled.mach-o.dylib"; name = libicucore.dylib; path = usr/lib/libicucore.dylib; sourceTree = SDKROOT; };
		AA9DC8BE18E29D8B00B4FDF7 /* Security.framework */ = {isa = PBXFileReference; lastKnownFileType = wrapper.framework; name = Security.framework; path = System/Library/Frameworks/Security.framework; sourceTree = SDKROOT; };
		AA9DC92918E44FCE00B4FDF7 /* ChatMessagePictureCell.h */ = {isa = PBXFileReference; fileEncoding = 4; lastKnownFileType = sourcecode.c.h; path = ChatMessagePictureCell.h; sourceTree = "<group>"; };
		AA9DC92A18E44FCE00B4FDF7 /* ChatMessagePictureCell.m */ = {isa = PBXFileReference; fileEncoding = 4; lastKnownFileType = sourcecode.c.objc; path = ChatMessagePictureCell.m; sourceTree = "<group>"; };
		AA9DC92B18E44FCE00B4FDF7 /* ChatMessageTextCell.h */ = {isa = PBXFileReference; fileEncoding = 4; lastKnownFileType = sourcecode.c.h; path = ChatMessageTextCell.h; sourceTree = "<group>"; };
		AA9DC92C18E44FCE00B4FDF7 /* ChatMessageTextCell.m */ = {isa = PBXFileReference; fileEncoding = 4; lastKnownFileType = sourcecode.c.objc; path = ChatMessageTextCell.m; sourceTree = "<group>"; };
		AA9DC95C18E48F4100B4FDF7 /* worker-512.png */ = {isa = PBXFileReference; lastKnownFileType = image.png; path = "worker-512.png"; sourceTree = "<group>"; };
		AA9DC95E18E48F5C00B4FDF7 /* group-512.png */ = {isa = PBXFileReference; lastKnownFileType = image.png; path = "group-512.png"; sourceTree = "<group>"; };
		AAC2A1E918E55498008ACDBD /* AnnotateViewController.h */ = {isa = PBXFileReference; fileEncoding = 4; lastKnownFileType = sourcecode.c.h; path = AnnotateViewController.h; sourceTree = "<group>"; };
		AAC2A1EA18E55498008ACDBD /* AnnotateViewController.m */ = {isa = PBXFileReference; fileEncoding = 4; lastKnownFileType = sourcecode.c.objc; path = AnnotateViewController.m; sourceTree = "<group>"; };
		AAC2A1EB18E55498008ACDBD /* AnnotationPalette.h */ = {isa = PBXFileReference; fileEncoding = 4; lastKnownFileType = sourcecode.c.h; path = AnnotationPalette.h; sourceTree = "<group>"; };
		AAC2A1EC18E55498008ACDBD /* AnnotationPalette.m */ = {isa = PBXFileReference; fileEncoding = 4; lastKnownFileType = sourcecode.c.objc; path = AnnotationPalette.m; sourceTree = "<group>"; };
		AAC2A1ED18E55498008ACDBD /* AnnotationView.h */ = {isa = PBXFileReference; fileEncoding = 4; lastKnownFileType = sourcecode.c.h; path = AnnotationView.h; sourceTree = "<group>"; };
		AAC2A1EE18E55498008ACDBD /* AnnotationView.m */ = {isa = PBXFileReference; fileEncoding = 4; lastKnownFileType = sourcecode.c.objc; path = AnnotationView.m; sourceTree = "<group>"; };
		AACA11D218FB7BC0005DB53B /* background.png */ = {isa = PBXFileReference; lastKnownFileType = image.png; path = background.png; sourceTree = "<group>"; };
		AACA11D418FB7BF9005DB53B /* logo-v1.png */ = {isa = PBXFileReference; lastKnownFileType = image.png; path = "logo-v1.png"; sourceTree = "<group>"; };
		AACA11D918FB8DAF005DB53B /* ReferTableViewController.h */ = {isa = PBXFileReference; fileEncoding = 4; lastKnownFileType = sourcecode.c.h; path = ReferTableViewController.h; sourceTree = "<group>"; };
		AACA11DA18FB8DAF005DB53B /* ReferTableViewController.m */ = {isa = PBXFileReference; fileEncoding = 4; lastKnownFileType = sourcecode.c.objc; path = ReferTableViewController.m; sourceTree = "<group>"; };
		AACA120918FD9ABA005DB53B /* background2.jpg */ = {isa = PBXFileReference; lastKnownFileType = image.jpeg; path = background2.jpg; sourceTree = "<group>"; };
		AACA120B18FD9D01005DB53B /* background2.png */ = {isa = PBXFileReference; lastKnownFileType = image.png; path = background2.png; sourceTree = "<group>"; };
		AAD17CE71902381D003D9241 /* GroupChatViewController.h */ = {isa = PBXFileReference; fileEncoding = 4; lastKnownFileType = sourcecode.c.h; name = GroupChatViewController.h; path = ../GroupChatViewController.h; sourceTree = "<group>"; };
		AAD17CE81902381D003D9241 /* GroupChatViewController.m */ = {isa = PBXFileReference; fileEncoding = 4; lastKnownFileType = sourcecode.c.objc; name = GroupChatViewController.m; path = ../GroupChatViewController.m; sourceTree = "<group>"; };
		AAD17CEA19027DB0003D9241 /* SettingsViewController.h */ = {isa = PBXFileReference; fileEncoding = 4; lastKnownFileType = sourcecode.c.h; path = SettingsViewController.h; sourceTree = "<group>"; };
		AAD17CEB19027DB0003D9241 /* SettingsViewController.m */ = {isa = PBXFileReference; fileEncoding = 4; lastKnownFileType = sourcecode.c.objc; path = SettingsViewController.m; sourceTree = "<group>"; };
		AAD17CED1902A245003D9241 /* SoundEngine.h */ = {isa = PBXFileReference; fileEncoding = 4; lastKnownFileType = sourcecode.c.h; path = SoundEngine.h; sourceTree = "<group>"; };
		AAD17CEE1902A245003D9241 /* SoundEngine.m */ = {isa = PBXFileReference; fileEncoding = 4; lastKnownFileType = sourcecode.c.objc; path = SoundEngine.m; sourceTree = "<group>"; };
		AAD17CF11902A427003D9241 /* chat.mp3 */ = {isa = PBXFileReference; lastKnownFileType = audio.mp3; path = chat.mp3; sourceTree = "<group>"; };
		AAD17CF21902A427003D9241 /* message.mp3 */ = {isa = PBXFileReference; lastKnownFileType = audio.mp3; path = message.mp3; sourceTree = "<group>"; };
		C3150BC9190234900018521F /* LineChartView.h */ = {isa = PBXFileReference; fileEncoding = 4; lastKnownFileType = sourcecode.c.h; path = LineChartView.h; sourceTree = "<group>"; };
		C3150BCA190234900018521F /* LineChartView.m */ = {isa = PBXFileReference; fileEncoding = 4; lastKnownFileType = sourcecode.c.objc; path = LineChartView.m; sourceTree = "<group>"; };
		C37AB3D219036EE0004D354E /* Chartlet.h */ = {isa = PBXFileReference; fileEncoding = 4; lastKnownFileType = sourcecode.c.h; path = Chartlet.h; sourceTree = "<group>"; };
		C37AB3D319036EE0004D354E /* Chartlet.m */ = {isa = PBXFileReference; fileEncoding = 4; lastKnownFileType = sourcecode.c.objc; path = Chartlet.m; sourceTree = "<group>"; };
		C37D90EE19028A1F001F8EB4 /* JBChartTooltipTipView.h */ = {isa = PBXFileReference; fileEncoding = 4; lastKnownFileType = sourcecode.c.h; name = JBChartTooltipTipView.h; path = Classes/JBChartTooltipTipView.h; sourceTree = "<group>"; };
		C37D90EF19028A1F001F8EB4 /* JBChartTooltipTipView.m */ = {isa = PBXFileReference; fileEncoding = 4; lastKnownFileType = sourcecode.c.objc; name = JBChartTooltipTipView.m; path = Classes/JBChartTooltipTipView.m; sourceTree = "<group>"; };
		C3D2E02219024B69003BE763 /* ChartViewController.h */ = {isa = PBXFileReference; fileEncoding = 4; lastKnownFileType = sourcecode.c.h; path = ChartViewController.h; sourceTree = "<group>"; };
		C3D2E02319024B69003BE763 /* ChartViewController.m */ = {isa = PBXFileReference; fileEncoding = 4; lastKnownFileType = sourcecode.c.objc; path = ChartViewController.m; sourceTree = "<group>"; };
/* End PBXFileReference section */

/* Begin PBXFrameworksBuildPhase section */
		AA5204A718D7EF2C00D78156 /* Frameworks */ = {
			isa = PBXFrameworksBuildPhase;
			buildActionMask = 2147483647;
			files = (
				AA13F2F91906B27F00A739E8 /* SystemConfiguration.framework in Frameworks */,
				AA9DC8BF18E29D8B00B4FDF7 /* Security.framework in Frameworks */,
				AA9DC8BD18E29D8400B4FDF7 /* libicucore.dylib in Frameworks */,
				AA5204B018D7EF2C00D78156 /* CoreGraphics.framework in Frameworks */,
				AA1E19491905685E00F36932 /* libPomocCore.a in Frameworks */,
				AA5204B218D7EF2C00D78156 /* UIKit.framework in Frameworks */,
				AA5204AE18D7EF2C00D78156 /* Foundation.framework in Frameworks */,
			);
			runOnlyForDeploymentPostprocessing = 0;
		};
		AA5204C818D7EF2C00D78156 /* Frameworks */ = {
			isa = PBXFrameworksBuildPhase;
			buildActionMask = 2147483647;
			files = (
				AA5204CD18D7EF2C00D78156 /* XCTest.framework in Frameworks */,
				AA5204CF18D7EF2C00D78156 /* UIKit.framework in Frameworks */,
				AA5204CE18D7EF2C00D78156 /* Foundation.framework in Frameworks */,
			);
			runOnlyForDeploymentPostprocessing = 0;
		};
/* End PBXFrameworksBuildPhase section */

/* Begin PBXGroup section */
		6054742F18E42A2800B1DD9F /* PomocCore */ = {
			isa = PBXGroup;
			children = (
				6054743018E42A2800B1DD9F /* Headers */,
			);
			name = PomocCore;
			path = ../../Framework/Pomoc/PomocCore/Distribution/PomocCore;
			sourceTree = "<group>";
		};
		6054743018E42A2800B1DD9F /* Headers */ = {
			isa = PBXGroup;
			children = (
			);
			path = Headers;
			sourceTree = "<group>";
		};
		AA1E19391905685E00F36932 /* Headers */ = {
			isa = PBXGroup;
			children = (
				AA1E193A1905685E00F36932 /* PMChatMessage.h */,
				AA1E193B1905685E00F36932 /* PMConversation.h */,
				AA1E193C1905685E00F36932 /* PMCore.h */,
				AA1E193D1905685E00F36932 /* PMCoreDelegate.h */,
				AA1E193E1905685E00F36932 /* PMImageMessage.h */,
				AA1E193F1905685E00F36932 /* PMInternalMessage.h */,
				AA1E19401905685E00F36932 /* PMMessage.h */,
				AA1E19411905685E00F36932 /* PMMessageConstants.h */,
				AA1E19421905685E00F36932 /* PMNote.h */,
				AA1E19431905685E00F36932 /* PMStatusMessage.h */,
				AA1E19441905685E00F36932 /* PMSupport.h */,
				AA1E19451905685E00F36932 /* PMUser.h */,
				AA1E19461905685E00F36932 /* PomocCore.h */,
				AA1E19471905685E00F36932 /* PomocSupport.h */,
			);
			name = Headers;
			path = ../../Framework/Pomoc/PomocCore/Distribution/PomocCore/Headers;
			sourceTree = "<group>";
		};
		AA1E194A190640F200F36932 /* Reachability */ = {
			isa = PBXGroup;
			children = (
				AA1E194B190640FB00F36932 /* Reachability.h */,
				AA1E194C190640FB00F36932 /* Reachability.m */,
			);
			name = Reachability;
			sourceTree = "<group>";
		};
		AA4649D618E814D100A607E0 /* SDWebImage */ = {
			isa = PBXGroup;
			children = (
				AA4649D718E814D100A607E0 /* MKAnnotationView+WebCache.h */,
				AA4649D818E814D100A607E0 /* MKAnnotationView+WebCache.m */,
				AA4649D918E814D100A607E0 /* NSData+ImageContentType.h */,
				AA4649DA18E814D100A607E0 /* NSData+ImageContentType.m */,
				AA4649DB18E814D100A607E0 /* SDImageCache.h */,
				AA4649DC18E814D100A607E0 /* SDImageCache.m */,
				AA4649DD18E814D100A607E0 /* SDWebImageCompat.h */,
				AA4649DE18E814D100A607E0 /* SDWebImageCompat.m */,
				AA4649DF18E814D100A607E0 /* SDWebImageDecoder.h */,
				AA4649E018E814D100A607E0 /* SDWebImageDecoder.m */,
				AA4649E118E814D100A607E0 /* SDWebImageDownloader.h */,
				AA4649E218E814D100A607E0 /* SDWebImageDownloader.m */,
				AA4649E318E814D100A607E0 /* SDWebImageDownloaderOperation.h */,
				AA4649E418E814D100A607E0 /* SDWebImageDownloaderOperation.m */,
				AA4649E518E814D100A607E0 /* SDWebImageManager.h */,
				AA4649E618E814D100A607E0 /* SDWebImageManager.m */,
				AA4649E718E814D100A607E0 /* SDWebImageOperation.h */,
				AA4649E818E814D100A607E0 /* SDWebImagePrefetcher.h */,
				AA4649E918E814D100A607E0 /* SDWebImagePrefetcher.m */,
				AA4649EA18E814D100A607E0 /* UIButton+WebCache.h */,
				AA4649EB18E814D100A607E0 /* UIButton+WebCache.m */,
				AA4649EC18E814D100A607E0 /* UIImage+GIF.h */,
				AA4649ED18E814D100A607E0 /* UIImage+GIF.m */,
				AA4649EE18E814D100A607E0 /* UIImage+MultiFormat.h */,
				AA4649EF18E814D100A607E0 /* UIImage+MultiFormat.m */,
				AA4649F018E814D100A607E0 /* UIImage+WebP.h */,
				AA4649F118E814D100A607E0 /* UIImage+WebP.m */,
				AA4649F218E814D100A607E0 /* UIImageView+WebCache.h */,
				AA4649F318E814D100A607E0 /* UIImageView+WebCache.m */,
			);
			path = SDWebImage;
			sourceTree = "<group>";
		};
		AA5204A118D7EF2C00D78156 = {
			isa = PBXGroup;
			children = (
				AADE13F918E5DC910042BF1A /* PMCore */,
				AA5204B318D7EF2C00D78156 /* Pomoc Dashboard Client */,
				AA5204D218D7EF2C00D78156 /* Pomoc Dashboard ClientTests */,
				AA5204AC18D7EF2C00D78156 /* Frameworks */,
				AA5204AB18D7EF2C00D78156 /* Products */,
			);
			sourceTree = "<group>";
		};
		AA5204AB18D7EF2C00D78156 /* Products */ = {
			isa = PBXGroup;
			children = (
				AA5204AA18D7EF2C00D78156 /* Pomoc Dashboard Client.app */,
				AA5204CB18D7EF2C00D78156 /* Pomoc Dashboard ClientTests.xctest */,
			);
			name = Products;
			sourceTree = "<group>";
		};
		AA5204AC18D7EF2C00D78156 /* Frameworks */ = {
			isa = PBXGroup;
			children = (
				AA13F2F81906B27F00A739E8 /* SystemConfiguration.framework */,
				6054742F18E42A2800B1DD9F /* PomocCore */,
				AA9DC8BE18E29D8B00B4FDF7 /* Security.framework */,
				AA9DC8BC18E29D8400B4FDF7 /* libicucore.dylib */,
				AA5204AD18D7EF2C00D78156 /* Foundation.framework */,
				AA5204AF18D7EF2C00D78156 /* CoreGraphics.framework */,
				AA5204B118D7EF2C00D78156 /* UIKit.framework */,
				AA5204CC18D7EF2C00D78156 /* XCTest.framework */,
			);
			name = Frameworks;
			sourceTree = "<group>";
		};
		AA5204B318D7EF2C00D78156 /* Pomoc Dashboard Client */ = {
			isa = PBXGroup;
			children = (
				AAD17CF01902A41B003D9241 /* Sounds */,
				AA9DC89018E1759500B4FDF7 /* Pictures */,
				AA5204BF18D7EF2C00D78156 /* Main.storyboard */,
				AAD17CED1902A245003D9241 /* SoundEngine.h */,
				AAD17CEE1902A245003D9241 /* SoundEngine.m */,
				AAD17CEA19027DB0003D9241 /* SettingsViewController.h */,
				AAD17CEB19027DB0003D9241 /* SettingsViewController.m */,
				AA9DC88118DF2F2C00B4FDF7 /* LoginViewController.h */,
				AA9DC88218DF2F2C00B4FDF7 /* LoginViewController.m */,
				AA5204F318D80BFA00D78156 /* SideNavigationController.h */,
				AA5204F418D80BFA00D78156 /* SideNavigationController.m */,
				AA5204F018D80B3F00D78156 /* MainViewController.h */,
				AA5204F118D80B3F00D78156 /* MainViewController.m */,
				AA5204FC18D8109A00D78156 /* HomeViewController.h */,
				AA5204FD18D8109A00D78156 /* HomeViewController.m */,
				C3D2E02219024B69003BE763 /* ChartViewController.h */,
				C3D2E02319024B69003BE763 /* ChartViewController.m */,
				C3150BC81902346C0018521F /* ChartMVC */,
				AAD17CE71902381D003D9241 /* GroupChatViewController.h */,
				AAD17CE81902381D003D9241 /* GroupChatViewController.m */,
				AAC2A1F218E5549C008ACDBD /* Annotate MVC */,
				AA9DC87D18DF275300B4FDF7 /* ChatMVC */,
				AA7F6E2818DE8A8000400CDB /* PomocSupportAbstract */,
				AA5204C518D7EF2C00D78156 /* Images.xcassets */,
				AA5204EB18D7F74B00D78156 /* vendor */,
				AA5204B418D7EF2C00D78156 /* Supporting Files */,
			);
			path = "Pomoc Dashboard Client";
			sourceTree = "<group>";
		};
		AA5204B418D7EF2C00D78156 /* Supporting Files */ = {
			isa = PBXGroup;
			children = (
				AA9DC8AB18E1A07E00B4FDF7 /* constants.h */,
				AA9DC8AC18E1A1B400B4FDF7 /* Utility.h */,
				AA9DC8AD18E1A1B400B4FDF7 /* Utility.m */,
				AA5204BC18D7EF2C00D78156 /* AppDelegate.h */,
				AA5204BD18D7EF2C00D78156 /* AppDelegate.m */,
				AA5204B518D7EF2C00D78156 /* Pomoc Dashboard Client-Info.plist */,
				AA5204B618D7EF2C00D78156 /* InfoPlist.strings */,
				AA5204B918D7EF2C00D78156 /* main.m */,
				AA5204BB18D7EF2C00D78156 /* Pomoc Dashboard Client-Prefix.pch */,
			);
			name = "Supporting Files";
			sourceTree = "<group>";
		};
		AA5204D218D7EF2C00D78156 /* Pomoc Dashboard ClientTests */ = {
			isa = PBXGroup;
			children = (
				AA5204D818D7EF2C00D78156 /* Pomoc_Dashboard_ClientTests.m */,
				AA5204D318D7EF2C00D78156 /* Supporting Files */,
			);
			path = "Pomoc Dashboard ClientTests";
			sourceTree = "<group>";
		};
		AA5204D318D7EF2C00D78156 /* Supporting Files */ = {
			isa = PBXGroup;
			children = (
				AA5204D418D7EF2C00D78156 /* Pomoc Dashboard ClientTests-Info.plist */,
				AA5204D518D7EF2C00D78156 /* InfoPlist.strings */,
			);
			name = "Supporting Files";
			sourceTree = "<group>";
		};
		AA5204EB18D7F74B00D78156 /* vendor */ = {
			isa = PBXGroup;
			children = (
				AA1E194A190640F200F36932 /* Reachability */,
				AA9BDCF018F91E1100EF6EEC /* JBChartView */,
				AA4649D618E814D100A607E0 /* SDWebImage */,
				AA9BDCEF18F91E0400EF6EEC /* JASidePanel */,
			);
			name = vendor;
			sourceTree = "<group>";
		};
		AA6958F61900E24C00E28EBE /* logo */ = {
			isa = PBXGroup;
			children = (
				AA6958F71900E4C800E28EBE /* 29x29.png */,
				AA6958F81900E4C800E28EBE /* 40x40.png */,
				AA6958F91900E4C800E28EBE /* 58x58.png */,
				AA6958FA1900E4C800E28EBE /* 76x76.png */,
				AA6958FB1900E4C800E28EBE /* 80x80.png */,
				AA6958FC1900E4C800E28EBE /* 152x152.png */,
			);
			name = logo;
			sourceTree = "<group>";
		};
		AA7F6E2818DE8A8000400CDB /* PomocSupportAbstract */ = {
			isa = PBXGroup;
			children = (
				AA7F6E2918DE909300400CDB /* DashBoardSingleton.h */,
				AA7F6E2A18DE909300400CDB /* DashBoardSingleton.m */,
			);
			name = PomocSupportAbstract;
			sourceTree = "<group>";
		};
		AA9BDCEF18F91E0400EF6EEC /* JASidePanel */ = {
			isa = PBXGroup;
			children = (
				6DCE531918D8AA9D00A50F61 /* JASidePanelController.h */,
				6DCE531A18D8AA9D00A50F61 /* JASidePanelController.m */,
				6DCE531B18D8AA9D00A50F61 /* UIViewController+JASidePanel.h */,
				6DCE531C18D8AA9D00A50F61 /* UIViewController+JASidePanel.m */,
			);
			name = JASidePanel;
			sourceTree = "<group>";
		};
		AA9BDCF018F91E1100EF6EEC /* JBChartView */ = {
			isa = PBXGroup;
			children = (
				AA9BDD1518F9A4C800EF6EEC /* JBLineChartFooterView.h */,
				AA9BDD1618F9A4C800EF6EEC /* JBLineChartFooterView.m */,
				AA9BDCFC18F9380000EF6EEC /* JBChartInformationView.h */,
				AA9BDCFD18F9380000EF6EEC /* JBChartInformationView.m */,
				AA9BDCF118F91E1100EF6EEC /* JBBarChartView.h */,
				AA9BDCF218F91E1100EF6EEC /* JBBarChartView.m */,
				AA9BDCF318F91E1100EF6EEC /* JBChartView.h */,
				AA9BDCF418F91E1100EF6EEC /* JBChartView.m */,
				AA9BDCF518F91E1100EF6EEC /* JBChartView.podspec */,
				AA9BDCF618F91E1100EF6EEC /* JBLineChartView.h */,
				AA9BDCF718F91E1100EF6EEC /* JBLineChartView.m */,
			);
			name = JBChartView;
			path = Classes;
			sourceTree = "<group>";
		};
		AA9DC87D18DF275300B4FDF7 /* ChatMVC */ = {
			isa = PBXGroup;
			children = (
				AA464A0218E8257400A607E0 /* UploadViewController.h */,
				AA464A0318E8257400A607E0 /* UploadViewController.m */,
				AA5204F918D80F2200D78156 /* ChatViewController.h */,
				AA5204FA18D80F2200D78156 /* ChatViewController.m */,
				AA4649CE18E7E7CD00A607E0 /* UILabel+boldAndGray.h */,
				AACA11D918FB8DAF005DB53B /* ReferTableViewController.h */,
				AACA11DA18FB8DAF005DB53B /* ReferTableViewController.m */,
				AA4649CF18E7E7CD00A607E0 /* UILabel+boldAndGray.m */,
				AA9DC92F18E44FD600B4FDF7 /* Cell */,
				AA9DC87A18DF274A00B4FDF7 /* ContactInfoViewController.h */,
				AA9DC87B18DF274A00B4FDF7 /* ContactInfoViewController.m */,
			);
			name = ChatMVC;
			sourceTree = "<group>";
		};
		AA9DC89018E1759500B4FDF7 /* Pictures */ = {
			isa = PBXGroup;
			children = (
				AA13F2F61906AC5400A739E8 /* close-512.png */,
				AA6958F61900E24C00E28EBE /* logo */,
				6D5332D6190386A900A228D3 /* logo-word.png */,
				AA6958F41900DDAB00E28EBE /* logo-v2-1.png */,
				6D5332D8190386EA00A228D3 /* logo-v2.png */,
				AACA120B18FD9D01005DB53B /* background2.png */,
				AACA120918FD9ABA005DB53B /* background2.jpg */,
				AACA11D218FB7BC0005DB53B /* background.png */,
				AA4649D118E80EEE00A607E0 /* testImage.png */,
				6D5332DA1903BD1D00A228D3 /* group-white-512.png */,
				6D5332DB1903BD1D00A228D3 /* home-white-512.png */,
				6D5332DC1903BD1D00A228D3 /* logout-white-512.png */,
				6D5332E41903BD7600A228D3 /* settings-white-512.png */,
				6D5332DD1903BD1D00A228D3 /* settings_filled-white-512.png */,
				6D5332DE1903BD1D00A228D3 /* speech_bubble-white-512.png */,
				AA9DC95E18E48F5C00B4FDF7 /* group-512.png */,
				AA9DC95C18E48F4100B4FDF7 /* worker-512.png */,
				AA9DC8B118E1A49E00B4FDF7 /* send_file-512.png */,
				AA9DC8AF18E1A43E00B4FDF7 /* attach-512.png */,
				AA9DC89F18E181B100B4FDF7 /* home-512.png */,
				AA9DC89D18E17FE500B4FDF7 /* logout-512.png */,
				AA9DC89918E17F9F00B4FDF7 /* settings_filled-512.png */,
				AA9DC89A18E17F9F00B4FDF7 /* settings-512.png */,
				AACA11D418FB7BF9005DB53B /* logo-v1.png */,
				AA9DC89518E17F7C00B4FDF7 /* speech_bubble_filled-512.png */,
				AA9DC89618E17F7C00B4FDF7 /* speech_bubble-512.png */,
				AA9DC89118E175AF00B4FDF7 /* sampleImage.png */,
				AA9DC89318E17ED700B4FDF7 /* administrator-512.png */,
			);
			name = Pictures;
			sourceTree = "<group>";
		};
		AA9DC92F18E44FD600B4FDF7 /* Cell */ = {
			isa = PBXGroup;
			children = (
				AA13F2FA1906D23D00A739E8 /* NotesTableViewCell.h */,
				AA13F2FB1906D23D00A739E8 /* NotesTableViewCell.m */,
				AA1E1933190528EC00F36932 /* StatusMessageTableViewCell.h */,
				AA1E1934190528EC00F36932 /* StatusMessageTableViewCell.m */,
				AA9DC92918E44FCE00B4FDF7 /* ChatMessagePictureCell.h */,
				AA9DC92A18E44FCE00B4FDF7 /* ChatMessagePictureCell.m */,
				AA9DC92B18E44FCE00B4FDF7 /* ChatMessageTextCell.h */,
				AA9DC92C18E44FCE00B4FDF7 /* ChatMessageTextCell.m */,
			);
			name = Cell;
			sourceTree = "<group>";
		};
		AAC2A1F218E5549C008ACDBD /* Annotate MVC */ = {
			isa = PBXGroup;
			children = (
				AAC2A1E918E55498008ACDBD /* AnnotateViewController.h */,
				AAC2A1EA18E55498008ACDBD /* AnnotateViewController.m */,
				AAC2A1EB18E55498008ACDBD /* AnnotationPalette.h */,
				AAC2A1EC18E55498008ACDBD /* AnnotationPalette.m */,
				AAC2A1ED18E55498008ACDBD /* AnnotationView.h */,
				AAC2A1EE18E55498008ACDBD /* AnnotationView.m */,
			);
			name = "Annotate MVC";
			path = ..;
			sourceTree = "<group>";
		};
		AAD17CF01902A41B003D9241 /* Sounds */ = {
			isa = PBXGroup;
			children = (
				AAD17CF11902A427003D9241 /* chat.mp3 */,
				AAD17CF21902A427003D9241 /* message.mp3 */,
			);
			name = Sounds;
			sourceTree = "<group>";
		};
		AADE13F918E5DC910042BF1A /* PMCore */ = {
			isa = PBXGroup;
			children = (
				AA1E19391905685E00F36932 /* Headers */,
				AA1E19481905685E00F36932 /* libPomocCore.a */,
			);
			name = PMCore;
			sourceTree = "<group>";
		};
		C3150BC81902346C0018521F /* ChartMVC */ = {
			isa = PBXGroup;
			children = (
				C3150BC9190234900018521F /* LineChartView.h */,
				C3150BCA190234900018521F /* LineChartView.m */,
				9FD1FDA81903C9E900F4870C /* Axis.h */,
				9FD1FDA91903C9E900F4870C /* Axis.m */,
				C37AB3D219036EE0004D354E /* Chartlet.h */,
				C37AB3D319036EE0004D354E /* Chartlet.m */,
				C37D90EE19028A1F001F8EB4 /* JBChartTooltipTipView.h */,
				C37D90EF19028A1F001F8EB4 /* JBChartTooltipTipView.m */,
				AA9BDCFF18F93A9900EF6EEC /* JBChartTooltipView.h */,
				AA9BDD0018F93A9900EF6EEC /* JBChartTooltipView.m */,
			);
			name = ChartMVC;
			sourceTree = "<group>";
		};
/* End PBXGroup section */

/* Begin PBXNativeTarget section */
		AA5204A918D7EF2C00D78156 /* Pomoc Dashboard Client */ = {
			isa = PBXNativeTarget;
			buildConfigurationList = AA5204DC18D7EF2C00D78156 /* Build configuration list for PBXNativeTarget "Pomoc Dashboard Client" */;
			buildPhases = (
				AA5204A618D7EF2C00D78156 /* Sources */,
				AA5204A718D7EF2C00D78156 /* Frameworks */,
				AA5204A818D7EF2C00D78156 /* Resources */,
			);
			buildRules = (
			);
			dependencies = (
			);
			name = "Pomoc Dashboard Client";
			productName = "Pomoc Dashboard Client";
			productReference = AA5204AA18D7EF2C00D78156 /* Pomoc Dashboard Client.app */;
			productType = "com.apple.product-type.application";
		};
		AA5204CA18D7EF2C00D78156 /* Pomoc Dashboard ClientTests */ = {
			isa = PBXNativeTarget;
			buildConfigurationList = AA5204DF18D7EF2C00D78156 /* Build configuration list for PBXNativeTarget "Pomoc Dashboard ClientTests" */;
			buildPhases = (
				AA5204C718D7EF2C00D78156 /* Sources */,
				AA5204C818D7EF2C00D78156 /* Frameworks */,
				AA5204C918D7EF2C00D78156 /* Resources */,
			);
			buildRules = (
			);
			dependencies = (
				AA5204D118D7EF2C00D78156 /* PBXTargetDependency */,
			);
			name = "Pomoc Dashboard ClientTests";
			productName = "Pomoc Dashboard ClientTests";
			productReference = AA5204CB18D7EF2C00D78156 /* Pomoc Dashboard ClientTests.xctest */;
			productType = "com.apple.product-type.bundle.unit-test";
		};
/* End PBXNativeTarget section */

/* Begin PBXProject section */
		AA5204A218D7EF2C00D78156 /* Project object */ = {
			isa = PBXProject;
			attributes = {
				LastUpgradeCheck = 0510;
				ORGANIZATIONNAME = nus.cs3217;
				TargetAttributes = {
					AA5204A918D7EF2C00D78156 = {
						DevelopmentTeam = W76H98A34A;
					};
					AA5204CA18D7EF2C00D78156 = {
						TestTargetID = AA5204A918D7EF2C00D78156;
					};
				};
			};
			buildConfigurationList = AA5204A518D7EF2C00D78156 /* Build configuration list for PBXProject "Pomoc Dashboard Client" */;
			compatibilityVersion = "Xcode 3.2";
			developmentRegion = English;
			hasScannedForEncodings = 0;
			knownRegions = (
				en,
				Base,
			);
			mainGroup = AA5204A118D7EF2C00D78156;
			productRefGroup = AA5204AB18D7EF2C00D78156 /* Products */;
			projectDirPath = "";
			projectRoot = "";
			targets = (
				AA5204A918D7EF2C00D78156 /* Pomoc Dashboard Client */,
				AA5204CA18D7EF2C00D78156 /* Pomoc Dashboard ClientTests */,
			);
		};
/* End PBXProject section */

/* Begin PBXResourcesBuildPhase section */
		AA5204A818D7EF2C00D78156 /* Resources */ = {
			isa = PBXResourcesBuildPhase;
			buildActionMask = 2147483647;
			files = (
				AA5204C618D7EF2C00D78156 /* Images.xcassets in Resources */,
				AA13F2F71906AC5400A739E8 /* close-512.png in Resources */,
				AA9DC8B218E1A49E00B4FDF7 /* send_file-512.png in Resources */,
				AA5204B818D7EF2C00D78156 /* InfoPlist.strings in Resources */,
				AA4649D218E80EEE00A607E0 /* testImage.png in Resources */,
				6D5332D9190386EA00A228D3 /* logo-v2.png in Resources */,
				6D5332D7190386A900A228D3 /* logo-word.png in Resources */,
				AA6958F51900DDAB00E28EBE /* logo-v2-1.png in Resources */,
				AA5204C118D7EF2C00D78156 /* Main.storyboard in Resources */,
				AA9DC89218E175AF00B4FDF7 /* sampleImage.png in Resources */,
				AA9DC95D18E48F4100B4FDF7 /* worker-512.png in Resources */,
				AA6958FD1900E4C800E28EBE /* 29x29.png in Resources */,
				AACA11D318FB7BC0005DB53B /* background.png in Resources */,
				AA9DC89718E17F7C00B4FDF7 /* speech_bubble_filled-512.png in Resources */,
				AA9DC89418E17ED700B4FDF7 /* administrator-512.png in Resources */,
				6D5332E11903BD1D00A228D3 /* logout-white-512.png in Resources */,
				6D5332E51903BD7600A228D3 /* settings-white-512.png in Resources */,
				AA6958FE1900E4C800E28EBE /* 40x40.png in Resources */,
				AAD17CF31902A427003D9241 /* chat.mp3 in Resources */,
				AAD17CF41902A427003D9241 /* message.mp3 in Resources */,
				6D5332E01903BD1D00A228D3 /* home-white-512.png in Resources */,
				AA9DC89E18E17FE500B4FDF7 /* logout-512.png in Resources */,
				AA6959021900E4C800E28EBE /* 152x152.png in Resources */,
				AA9BDCFA18F91E1100EF6EEC /* JBChartView.podspec in Resources */,
				6D5332E31903BD1D00A228D3 /* speech_bubble-white-512.png in Resources */,
				AA9DC89C18E17F9F00B4FDF7 /* settings-512.png in Resources */,
				AA6959001900E4C800E28EBE /* 76x76.png in Resources */,
				AA9DC95F18E48F5C00B4FDF7 /* group-512.png in Resources */,
				AA6958FF1900E4C800E28EBE /* 58x58.png in Resources */,
				6D5332DF1903BD1D00A228D3 /* group-white-512.png in Resources */,
				AA9DC8B018E1A43E00B4FDF7 /* attach-512.png in Resources */,
				AACA11D518FB7BF9005DB53B /* logo-v1.png in Resources */,
				AA6959011900E4C800E28EBE /* 80x80.png in Resources */,
				AACA120C18FD9D01005DB53B /* background2.png in Resources */,
				6D5332E21903BD1D00A228D3 /* settings_filled-white-512.png in Resources */,
				AA9DC89818E17F7C00B4FDF7 /* speech_bubble-512.png in Resources */,
				AACA120A18FD9ABA005DB53B /* background2.jpg in Resources */,
				AA9DC8A018E181B100B4FDF7 /* home-512.png in Resources */,
				AA9DC89B18E17F9F00B4FDF7 /* settings_filled-512.png in Resources */,
			);
			runOnlyForDeploymentPostprocessing = 0;
		};
		AA5204C918D7EF2C00D78156 /* Resources */ = {
			isa = PBXResourcesBuildPhase;
			buildActionMask = 2147483647;
			files = (
				AA5204D718D7EF2C00D78156 /* InfoPlist.strings in Resources */,
			);
			runOnlyForDeploymentPostprocessing = 0;
		};
/* End PBXResourcesBuildPhase section */

/* Begin PBXSourcesBuildPhase section */
		AA5204A618D7EF2C00D78156 /* Sources */ = {
			isa = PBXSourcesBuildPhase;
			buildActionMask = 2147483647;
			files = (
				AA4649F818E814D100A607E0 /* SDWebImageDecoder.m in Sources */,
				AA7F6E2B18DE909300400CDB /* DashBoardSingleton.m in Sources */,
				AA9BDD0118F93A9900EF6EEC /* JBChartTooltipView.m in Sources */,
				AA4649FB18E814D100A607E0 /* SDWebImageManager.m in Sources */,
				AA1E194D190640FB00F36932 /* Reachability.m in Sources */,
				AA5204BE18D7EF2C00D78156 /* AppDelegate.m in Sources */,
				AAC2A1F018E55498008ACDBD /* AnnotationPalette.m in Sources */,
				AAD17CE91902381D003D9241 /* GroupChatViewController.m in Sources */,
				AA9BDCF818F91E1100EF6EEC /* JBBarChartView.m in Sources */,
				AA4649F718E814D100A607E0 /* SDWebImageCompat.m in Sources */,
				AA4649FA18E814D100A607E0 /* SDWebImageDownloaderOperation.m in Sources */,
				AA9BDD1718F9A4C800EF6EEC /* JBLineChartFooterView.m in Sources */,
				AA9DC8AE18E1A1B400B4FDF7 /* Utility.m in Sources */,
				C37AB3D419036EE0004D354E /* Chartlet.m in Sources */,
				AA5204F518D80BFA00D78156 /* SideNavigationController.m in Sources */,
				AA9BDCFB18F91E1100EF6EEC /* JBLineChartView.m in Sources */,
				AA9BDCFE18F9380100EF6EEC /* JBChartInformationView.m in Sources */,
				AAC2A1F118E55498008ACDBD /* AnnotationView.m in Sources */,
				AA13F2FC1906D23D00A739E8 /* NotesTableViewCell.m in Sources */,
				AA464A0118E814D100A607E0 /* UIImageView+WebCache.m in Sources */,
				AA5204F218D80B3F00D78156 /* MainViewController.m in Sources */,
				C3150BCB190234900018521F /* LineChartView.m in Sources */,
				6DCE531E18D8AA9D00A50F61 /* UIViewController+JASidePanel.m in Sources */,
				AA1E1935190528EC00F36932 /* StatusMessageTableViewCell.m in Sources */,
				AAD17CEF1902A245003D9241 /* SoundEngine.m in Sources */,
				9FD1FDAA1903C9E900F4870C /* Axis.m in Sources */,
				AA4649FE18E814D100A607E0 /* UIImage+GIF.m in Sources */,
				AA4649FF18E814D100A607E0 /* UIImage+MultiFormat.m in Sources */,
				AA9DC87C18DF274A00B4FDF7 /* ContactInfoViewController.m in Sources */,
				AA464A0018E814D100A607E0 /* UIImage+WebP.m in Sources */,
				AA4649FC18E814D100A607E0 /* SDWebImagePrefetcher.m in Sources */,
				AA9DC88318DF2F2C00B4FDF7 /* LoginViewController.m in Sources */,
				AACA11DB18FB8DAF005DB53B /* ReferTableViewController.m in Sources */,
				AAC2A1EF18E55498008ACDBD /* AnnotateViewController.m in Sources */,
				AA4649D018E7E7CD00A607E0 /* UILabel+boldAndGray.m in Sources */,
				6DCE531D18D8AA9D00A50F61 /* JASidePanelController.m in Sources */,
				AA4649F418E814D100A607E0 /* MKAnnotationView+WebCache.m in Sources */,
				AA5204FB18D80F2200D78156 /* ChatViewController.m in Sources */,
				C37D90F019028A1F001F8EB4 /* JBChartTooltipTipView.m in Sources */,
				AA4649F918E814D100A607E0 /* SDWebImageDownloader.m in Sources */,
				AA4649FD18E814D100A607E0 /* UIButton+WebCache.m in Sources */,
				AA4649F518E814D100A607E0 /* NSData+ImageContentType.m in Sources */,
				AA9BDCF918F91E1100EF6EEC /* JBChartView.m in Sources */,
				AAD17CEC19027DB0003D9241 /* SettingsViewController.m in Sources */,
				AA5204BA18D7EF2C00D78156 /* main.m in Sources */,
				AA5204FE18D8109A00D78156 /* HomeViewController.m in Sources */,
				AA4649F618E814D100A607E0 /* SDImageCache.m in Sources */,
				AA464A0418E8257400A607E0 /* UploadViewController.m in Sources */,
				C3D2E02419024B69003BE763 /* ChartViewController.m in Sources */,
				AA9DC92D18E44FCE00B4FDF7 /* ChatMessagePictureCell.m in Sources */,
				AA9DC92E18E44FCE00B4FDF7 /* ChatMessageTextCell.m in Sources */,
			);
			runOnlyForDeploymentPostprocessing = 0;
		};
		AA5204C718D7EF2C00D78156 /* Sources */ = {
			isa = PBXSourcesBuildPhase;
			buildActionMask = 2147483647;
			files = (
				AA5204D918D7EF2C00D78156 /* Pomoc_Dashboard_ClientTests.m in Sources */,
			);
			runOnlyForDeploymentPostprocessing = 0;
		};
/* End PBXSourcesBuildPhase section */

/* Begin PBXTargetDependency section */
		AA5204D118D7EF2C00D78156 /* PBXTargetDependency */ = {
			isa = PBXTargetDependency;
			target = AA5204A918D7EF2C00D78156 /* Pomoc Dashboard Client */;
			targetProxy = AA5204D018D7EF2C00D78156 /* PBXContainerItemProxy */;
		};
/* End PBXTargetDependency section */

/* Begin PBXVariantGroup section */
		AA5204B618D7EF2C00D78156 /* InfoPlist.strings */ = {
			isa = PBXVariantGroup;
			children = (
				AA5204B718D7EF2C00D78156 /* en */,
			);
			name = InfoPlist.strings;
			sourceTree = "<group>";
		};
		AA5204BF18D7EF2C00D78156 /* Main.storyboard */ = {
			isa = PBXVariantGroup;
			children = (
				AA5204C018D7EF2C00D78156 /* Base */,
			);
			name = Main.storyboard;
			sourceTree = "<group>";
		};
		AA5204D518D7EF2C00D78156 /* InfoPlist.strings */ = {
			isa = PBXVariantGroup;
			children = (
				AA5204D618D7EF2C00D78156 /* en */,
			);
			name = InfoPlist.strings;
			sourceTree = "<group>";
		};
/* End PBXVariantGroup section */

/* Begin XCBuildConfiguration section */
		AA5204DA18D7EF2C00D78156 /* Debug */ = {
			isa = XCBuildConfiguration;
			buildSettings = {
				ALWAYS_SEARCH_USER_PATHS = NO;
				CLANG_CXX_LANGUAGE_STANDARD = "gnu++0x";
				CLANG_CXX_LIBRARY = "libc++";
				CLANG_ENABLE_MODULES = YES;
				CLANG_ENABLE_OBJC_ARC = YES;
				CLANG_WARN_BOOL_CONVERSION = YES;
				CLANG_WARN_CONSTANT_CONVERSION = YES;
				CLANG_WARN_DIRECT_OBJC_ISA_USAGE = YES_ERROR;
				CLANG_WARN_EMPTY_BODY = YES;
				CLANG_WARN_ENUM_CONVERSION = YES;
				CLANG_WARN_INT_CONVERSION = YES;
				CLANG_WARN_OBJC_ROOT_CLASS = YES_ERROR;
				CLANG_WARN__DUPLICATE_METHOD_MATCH = YES;
				CODE_SIGN_IDENTITY = "iPhone Developer: Tan Steve (8CADEXU9VB)";
				"CODE_SIGN_IDENTITY[sdk=iphoneos*]" = "iPhone Developer";
				COPY_PHASE_STRIP = NO;
				GCC_C_LANGUAGE_STANDARD = gnu99;
				GCC_DYNAMIC_NO_PIC = NO;
				GCC_OPTIMIZATION_LEVEL = 0;
				GCC_PREPROCESSOR_DEFINITIONS = (
					"DEBUG=1",
					"$(inherited)",
				);
				GCC_SYMBOLS_PRIVATE_EXTERN = NO;
				GCC_WARN_64_TO_32_BIT_CONVERSION = YES;
				GCC_WARN_ABOUT_RETURN_TYPE = YES_ERROR;
				GCC_WARN_UNDECLARED_SELECTOR = YES;
				GCC_WARN_UNINITIALIZED_AUTOS = YES_AGGRESSIVE;
				GCC_WARN_UNUSED_FUNCTION = YES;
				GCC_WARN_UNUSED_VARIABLE = YES;
				IPHONEOS_DEPLOYMENT_TARGET = 7.1;
				ONLY_ACTIVE_ARCH = YES;
				SDKROOT = iphoneos;
				TARGETED_DEVICE_FAMILY = 2;
			};
			name = Debug;
		};
		AA5204DB18D7EF2C00D78156 /* Release */ = {
			isa = XCBuildConfiguration;
			buildSettings = {
				ALWAYS_SEARCH_USER_PATHS = NO;
				CLANG_CXX_LANGUAGE_STANDARD = "gnu++0x";
				CLANG_CXX_LIBRARY = "libc++";
				CLANG_ENABLE_MODULES = YES;
				CLANG_ENABLE_OBJC_ARC = YES;
				CLANG_WARN_BOOL_CONVERSION = YES;
				CLANG_WARN_CONSTANT_CONVERSION = YES;
				CLANG_WARN_DIRECT_OBJC_ISA_USAGE = YES_ERROR;
				CLANG_WARN_EMPTY_BODY = YES;
				CLANG_WARN_ENUM_CONVERSION = YES;
				CLANG_WARN_INT_CONVERSION = YES;
				CLANG_WARN_OBJC_ROOT_CLASS = YES_ERROR;
				CLANG_WARN__DUPLICATE_METHOD_MATCH = YES;
				CODE_SIGN_IDENTITY = "iPhone Developer: Tan Steve (8CADEXU9VB)";
				"CODE_SIGN_IDENTITY[sdk=iphoneos*]" = "iPhone Developer";
				COPY_PHASE_STRIP = YES;
				ENABLE_NS_ASSERTIONS = NO;
				GCC_C_LANGUAGE_STANDARD = gnu99;
				GCC_WARN_64_TO_32_BIT_CONVERSION = YES;
				GCC_WARN_ABOUT_RETURN_TYPE = YES_ERROR;
				GCC_WARN_UNDECLARED_SELECTOR = YES;
				GCC_WARN_UNINITIALIZED_AUTOS = YES_AGGRESSIVE;
				GCC_WARN_UNUSED_FUNCTION = YES;
				GCC_WARN_UNUSED_VARIABLE = YES;
				IPHONEOS_DEPLOYMENT_TARGET = 7.1;
				SDKROOT = iphoneos;
				TARGETED_DEVICE_FAMILY = 2;
				VALIDATE_PRODUCT = YES;
			};
			name = Release;
		};
		AA5204DD18D7EF2C00D78156 /* Debug */ = {
			isa = XCBuildConfiguration;
			buildSettings = {
				ASSETCATALOG_COMPILER_LAUNCHIMAGE_NAME = LaunchImage;
				CODE_SIGN_IDENTITY = "iPhone Developer";
				"CODE_SIGN_IDENTITY[sdk=iphoneos*]" = "iPhone Developer";
				FRAMEWORK_SEARCH_PATHS = "$(inherited)";
				GCC_PRECOMPILE_PREFIX_HEADER = YES;
				GCC_PREFIX_HEADER = "Pomoc Dashboard Client/Pomoc Dashboard Client-Prefix.pch";
				INFOPLIST_FILE = "Pomoc Dashboard Client/Pomoc Dashboard Client-Info.plist";
				IPHONEOS_DEPLOYMENT_TARGET = 7.0;
				LIBRARY_SEARCH_PATHS = (
					"$(inherited)",
					"../../Framework/Pomoc/PomocCore/Distribution/PomocCore/**",
					"$(PROJECT_DIR)",
					/Users/steve/Dropbox/NUS,
					"-",
					CS3217/pomoc_real/pomoc/Framework/Pomoc/PomocCore/Distribution/PomocCore,
				);
				OTHER_LDFLAGS = "-ObjC";
				PRODUCT_NAME = "$(TARGET_NAME)";
				PROVISIONING_PROFILE = "";
				WRAPPER_EXTENSION = app;
			};
			name = Debug;
		};
		AA5204DE18D7EF2C00D78156 /* Release */ = {
			isa = XCBuildConfiguration;
			buildSettings = {
				ASSETCATALOG_COMPILER_LAUNCHIMAGE_NAME = LaunchImage;
				CODE_SIGN_IDENTITY = "iPhone Developer";
				"CODE_SIGN_IDENTITY[sdk=iphoneos*]" = "iPhone Developer";
				FRAMEWORK_SEARCH_PATHS = "$(inherited)";
				GCC_PRECOMPILE_PREFIX_HEADER = YES;
				GCC_PREFIX_HEADER = "Pomoc Dashboard Client/Pomoc Dashboard Client-Prefix.pch";
				INFOPLIST_FILE = "Pomoc Dashboard Client/Pomoc Dashboard Client-Info.plist";
				IPHONEOS_DEPLOYMENT_TARGET = 7.0;
				LIBRARY_SEARCH_PATHS = (
					"$(inherited)",
					"../../Framework/Pomoc/PomocCore/Distribution/PomocCore/**",
					"$(PROJECT_DIR)",
					/Users/steve/Dropbox/NUS,
					"-",
					CS3217/pomoc_real/pomoc/Framework/Pomoc/PomocCore/Distribution/PomocCore,
				);
				OTHER_LDFLAGS = "-ObjC";
				PRODUCT_NAME = "$(TARGET_NAME)";
				PROVISIONING_PROFILE = "";
				WRAPPER_EXTENSION = app;
			};
			name = Release;
		};
		AA5204E018D7EF2C00D78156 /* Debug */ = {
			isa = XCBuildConfiguration;
			buildSettings = {
				BUNDLE_LOADER = "$(BUILT_PRODUCTS_DIR)/Pomoc Dashboard Client.app/Pomoc Dashboard Client";
				FRAMEWORK_SEARCH_PATHS = (
					"$(SDKROOT)/Developer/Library/Frameworks",
					"$(inherited)",
					"$(DEVELOPER_FRAMEWORKS_DIR)",
				);
				GCC_PRECOMPILE_PREFIX_HEADER = YES;
				GCC_PREFIX_HEADER = "Pomoc Dashboard Client/Pomoc Dashboard Client-Prefix.pch";
				GCC_PREPROCESSOR_DEFINITIONS = (
					"DEBUG=1",
					"$(inherited)",
				);
				INFOPLIST_FILE = "Pomoc Dashboard ClientTests/Pomoc Dashboard ClientTests-Info.plist";
				PRODUCT_NAME = "$(TARGET_NAME)";
				TEST_HOST = "$(BUNDLE_LOADER)";
				WRAPPER_EXTENSION = xctest;
			};
			name = Debug;
		};
		AA5204E118D7EF2C00D78156 /* Release */ = {
			isa = XCBuildConfiguration;
			buildSettings = {
				BUNDLE_LOADER = "$(BUILT_PRODUCTS_DIR)/Pomoc Dashboard Client.app/Pomoc Dashboard Client";
				FRAMEWORK_SEARCH_PATHS = (
					"$(SDKROOT)/Developer/Library/Frameworks",
					"$(inherited)",
					"$(DEVELOPER_FRAMEWORKS_DIR)",
				);
				GCC_PRECOMPILE_PREFIX_HEADER = YES;
				GCC_PREFIX_HEADER = "Pomoc Dashboard Client/Pomoc Dashboard Client-Prefix.pch";
				INFOPLIST_FILE = "Pomoc Dashboard ClientTests/Pomoc Dashboard ClientTests-Info.plist";
				PRODUCT_NAME = "$(TARGET_NAME)";
				TEST_HOST = "$(BUNDLE_LOADER)";
				WRAPPER_EXTENSION = xctest;
			};
			name = Release;
		};
/* End XCBuildConfiguration section */

/* Begin XCConfigurationList section */
		AA5204A518D7EF2C00D78156 /* Build configuration list for PBXProject "Pomoc Dashboard Client" */ = {
			isa = XCConfigurationList;
			buildConfigurations = (
				AA5204DA18D7EF2C00D78156 /* Debug */,
				AA5204DB18D7EF2C00D78156 /* Release */,
			);
			defaultConfigurationIsVisible = 0;
			defaultConfigurationName = Release;
		};
		AA5204DC18D7EF2C00D78156 /* Build configuration list for PBXNativeTarget "Pomoc Dashboard Client" */ = {
			isa = XCConfigurationList;
			buildConfigurations = (
				AA5204DD18D7EF2C00D78156 /* Debug */,
				AA5204DE18D7EF2C00D78156 /* Release */,
			);
			defaultConfigurationIsVisible = 0;
			defaultConfigurationName = Release;
		};
		AA5204DF18D7EF2C00D78156 /* Build configuration list for PBXNativeTarget "Pomoc Dashboard ClientTests" */ = {
			isa = XCConfigurationList;
			buildConfigurations = (
				AA5204E018D7EF2C00D78156 /* Debug */,
				AA5204E118D7EF2C00D78156 /* Release */,
			);
			defaultConfigurationIsVisible = 0;
			defaultConfigurationName = Release;
		};
/* End XCConfigurationList section */
	};
	rootObject = AA5204A218D7EF2C00D78156 /* Project object */;
}
