// !$*UTF8*$!
{
	archiveVersion = 1;
	classes = {
	};
	objectVersion = 46;
	objects = {

/* Begin PBXBuildFile section */
		6DCE531D18D8AA9D00A50F61 /* JASidePanelController.m in Sources */ = {isa = PBXBuildFile; fileRef = 6DCE531A18D8AA9D00A50F61 /* JASidePanelController.m */; };
		6DCE531E18D8AA9D00A50F61 /* UIViewController+JASidePanel.m in Sources */ = {isa = PBXBuildFile; fileRef = 6DCE531C18D8AA9D00A50F61 /* UIViewController+JASidePanel.m */; };
		AA5204AE18D7EF2C00D78156 /* Foundation.framework in Frameworks */ = {isa = PBXBuildFile; fileRef = AA5204AD18D7EF2C00D78156 /* Foundation.framework */; };
		AA5204B018D7EF2C00D78156 /* CoreGraphics.framework in Frameworks */ = {isa = PBXBuildFile; fileRef = AA5204AF18D7EF2C00D78156 /* CoreGraphics.framework */; };
		AA5204B218D7EF2C00D78156 /* UIKit.framework in Frameworks */ = {isa = PBXBuildFile; fileRef = AA5204B118D7EF2C00D78156 /* UIKit.framework */; };
		AA5204B818D7EF2C00D78156 /* InfoPlist.strings in Resources */ = {isa = PBXBuildFile; fileRef = AA5204B618D7EF2C00D78156 /* InfoPlist.strings */; };
		AA5204BA18D7EF2C00D78156 /* main.m in Sources */ = {isa = PBXBuildFile; fileRef = AA5204B918D7EF2C00D78156 /* main.m */; };
		AA5204BE18D7EF2C00D78156 /* AppDelegate.m in Sources */ = {isa = PBXBuildFile; fileRef = AA5204BD18D7EF2C00D78156 /* AppDelegate.m */; };
		AA5204C118D7EF2C00D78156 /* Main.storyboard in Resources */ = {isa = PBXBuildFile; fileRef = AA5204BF18D7EF2C00D78156 /* Main.storyboard */; };
		AA5204C618D7EF2C00D78156 /* Images.xcassets in Resources */ = {isa = PBXBuildFile; fileRef = AA5204C518D7EF2C00D78156 /* Images.xcassets */; };
		AA5204CD18D7EF2C00D78156 /* XCTest.framework in Frameworks */ = {isa = PBXBuildFile; fileRef = AA5204CC18D7EF2C00D78156 /* XCTest.framework */; };
		AA5204CE18D7EF2C00D78156 /* Foundation.framework in Frameworks */ = {isa = PBXBuildFile; fileRef = AA5204AD18D7EF2C00D78156 /* Foundation.framework */; };
		AA5204CF18D7EF2C00D78156 /* UIKit.framework in Frameworks */ = {isa = PBXBuildFile; fileRef = AA5204B118D7EF2C00D78156 /* UIKit.framework */; };
		AA5204D718D7EF2C00D78156 /* InfoPlist.strings in Resources */ = {isa = PBXBuildFile; fileRef = AA5204D518D7EF2C00D78156 /* InfoPlist.strings */; };
		AA5204D918D7EF2C00D78156 /* Pomoc_Dashboard_ClientTests.m in Sources */ = {isa = PBXBuildFile; fileRef = AA5204D818D7EF2C00D78156 /* Pomoc_Dashboard_ClientTests.m */; };
		AA5204F218D80B3F00D78156 /* MainViewController.m in Sources */ = {isa = PBXBuildFile; fileRef = AA5204F118D80B3F00D78156 /* MainViewController.m */; };
		AA5204F518D80BFA00D78156 /* SideNavigationController.m in Sources */ = {isa = PBXBuildFile; fileRef = AA5204F418D80BFA00D78156 /* SideNavigationController.m */; };
		AA5204FB18D80F2200D78156 /* ChatViewController.m in Sources */ = {isa = PBXBuildFile; fileRef = AA5204FA18D80F2200D78156 /* ChatViewController.m */; };
		AA5204FE18D8109A00D78156 /* HomeViewController.m in Sources */ = {isa = PBXBuildFile; fileRef = AA5204FD18D8109A00D78156 /* HomeViewController.m */; };
		AA7F6E2B18DE909300400CDB /* DashBoardSingleton.m in Sources */ = {isa = PBXBuildFile; fileRef = AA7F6E2A18DE909300400CDB /* DashBoardSingleton.m */; };
		AA9DC87C18DF274A00B4FDF7 /* ContactInfoViewController.m in Sources */ = {isa = PBXBuildFile; fileRef = AA9DC87B18DF274A00B4FDF7 /* ContactInfoViewController.m */; };
		AA9DC88018DF28FE00B4FDF7 /* PastChatViewController.m in Sources */ = {isa = PBXBuildFile; fileRef = AA9DC87F18DF28FE00B4FDF7 /* PastChatViewController.m */; };
		AA9DC88318DF2F2C00B4FDF7 /* LoginViewController.m in Sources */ = {isa = PBXBuildFile; fileRef = AA9DC88218DF2F2C00B4FDF7 /* LoginViewController.m */; };
		AA9DC88618DF35B700B4FDF7 /* PomocChat.m in Sources */ = {isa = PBXBuildFile; fileRef = AA9DC88518DF35B700B4FDF7 /* PomocChat.m */; };
		AA9DC89218E175AF00B4FDF7 /* sampleImage.png in Resources */ = {isa = PBXBuildFile; fileRef = AA9DC89118E175AF00B4FDF7 /* sampleImage.png */; };
		AA9DC89418E17ED700B4FDF7 /* administrator-512.png in Resources */ = {isa = PBXBuildFile; fileRef = AA9DC89318E17ED700B4FDF7 /* administrator-512.png */; };
		AA9DC89718E17F7C00B4FDF7 /* speech_bubble_filled-512.png in Resources */ = {isa = PBXBuildFile; fileRef = AA9DC89518E17F7C00B4FDF7 /* speech_bubble_filled-512.png */; };
		AA9DC89818E17F7C00B4FDF7 /* speech_bubble-512.png in Resources */ = {isa = PBXBuildFile; fileRef = AA9DC89618E17F7C00B4FDF7 /* speech_bubble-512.png */; };
		AA9DC89B18E17F9F00B4FDF7 /* settings_filled-512.png in Resources */ = {isa = PBXBuildFile; fileRef = AA9DC89918E17F9F00B4FDF7 /* settings_filled-512.png */; };
		AA9DC89C18E17F9F00B4FDF7 /* settings-512.png in Resources */ = {isa = PBXBuildFile; fileRef = AA9DC89A18E17F9F00B4FDF7 /* settings-512.png */; };
		AA9DC89E18E17FE500B4FDF7 /* logout-512.png in Resources */ = {isa = PBXBuildFile; fileRef = AA9DC89D18E17FE500B4FDF7 /* logout-512.png */; };
		AA9DC8A018E181B100B4FDF7 /* home-512.png in Resources */ = {isa = PBXBuildFile; fileRef = AA9DC89F18E181B100B4FDF7 /* home-512.png */; };
		AA9DC8AE18E1A1B400B4FDF7 /* Utility.m in Sources */ = {isa = PBXBuildFile; fileRef = AA9DC8AD18E1A1B400B4FDF7 /* Utility.m */; };
		AA9DC8B018E1A43E00B4FDF7 /* attach-512.png in Resources */ = {isa = PBXBuildFile; fileRef = AA9DC8AF18E1A43E00B4FDF7 /* attach-512.png */; };
		AA9DC8B218E1A49E00B4FDF7 /* send_file-512.png in Resources */ = {isa = PBXBuildFile; fileRef = AA9DC8B118E1A49E00B4FDF7 /* send_file-512.png */; };
		AA9DC8BD18E29D8400B4FDF7 /* libicucore.dylib in Frameworks */ = {isa = PBXBuildFile; fileRef = AA9DC8BC18E29D8400B4FDF7 /* libicucore.dylib */; };
		AA9DC8BF18E29D8B00B4FDF7 /* Security.framework in Frameworks */ = {isa = PBXBuildFile; fileRef = AA9DC8BE18E29D8B00B4FDF7 /* Security.framework */; };
		AA9DC92D18E44FCE00B4FDF7 /* ChatMessagePictureCell.m in Sources */ = {isa = PBXBuildFile; fileRef = AA9DC92A18E44FCE00B4FDF7 /* ChatMessagePictureCell.m */; };
		AA9DC92E18E44FCE00B4FDF7 /* ChatMessageTextCell.m in Sources */ = {isa = PBXBuildFile; fileRef = AA9DC92C18E44FCE00B4FDF7 /* ChatMessageTextCell.m */; };
		AA9DC95D18E48F4100B4FDF7 /* worker-512.png in Resources */ = {isa = PBXBuildFile; fileRef = AA9DC95C18E48F4100B4FDF7 /* worker-512.png */; };
		AA9DC95F18E48F5C00B4FDF7 /* group-512.png in Resources */ = {isa = PBXBuildFile; fileRef = AA9DC95E18E48F5C00B4FDF7 /* group-512.png */; };
		AAC2A19D18E53D7B008ACDBD /* libPomocCore.a in Frameworks */ = {isa = PBXBuildFile; fileRef = AAC2A19C18E53D7B008ACDBD /* libPomocCore.a */; };
		AAC2A1EF18E55498008ACDBD /* AnnotateViewController.m in Sources */ = {isa = PBXBuildFile; fileRef = AAC2A1EA18E55498008ACDBD /* AnnotateViewController.m */; };
		AAC2A1F018E55498008ACDBD /* AnnotationPalette.m in Sources */ = {isa = PBXBuildFile; fileRef = AAC2A1EC18E55498008ACDBD /* AnnotationPalette.m */; };
		AAC2A1F118E55498008ACDBD /* AnnotationView.m in Sources */ = {isa = PBXBuildFile; fileRef = AAC2A1EE18E55498008ACDBD /* AnnotationView.m */; };
/* End PBXBuildFile section */

/* Begin PBXContainerItemProxy section */
		AA5204D018D7EF2C00D78156 /* PBXContainerItemProxy */ = {
			isa = PBXContainerItemProxy;
			containerPortal = AA5204A218D7EF2C00D78156 /* Project object */;
			proxyType = 1;
			remoteGlobalIDString = AA5204A918D7EF2C00D78156;
			remoteInfo = "Pomoc Dashboard Client";
		};
/* End PBXContainerItemProxy section */

/* Begin PBXFileReference section */
		6DCE531918D8AA9D00A50F61 /* JASidePanelController.h */ = {isa = PBXFileReference; fileEncoding = 4; lastKnownFileType = sourcecode.c.h; path = JASidePanelController.h; sourceTree = "<group>"; };
		6DCE531A18D8AA9D00A50F61 /* JASidePanelController.m */ = {isa = PBXFileReference; fileEncoding = 4; lastKnownFileType = sourcecode.c.objc; path = JASidePanelController.m; sourceTree = "<group>"; };
		6DCE531B18D8AA9D00A50F61 /* UIViewController+JASidePanel.h */ = {isa = PBXFileReference; fileEncoding = 4; lastKnownFileType = sourcecode.c.h; path = "UIViewController+JASidePanel.h"; sourceTree = "<group>"; };
		6DCE531C18D8AA9D00A50F61 /* UIViewController+JASidePanel.m */ = {isa = PBXFileReference; fileEncoding = 4; lastKnownFileType = sourcecode.c.objc; path = "UIViewController+JASidePanel.m"; sourceTree = "<group>"; };
		AA5204AA18D7EF2C00D78156 /* Pomoc Dashboard Client.app */ = {isa = PBXFileReference; explicitFileType = wrapper.application; includeInIndex = 0; path = "Pomoc Dashboard Client.app"; sourceTree = BUILT_PRODUCTS_DIR; };
		AA5204AD18D7EF2C00D78156 /* Foundation.framework */ = {isa = PBXFileReference; lastKnownFileType = wrapper.framework; name = Foundation.framework; path = System/Library/Frameworks/Foundation.framework; sourceTree = SDKROOT; };
		AA5204AF18D7EF2C00D78156 /* CoreGraphics.framework */ = {isa = PBXFileReference; lastKnownFileType = wrapper.framework; name = CoreGraphics.framework; path = System/Library/Frameworks/CoreGraphics.framework; sourceTree = SDKROOT; };
		AA5204B118D7EF2C00D78156 /* UIKit.framework */ = {isa = PBXFileReference; lastKnownFileType = wrapper.framework; name = UIKit.framework; path = System/Library/Frameworks/UIKit.framework; sourceTree = SDKROOT; };
		AA5204B518D7EF2C00D78156 /* Pomoc Dashboard Client-Info.plist */ = {isa = PBXFileReference; lastKnownFileType = text.plist.xml; path = "Pomoc Dashboard Client-Info.plist"; sourceTree = "<group>"; };
		AA5204B718D7EF2C00D78156 /* en */ = {isa = PBXFileReference; lastKnownFileType = text.plist.strings; name = en; path = en.lproj/InfoPlist.strings; sourceTree = "<group>"; };
		AA5204B918D7EF2C00D78156 /* main.m */ = {isa = PBXFileReference; lastKnownFileType = sourcecode.c.objc; path = main.m; sourceTree = "<group>"; };
		AA5204BB18D7EF2C00D78156 /* Pomoc Dashboard Client-Prefix.pch */ = {isa = PBXFileReference; lastKnownFileType = sourcecode.c.h; path = "Pomoc Dashboard Client-Prefix.pch"; sourceTree = "<group>"; };
		AA5204BC18D7EF2C00D78156 /* AppDelegate.h */ = {isa = PBXFileReference; lastKnownFileType = sourcecode.c.h; path = AppDelegate.h; sourceTree = "<group>"; };
		AA5204BD18D7EF2C00D78156 /* AppDelegate.m */ = {isa = PBXFileReference; lastKnownFileType = sourcecode.c.objc; path = AppDelegate.m; sourceTree = "<group>"; };
		AA5204C018D7EF2C00D78156 /* Base */ = {isa = PBXFileReference; lastKnownFileType = file.storyboard; name = Base; path = Base.lproj/Main.storyboard; sourceTree = "<group>"; };
		AA5204C518D7EF2C00D78156 /* Images.xcassets */ = {isa = PBXFileReference; lastKnownFileType = folder.assetcatalog; path = Images.xcassets; sourceTree = "<group>"; };
		AA5204CB18D7EF2C00D78156 /* Pomoc Dashboard ClientTests.xctest */ = {isa = PBXFileReference; explicitFileType = wrapper.cfbundle; includeInIndex = 0; path = "Pomoc Dashboard ClientTests.xctest"; sourceTree = BUILT_PRODUCTS_DIR; };
		AA5204CC18D7EF2C00D78156 /* XCTest.framework */ = {isa = PBXFileReference; lastKnownFileType = wrapper.framework; name = XCTest.framework; path = Library/Frameworks/XCTest.framework; sourceTree = DEVELOPER_DIR; };
		AA5204D418D7EF2C00D78156 /* Pomoc Dashboard ClientTests-Info.plist */ = {isa = PBXFileReference; lastKnownFileType = text.plist.xml; path = "Pomoc Dashboard ClientTests-Info.plist"; sourceTree = "<group>"; };
		AA5204D618D7EF2C00D78156 /* en */ = {isa = PBXFileReference; lastKnownFileType = text.plist.strings; name = en; path = en.lproj/InfoPlist.strings; sourceTree = "<group>"; };
		AA5204D818D7EF2C00D78156 /* Pomoc_Dashboard_ClientTests.m */ = {isa = PBXFileReference; lastKnownFileType = sourcecode.c.objc; path = Pomoc_Dashboard_ClientTests.m; sourceTree = "<group>"; };
		AA5204F018D80B3F00D78156 /* MainViewController.h */ = {isa = PBXFileReference; fileEncoding = 4; lastKnownFileType = sourcecode.c.h; path = MainViewController.h; sourceTree = "<group>"; };
		AA5204F118D80B3F00D78156 /* MainViewController.m */ = {isa = PBXFileReference; fileEncoding = 4; lastKnownFileType = sourcecode.c.objc; path = MainViewController.m; sourceTree = "<group>"; };
		AA5204F318D80BFA00D78156 /* SideNavigationController.h */ = {isa = PBXFileReference; fileEncoding = 4; lastKnownFileType = sourcecode.c.h; path = SideNavigationController.h; sourceTree = "<group>"; };
		AA5204F418D80BFA00D78156 /* SideNavigationController.m */ = {isa = PBXFileReference; fileEncoding = 4; lastKnownFileType = sourcecode.c.objc; path = SideNavigationController.m; sourceTree = "<group>"; };
		AA5204F918D80F2200D78156 /* ChatViewController.h */ = {isa = PBXFileReference; fileEncoding = 4; lastKnownFileType = sourcecode.c.h; path = ChatViewController.h; sourceTree = "<group>"; };
		AA5204FA18D80F2200D78156 /* ChatViewController.m */ = {isa = PBXFileReference; fileEncoding = 4; lastKnownFileType = sourcecode.c.objc; path = ChatViewController.m; sourceTree = "<group>"; };
		AA5204FC18D8109A00D78156 /* HomeViewController.h */ = {isa = PBXFileReference; fileEncoding = 4; lastKnownFileType = sourcecode.c.h; path = HomeViewController.h; sourceTree = "<group>"; };
		AA5204FD18D8109A00D78156 /* HomeViewController.m */ = {isa = PBXFileReference; fileEncoding = 4; lastKnownFileType = sourcecode.c.objc; path = HomeViewController.m; sourceTree = "<group>"; };
		AA7F6E2918DE909300400CDB /* DashBoardSingleton.h */ = {isa = PBXFileReference; fileEncoding = 4; lastKnownFileType = sourcecode.c.h; path = DashBoardSingleton.h; sourceTree = "<group>"; };
		AA7F6E2A18DE909300400CDB /* DashBoardSingleton.m */ = {isa = PBXFileReference; fileEncoding = 4; lastKnownFileType = sourcecode.c.objc; path = DashBoardSingleton.m; sourceTree = "<group>"; };
		AA9DC87A18DF274A00B4FDF7 /* ContactInfoViewController.h */ = {isa = PBXFileReference; fileEncoding = 4; lastKnownFileType = sourcecode.c.h; name = ContactInfoViewController.h; path = ../ContactInfoViewController.h; sourceTree = "<group>"; };
		AA9DC87B18DF274A00B4FDF7 /* ContactInfoViewController.m */ = {isa = PBXFileReference; fileEncoding = 4; lastKnownFileType = sourcecode.c.objc; name = ContactInfoViewController.m; path = ../ContactInfoViewController.m; sourceTree = "<group>"; };
		AA9DC87E18DF28FE00B4FDF7 /* PastChatViewController.h */ = {isa = PBXFileReference; fileEncoding = 4; lastKnownFileType = sourcecode.c.h; path = PastChatViewController.h; sourceTree = "<group>"; };
		AA9DC87F18DF28FE00B4FDF7 /* PastChatViewController.m */ = {isa = PBXFileReference; fileEncoding = 4; lastKnownFileType = sourcecode.c.objc; path = PastChatViewController.m; sourceTree = "<group>"; };
		AA9DC88118DF2F2C00B4FDF7 /* LoginViewController.h */ = {isa = PBXFileReference; fileEncoding = 4; lastKnownFileType = sourcecode.c.h; path = LoginViewController.h; sourceTree = "<group>"; };
		AA9DC88218DF2F2C00B4FDF7 /* LoginViewController.m */ = {isa = PBXFileReference; fileEncoding = 4; lastKnownFileType = sourcecode.c.objc; path = LoginViewController.m; sourceTree = "<group>"; };
		AA9DC88418DF35B700B4FDF7 /* PomocChat.h */ = {isa = PBXFileReference; fileEncoding = 4; lastKnownFileType = sourcecode.c.h; path = PomocChat.h; sourceTree = "<group>"; };
		AA9DC88518DF35B700B4FDF7 /* PomocChat.m */ = {isa = PBXFileReference; fileEncoding = 4; lastKnownFileType = sourcecode.c.objc; path = PomocChat.m; sourceTree = "<group>"; };
		AA9DC89118E175AF00B4FDF7 /* sampleImage.png */ = {isa = PBXFileReference; lastKnownFileType = image.png; path = sampleImage.png; sourceTree = "<group>"; };
		AA9DC89318E17ED700B4FDF7 /* administrator-512.png */ = {isa = PBXFileReference; lastKnownFileType = image.png; path = "administrator-512.png"; sourceTree = "<group>"; };
		AA9DC89518E17F7C00B4FDF7 /* speech_bubble_filled-512.png */ = {isa = PBXFileReference; lastKnownFileType = image.png; path = "speech_bubble_filled-512.png"; sourceTree = "<group>"; };
		AA9DC89618E17F7C00B4FDF7 /* speech_bubble-512.png */ = {isa = PBXFileReference; lastKnownFileType = image.png; path = "speech_bubble-512.png"; sourceTree = "<group>"; };
		AA9DC89918E17F9F00B4FDF7 /* settings_filled-512.png */ = {isa = PBXFileReference; lastKnownFileType = image.png; path = "settings_filled-512.png"; sourceTree = "<group>"; };
		AA9DC89A18E17F9F00B4FDF7 /* settings-512.png */ = {isa = PBXFileReference; lastKnownFileType = image.png; path = "settings-512.png"; sourceTree = "<group>"; };
		AA9DC89D18E17FE500B4FDF7 /* logout-512.png */ = {isa = PBXFileReference; lastKnownFileType = image.png; path = "logout-512.png"; sourceTree = "<group>"; };
		AA9DC89F18E181B100B4FDF7 /* home-512.png */ = {isa = PBXFileReference; lastKnownFileType = image.png; path = "home-512.png"; sourceTree = "<group>"; };
		AA9DC8AB18E1A07E00B4FDF7 /* constants.h */ = {isa = PBXFileReference; fileEncoding = 4; lastKnownFileType = sourcecode.c.h; path = constants.h; sourceTree = "<group>"; };
		AA9DC8AC18E1A1B400B4FDF7 /* Utility.h */ = {isa = PBXFileReference; fileEncoding = 4; lastKnownFileType = sourcecode.c.h; path = Utility.h; sourceTree = "<group>"; };
		AA9DC8AD18E1A1B400B4FDF7 /* Utility.m */ = {isa = PBXFileReference; fileEncoding = 4; lastKnownFileType = sourcecode.c.objc; path = Utility.m; sourceTree = "<group>"; };
		AA9DC8AF18E1A43E00B4FDF7 /* attach-512.png */ = {isa = PBXFileReference; lastKnownFileType = image.png; path = "attach-512.png"; sourceTree = "<group>"; };
		AA9DC8B118E1A49E00B4FDF7 /* send_file-512.png */ = {isa = PBXFileReference; lastKnownFileType = image.png; path = "send_file-512.png"; sourceTree = "<group>"; };
		AA9DC8BC18E29D8400B4FDF7 /* libicucore.dylib */ = {isa = PBXFileReference; lastKnownFileType = "compiled.mach-o.dylib"; name = libicucore.dylib; path = usr/lib/libicucore.dylib; sourceTree = SDKROOT; };
		AA9DC8BE18E29D8B00B4FDF7 /* Security.framework */ = {isa = PBXFileReference; lastKnownFileType = wrapper.framework; name = Security.framework; path = System/Library/Frameworks/Security.framework; sourceTree = SDKROOT; };
		AA9DC92918E44FCE00B4FDF7 /* ChatMessagePictureCell.h */ = {isa = PBXFileReference; fileEncoding = 4; lastKnownFileType = sourcecode.c.h; path = ChatMessagePictureCell.h; sourceTree = "<group>"; };
		AA9DC92A18E44FCE00B4FDF7 /* ChatMessagePictureCell.m */ = {isa = PBXFileReference; fileEncoding = 4; lastKnownFileType = sourcecode.c.objc; path = ChatMessagePictureCell.m; sourceTree = "<group>"; };
		AA9DC92B18E44FCE00B4FDF7 /* ChatMessageTextCell.h */ = {isa = PBXFileReference; fileEncoding = 4; lastKnownFileType = sourcecode.c.h; path = ChatMessageTextCell.h; sourceTree = "<group>"; };
		AA9DC92C18E44FCE00B4FDF7 /* ChatMessageTextCell.m */ = {isa = PBXFileReference; fileEncoding = 4; lastKnownFileType = sourcecode.c.objc; path = ChatMessageTextCell.m; sourceTree = "<group>"; };
		AA9DC95C18E48F4100B4FDF7 /* worker-512.png */ = {isa = PBXFileReference; lastKnownFileType = image.png; path = "worker-512.png"; sourceTree = "<group>"; };
		AA9DC95E18E48F5C00B4FDF7 /* group-512.png */ = {isa = PBXFileReference; lastKnownFileType = image.png; path = "group-512.png"; sourceTree = "<group>"; };
		AAC2A19518E53D7B008ACDBD /* PMChatMessage.h */ = {isa = PBXFileReference; fileEncoding = 4; lastKnownFileType = sourcecode.c.h; path = PMChatMessage.h; sourceTree = "<group>"; };
		AAC2A19618E53D7B008ACDBD /* PMCore.h */ = {isa = PBXFileReference; fileEncoding = 4; lastKnownFileType = sourcecode.c.h; path = PMCore.h; sourceTree = "<group>"; };
		AAC2A19718E53D7B008ACDBD /* PMCoreDelegate.h */ = {isa = PBXFileReference; fileEncoding = 4; lastKnownFileType = sourcecode.c.h; path = PMCoreDelegate.h; sourceTree = "<group>"; };
		AAC2A19818E53D7B008ACDBD /* PMInternalMessage.h */ = {isa = PBXFileReference; fileEncoding = 4; lastKnownFileType = sourcecode.c.h; path = PMInternalMessage.h; sourceTree = "<group>"; };
		AAC2A19918E53D7B008ACDBD /* PMMessage.h */ = {isa = PBXFileReference; fileEncoding = 4; lastKnownFileType = sourcecode.c.h; path = PMMessage.h; sourceTree = "<group>"; };
		AAC2A19A18E53D7B008ACDBD /* PMMessageConstants.h */ = {isa = PBXFileReference; fileEncoding = 4; lastKnownFileType = sourcecode.c.h; path = PMMessageConstants.h; sourceTree = "<group>"; };
		AAC2A19B18E53D7B008ACDBD /* PomocCore.h */ = {isa = PBXFileReference; fileEncoding = 4; lastKnownFileType = sourcecode.c.h; path = PomocCore.h; sourceTree = "<group>"; };
		AAC2A19C18E53D7B008ACDBD /* libPomocCore.a */ = {isa = PBXFileReference; lastKnownFileType = archive.ar; name = libPomocCore.a; path = ../../Framework/Pomoc/PomocCore/Distribution/PomocCore/libPomocCore.a; sourceTree = "<group>"; };
		AAC2A1E918E55498008ACDBD /* AnnotateViewController.h */ = {isa = PBXFileReference; fileEncoding = 4; lastKnownFileType = sourcecode.c.h; path = AnnotateViewController.h; sourceTree = "<group>"; };
		AAC2A1EA18E55498008ACDBD /* AnnotateViewController.m */ = {isa = PBXFileReference; fileEncoding = 4; lastKnownFileType = sourcecode.c.objc; path = AnnotateViewController.m; sourceTree = "<group>"; };
		AAC2A1EB18E55498008ACDBD /* AnnotationPalette.h */ = {isa = PBXFileReference; fileEncoding = 4; lastKnownFileType = sourcecode.c.h; path = AnnotationPalette.h; sourceTree = "<group>"; };
		AAC2A1EC18E55498008ACDBD /* AnnotationPalette.m */ = {isa = PBXFileReference; fileEncoding = 4; lastKnownFileType = sourcecode.c.objc; path = AnnotationPalette.m; sourceTree = "<group>"; };
		AAC2A1ED18E55498008ACDBD /* AnnotationView.h */ = {isa = PBXFileReference; fileEncoding = 4; lastKnownFileType = sourcecode.c.h; path = AnnotationView.h; sourceTree = "<group>"; };
		AAC2A1EE18E55498008ACDBD /* AnnotationView.m */ = {isa = PBXFileReference; fileEncoding = 4; lastKnownFileType = sourcecode.c.objc; path = AnnotationView.m; sourceTree = "<group>"; };
/* End PBXFileReference section */

/* Begin PBXFrameworksBuildPhase section */
		AA5204A718D7EF2C00D78156 /* Frameworks */ = {
			isa = PBXFrameworksBuildPhase;
			buildActionMask = 2147483647;
			files = (
				AA9DC8BF18E29D8B00B4FDF7 /* Security.framework in Frameworks */,
				AA9DC8BD18E29D8400B4FDF7 /* libicucore.dylib in Frameworks */,
				AA5204B018D7EF2C00D78156 /* CoreGraphics.framework in Frameworks */,
				AAC2A19D18E53D7B008ACDBD /* libPomocCore.a in Frameworks */,
				AA5204B218D7EF2C00D78156 /* UIKit.framework in Frameworks */,
				AA5204AE18D7EF2C00D78156 /* Foundation.framework in Frameworks */,
			);
			runOnlyForDeploymentPostprocessing = 0;
		};
		AA5204C818D7EF2C00D78156 /* Frameworks */ = {
			isa = PBXFrameworksBuildPhase;
			buildActionMask = 2147483647;
			files = (
				AA5204CD18D7EF2C00D78156 /* XCTest.framework in Frameworks */,
				AA5204CF18D7EF2C00D78156 /* UIKit.framework in Frameworks */,
				AA5204CE18D7EF2C00D78156 /* Foundation.framework in Frameworks */,
			);
			runOnlyForDeploymentPostprocessing = 0;
		};
/* End PBXFrameworksBuildPhase section */

/* Begin PBXGroup section */
		6054742F18E42A2800B1DD9F /* PomocCore */ = {
			isa = PBXGroup;
			children = (
				6054743018E42A2800B1DD9F /* Headers */,
			);
			name = PomocCore;
			path = ../../Framework/Pomoc/PomocCore/Distribution/PomocCore;
			sourceTree = "<group>";
		};
		6054743018E42A2800B1DD9F /* Headers */ = {
			isa = PBXGroup;
			children = (
			);
			path = Headers;
			sourceTree = "<group>";
		};
		AA5204A118D7EF2C00D78156 = {
			isa = PBXGroup;
			children = (
				AADE13F918E5DC910042BF1A /* PMCore */,
				AAC2A19C18E53D7B008ACDBD /* libPomocCore.a */,
				AA5204B318D7EF2C00D78156 /* Pomoc Dashboard Client */,
				AA5204D218D7EF2C00D78156 /* Pomoc Dashboard ClientTests */,
				AA5204AC18D7EF2C00D78156 /* Frameworks */,
				AA5204AB18D7EF2C00D78156 /* Products */,
			);
			sourceTree = "<group>";
		};
		AA5204AB18D7EF2C00D78156 /* Products */ = {
			isa = PBXGroup;
			children = (
				AA5204AA18D7EF2C00D78156 /* Pomoc Dashboard Client.app */,
				AA5204CB18D7EF2C00D78156 /* Pomoc Dashboard ClientTests.xctest */,
			);
			name = Products;
			sourceTree = "<group>";
		};
		AA5204AC18D7EF2C00D78156 /* Frameworks */ = {
			isa = PBXGroup;
			children = (
				6054742F18E42A2800B1DD9F /* PomocCore */,
				AA9DC8BE18E29D8B00B4FDF7 /* Security.framework */,
				AA9DC8BC18E29D8400B4FDF7 /* libicucore.dylib */,
				AA5204AD18D7EF2C00D78156 /* Foundation.framework */,
				AA5204AF18D7EF2C00D78156 /* CoreGraphics.framework */,
				AA5204B118D7EF2C00D78156 /* UIKit.framework */,
				AA5204CC18D7EF2C00D78156 /* XCTest.framework */,
			);
			name = Frameworks;
			sourceTree = "<group>";
		};
		AA5204B318D7EF2C00D78156 /* Pomoc Dashboard Client */ = {
			isa = PBXGroup;
			children = (
				AA9DC89018E1759500B4FDF7 /* Pictures */,
				AA5204BF18D7EF2C00D78156 /* Main.storyboard */,
				AA9DC88118DF2F2C00B4FDF7 /* LoginViewController.h */,
				AA9DC88218DF2F2C00B4FDF7 /* LoginViewController.m */,
				AA5204F318D80BFA00D78156 /* SideNavigationController.h */,
				AA5204F418D80BFA00D78156 /* SideNavigationController.m */,
				AA9DC8AC18E1A1B400B4FDF7 /* Utility.h */,
				AA9DC8AD18E1A1B400B4FDF7 /* Utility.m */,
				AA5204F018D80B3F00D78156 /* MainViewController.h */,
				AA5204F118D80B3F00D78156 /* MainViewController.m */,
				AA5204FC18D8109A00D78156 /* HomeViewController.h */,
				AA5204FD18D8109A00D78156 /* HomeViewController.m */,
				AAC2A1F218E5549C008ACDBD /* Annotate MVC */,
				AA9DC87D18DF275300B4FDF7 /* ChatMVC */,
				AA7F6E2818DE8A8000400CDB /* PomocSupportAbstract */,
				AA5204C518D7EF2C00D78156 /* Images.xcassets */,
				AA5204EB18D7F74B00D78156 /* vendor */,
				AA5204B418D7EF2C00D78156 /* Supporting Files */,
			);
			path = "Pomoc Dashboard Client";
			sourceTree = "<group>";
		};
		AA5204B418D7EF2C00D78156 /* Supporting Files */ = {
			isa = PBXGroup;
			children = (
				AA7F6E2918DE909300400CDB /* DashBoardSingleton.h */,
				AA7F6E2A18DE909300400CDB /* DashBoardSingleton.m */,
				AA5204BC18D7EF2C00D78156 /* AppDelegate.h */,
				AA5204BD18D7EF2C00D78156 /* AppDelegate.m */,
				AA5204B518D7EF2C00D78156 /* Pomoc Dashboard Client-Info.plist */,
				AA5204B618D7EF2C00D78156 /* InfoPlist.strings */,
				AA5204B918D7EF2C00D78156 /* main.m */,
				AA5204BB18D7EF2C00D78156 /* Pomoc Dashboard Client-Prefix.pch */,
				AA9DC8AB18E1A07E00B4FDF7 /* constants.h */,
			);
			name = "Supporting Files";
			sourceTree = "<group>";
		};
		AA5204D218D7EF2C00D78156 /* Pomoc Dashboard ClientTests */ = {
			isa = PBXGroup;
			children = (
				AA5204D818D7EF2C00D78156 /* Pomoc_Dashboard_ClientTests.m */,
				AA5204D318D7EF2C00D78156 /* Supporting Files */,
			);
			path = "Pomoc Dashboard ClientTests";
			sourceTree = "<group>";
		};
		AA5204D318D7EF2C00D78156 /* Supporting Files */ = {
			isa = PBXGroup;
			children = (
				AA5204D418D7EF2C00D78156 /* Pomoc Dashboard ClientTests-Info.plist */,
				AA5204D518D7EF2C00D78156 /* InfoPlist.strings */,
			);
			name = "Supporting Files";
			sourceTree = "<group>";
		};
		AA5204EB18D7F74B00D78156 /* vendor */ = {
			isa = PBXGroup;
			children = (
				6DCE531918D8AA9D00A50F61 /* JASidePanelController.h */,
				6DCE531A18D8AA9D00A50F61 /* JASidePanelController.m */,
				6DCE531B18D8AA9D00A50F61 /* UIViewController+JASidePanel.h */,
				6DCE531C18D8AA9D00A50F61 /* UIViewController+JASidePanel.m */,
			);
			name = vendor;
			sourceTree = "<group>";
		};
		AA7F6E2818DE8A8000400CDB /* PomocSupportAbstract */ = {
			isa = PBXGroup;
			children = (
				AA9DC88418DF35B700B4FDF7 /* PomocChat.h */,
				AA9DC88518DF35B700B4FDF7 /* PomocChat.m */,
			);
			name = PomocSupportAbstract;
			sourceTree = "<group>";
		};
		AA9DC87D18DF275300B4FDF7 /* ChatMVC */ = {
			isa = PBXGroup;
			children = (
				AA9DC87E18DF28FE00B4FDF7 /* PastChatViewController.h */,
				AA9DC87F18DF28FE00B4FDF7 /* PastChatViewController.m */,
				AA5204F918D80F2200D78156 /* ChatViewController.h */,
				AA5204FA18D80F2200D78156 /* ChatViewController.m */,
				AA9DC92F18E44FD600B4FDF7 /* Cell */,
				AA9DC87A18DF274A00B4FDF7 /* ContactInfoViewController.h */,
				AA9DC87B18DF274A00B4FDF7 /* ContactInfoViewController.m */,
			);
			name = ChatMVC;
			sourceTree = "<group>";
		};
		AA9DC89018E1759500B4FDF7 /* Pictures */ = {
			isa = PBXGroup;
			children = (
				AA9DC95E18E48F5C00B4FDF7 /* group-512.png */,
				AA9DC95C18E48F4100B4FDF7 /* worker-512.png */,
				AA9DC8B118E1A49E00B4FDF7 /* send_file-512.png */,
				AA9DC8AF18E1A43E00B4FDF7 /* attach-512.png */,
				AA9DC89F18E181B100B4FDF7 /* home-512.png */,
				AA9DC89D18E17FE500B4FDF7 /* logout-512.png */,
				AA9DC89918E17F9F00B4FDF7 /* settings_filled-512.png */,
				AA9DC89A18E17F9F00B4FDF7 /* settings-512.png */,
				AA9DC89518E17F7C00B4FDF7 /* speech_bubble_filled-512.png */,
				AA9DC89618E17F7C00B4FDF7 /* speech_bubble-512.png */,
				AA9DC89118E175AF00B4FDF7 /* sampleImage.png */,
				AA9DC89318E17ED700B4FDF7 /* administrator-512.png */,
			);
			name = Pictures;
			sourceTree = "<group>";
		};
		AA9DC92F18E44FD600B4FDF7 /* Cell */ = {
			isa = PBXGroup;
			children = (
				AA9DC92918E44FCE00B4FDF7 /* ChatMessagePictureCell.h */,
				AA9DC92A18E44FCE00B4FDF7 /* ChatMessagePictureCell.m */,
				AA9DC92B18E44FCE00B4FDF7 /* ChatMessageTextCell.h */,
				AA9DC92C18E44FCE00B4FDF7 /* ChatMessageTextCell.m */,
			);
			name = Cell;
			sourceTree = "<group>";
		};
		AAC2A19418E53D7B008ACDBD /* Headers */ = {
			isa = PBXGroup;
			children = (
				AAC2A19518E53D7B008ACDBD /* PMChatMessage.h */,
				AAC2A19618E53D7B008ACDBD /* PMCore.h */,
				AAC2A19718E53D7B008ACDBD /* PMCoreDelegate.h */,
				AAC2A19818E53D7B008ACDBD /* PMInternalMessage.h */,
				AAC2A19918E53D7B008ACDBD /* PMMessage.h */,
				AAC2A19A18E53D7B008ACDBD /* PMMessageConstants.h */,
				AAC2A19B18E53D7B008ACDBD /* PomocCore.h */,
			);
			name = Headers;
			path = ../../Framework/Pomoc/PomocCore/Distribution/PomocCore/Headers;
			sourceTree = "<group>";
		};
		AAC2A1F218E5549C008ACDBD /* Annotate MVC */ = {
			isa = PBXGroup;
			children = (
				AAC2A1E918E55498008ACDBD /* AnnotateViewController.h */,
				AAC2A1EA18E55498008ACDBD /* AnnotateViewController.m */,
				AAC2A1EB18E55498008ACDBD /* AnnotationPalette.h */,
				AAC2A1EC18E55498008ACDBD /* AnnotationPalette.m */,
				AAC2A1ED18E55498008ACDBD /* AnnotationView.h */,
				AAC2A1EE18E55498008ACDBD /* AnnotationView.m */,
			);
			name = "Annotate MVC";
			path = ..;
			sourceTree = "<group>";
		};
		AADE13F918E5DC910042BF1A /* PMCore */ = {
			isa = PBXGroup;
			children = (
				AAC2A19418E53D7B008ACDBD /* Headers */,
			);
			name = PMCore;
			sourceTree = "<group>";
		};
/* End PBXGroup section */

/* Begin PBXNativeTarget section */
		AA5204A918D7EF2C00D78156 /* Pomoc Dashboard Client */ = {
			isa = PBXNativeTarget;
			buildConfigurationList = AA5204DC18D7EF2C00D78156 /* Build configuration list for PBXNativeTarget "Pomoc Dashboard Client" */;
			buildPhases = (
				AA5204A618D7EF2C00D78156 /* Sources */,
				AA5204A718D7EF2C00D78156 /* Frameworks */,
				AA5204A818D7EF2C00D78156 /* Resources */,
			);
			buildRules = (
			);
			dependencies = (
			);
			name = "Pomoc Dashboard Client";
			productName = "Pomoc Dashboard Client";
			productReference = AA5204AA18D7EF2C00D78156 /* Pomoc Dashboard Client.app */;
			productType = "com.apple.product-type.application";
		};
		AA5204CA18D7EF2C00D78156 /* Pomoc Dashboard ClientTests */ = {
			isa = PBXNativeTarget;
			buildConfigurationList = AA5204DF18D7EF2C00D78156 /* Build configuration list for PBXNativeTarget "Pomoc Dashboard ClientTests" */;
			buildPhases = (
				AA5204C718D7EF2C00D78156 /* Sources */,
				AA5204C818D7EF2C00D78156 /* Frameworks */,
				AA5204C918D7EF2C00D78156 /* Resources */,
			);
			buildRules = (
			);
			dependencies = (
				AA5204D118D7EF2C00D78156 /* PBXTargetDependency */,
			);
			name = "Pomoc Dashboard ClientTests";
			productName = "Pomoc Dashboard ClientTests";
			productReference = AA5204CB18D7EF2C00D78156 /* Pomoc Dashboard ClientTests.xctest */;
			productType = "com.apple.product-type.bundle.unit-test";
		};
/* End PBXNativeTarget section */

/* Begin PBXProject section */
		AA5204A218D7EF2C00D78156 /* Project object */ = {
			isa = PBXProject;
			attributes = {
				LastUpgradeCheck = 0510;
				ORGANIZATIONNAME = nus.cs3217;
				TargetAttributes = {
					AA5204A918D7EF2C00D78156 = {
						DevelopmentTeam = W76H98A34A;
					};
					AA5204CA18D7EF2C00D78156 = {
						TestTargetID = AA5204A918D7EF2C00D78156;
					};
				};
			};
			buildConfigurationList = AA5204A518D7EF2C00D78156 /* Build configuration list for PBXProject "Pomoc Dashboard Client" */;
			compatibilityVersion = "Xcode 3.2";
			developmentRegion = English;
			hasScannedForEncodings = 0;
			knownRegions = (
				en,
				Base,
			);
			mainGroup = AA5204A118D7EF2C00D78156;
			productRefGroup = AA5204AB18D7EF2C00D78156 /* Products */;
			projectDirPath = "";
			projectRoot = "";
			targets = (
				AA5204A918D7EF2C00D78156 /* Pomoc Dashboard Client */,
				AA5204CA18D7EF2C00D78156 /* Pomoc Dashboard ClientTests */,
			);
		};
/* End PBXProject section */

/* Begin PBXResourcesBuildPhase section */
		AA5204A818D7EF2C00D78156 /* Resources */ = {
			isa = PBXResourcesBuildPhase;
			buildActionMask = 2147483647;
			files = (
				AA5204C618D7EF2C00D78156 /* Images.xcassets in Resources */,
				AA9DC8B218E1A49E00B4FDF7 /* send_file-512.png in Resources */,
				AA5204B818D7EF2C00D78156 /* InfoPlist.strings in Resources */,
				AA5204C118D7EF2C00D78156 /* Main.storyboard in Resources */,
				AA9DC89218E175AF00B4FDF7 /* sampleImage.png in Resources */,
				AA9DC95D18E48F4100B4FDF7 /* worker-512.png in Resources */,
				AA9DC89718E17F7C00B4FDF7 /* speech_bubble_filled-512.png in Resources */,
				AA9DC89418E17ED700B4FDF7 /* administrator-512.png in Resources */,
				AA9DC89E18E17FE500B4FDF7 /* logout-512.png in Resources */,
				AA9DC89C18E17F9F00B4FDF7 /* settings-512.png in Resources */,
				AA9DC95F18E48F5C00B4FDF7 /* group-512.png in Resources */,
				AA9DC8B018E1A43E00B4FDF7 /* attach-512.png in Resources */,
				AA9DC89818E17F7C00B4FDF7 /* speech_bubble-512.png in Resources */,
				AA9DC8A018E181B100B4FDF7 /* home-512.png in Resources */,
				AA9DC89B18E17F9F00B4FDF7 /* settings_filled-512.png in Resources */,
			);
			runOnlyForDeploymentPostprocessing = 0;
		};
		AA5204C918D7EF2C00D78156 /* Resources */ = {
			isa = PBXResourcesBuildPhase;
			buildActionMask = 2147483647;
			files = (
				AA5204D718D7EF2C00D78156 /* InfoPlist.strings in Resources */,
			);
			runOnlyForDeploymentPostprocessing = 0;
		};
/* End PBXResourcesBuildPhase section */

/* Begin PBXSourcesBuildPhase section */
		AA5204A618D7EF2C00D78156 /* Sources */ = {
			isa = PBXSourcesBuildPhase;
			buildActionMask = 2147483647;
			files = (
				AA7F6E2B18DE909300400CDB /* DashBoardSingleton.m in Sources */,
				AA5204BE18D7EF2C00D78156 /* AppDelegate.m in Sources */,
				AAC2A1F018E55498008ACDBD /* AnnotationPalette.m in Sources */,
				AA9DC88618DF35B700B4FDF7 /* PomocChat.m in Sources */,
				AA9DC8AE18E1A1B400B4FDF7 /* Utility.m in Sources */,
				AA5204F518D80BFA00D78156 /* SideNavigationController.m in Sources */,
				AAC2A1F118E55498008ACDBD /* AnnotationView.m in Sources */,
				AA5204F218D80B3F00D78156 /* MainViewController.m in Sources */,
				6DCE531E18D8AA9D00A50F61 /* UIViewController+JASidePanel.m in Sources */,
				AA9DC87C18DF274A00B4FDF7 /* ContactInfoViewController.m in Sources */,
				AA9DC88318DF2F2C00B4FDF7 /* LoginViewController.m in Sources */,
				AAC2A1EF18E55498008ACDBD /* AnnotateViewController.m in Sources */,
				6DCE531D18D8AA9D00A50F61 /* JASidePanelController.m in Sources */,
				AA5204FB18D80F2200D78156 /* ChatViewController.m in Sources */,
				AA9DC88018DF28FE00B4FDF7 /* PastChatViewController.m in Sources */,
				AA5204BA18D7EF2C00D78156 /* main.m in Sources */,
				AA5204FE18D8109A00D78156 /* HomeViewController.m in Sources */,
				AA9DC92D18E44FCE00B4FDF7 /* ChatMessagePictureCell.m in Sources */,
				AA9DC92E18E44FCE00B4FDF7 /* ChatMessageTextCell.m in Sources */,
			);
			runOnlyForDeploymentPostprocessing = 0;
		};
		AA5204C718D7EF2C00D78156 /* Sources */ = {
			isa = PBXSourcesBuildPhase;
			buildActionMask = 2147483647;
			files = (
				AA5204D918D7EF2C00D78156 /* Pomoc_Dashboard_ClientTests.m in Sources */,
			);
			runOnlyForDeploymentPostprocessing = 0;
		};
/* End PBXSourcesBuildPhase section */

/* Begin PBXTargetDependency section */
		AA5204D118D7EF2C00D78156 /* PBXTargetDependency */ = {
			isa = PBXTargetDependency;
			target = AA5204A918D7EF2C00D78156 /* Pomoc Dashboard Client */;
			targetProxy = AA5204D018D7EF2C00D78156 /* PBXContainerItemProxy */;
		};
/* End PBXTargetDependency section */

/* Begin PBXVariantGroup section */
		AA5204B618D7EF2C00D78156 /* InfoPlist.strings */ = {
			isa = PBXVariantGroup;
			children = (
				AA5204B718D7EF2C00D78156 /* en */,
			);
			name = InfoPlist.strings;
			sourceTree = "<group>";
		};
		AA5204BF18D7EF2C00D78156 /* Main.storyboard */ = {
			isa = PBXVariantGroup;
			children = (
				AA5204C018D7EF2C00D78156 /* Base */,
			);
			name = Main.storyboard;
			sourceTree = "<group>";
		};
		AA5204D518D7EF2C00D78156 /* InfoPlist.strings */ = {
			isa = PBXVariantGroup;
			children = (
				AA5204D618D7EF2C00D78156 /* en */,
			);
			name = InfoPlist.strings;
			sourceTree = "<group>";
		};
/* End PBXVariantGroup section */

/* Begin XCBuildConfiguration section */
		AA5204DA18D7EF2C00D78156 /* Debug */ = {
			isa = XCBuildConfiguration;
			buildSettings = {
				ALWAYS_SEARCH_USER_PATHS = NO;
				CLANG_CXX_LANGUAGE_STANDARD = "gnu++0x";
				CLANG_CXX_LIBRARY = "libc++";
				CLANG_ENABLE_MODULES = YES;
				CLANG_ENABLE_OBJC_ARC = YES;
				CLANG_WARN_BOOL_CONVERSION = YES;
				CLANG_WARN_CONSTANT_CONVERSION = YES;
				CLANG_WARN_DIRECT_OBJC_ISA_USAGE = YES_ERROR;
				CLANG_WARN_EMPTY_BODY = YES;
				CLANG_WARN_ENUM_CONVERSION = YES;
				CLANG_WARN_INT_CONVERSION = YES;
				CLANG_WARN_OBJC_ROOT_CLASS = YES_ERROR;
				CLANG_WARN__DUPLICATE_METHOD_MATCH = YES;
				CODE_SIGN_IDENTITY = "iPhone Developer: Tan Steve (8CADEXU9VB)";
				"CODE_SIGN_IDENTITY[sdk=iphoneos*]" = "iPhone Developer";
				COPY_PHASE_STRIP = NO;
				GCC_C_LANGUAGE_STANDARD = gnu99;
				GCC_DYNAMIC_NO_PIC = NO;
				GCC_OPTIMIZATION_LEVEL = 0;
				GCC_PREPROCESSOR_DEFINITIONS = (
					"DEBUG=1",
					"$(inherited)",
				);
				GCC_SYMBOLS_PRIVATE_EXTERN = NO;
				GCC_WARN_64_TO_32_BIT_CONVERSION = YES;
				GCC_WARN_ABOUT_RETURN_TYPE = YES_ERROR;
				GCC_WARN_UNDECLARED_SELECTOR = YES;
				GCC_WARN_UNINITIALIZED_AUTOS = YES_AGGRESSIVE;
				GCC_WARN_UNUSED_FUNCTION = YES;
				GCC_WARN_UNUSED_VARIABLE = YES;
				IPHONEOS_DEPLOYMENT_TARGET = 7.1;
				ONLY_ACTIVE_ARCH = YES;
				SDKROOT = iphoneos;
				TARGETED_DEVICE_FAMILY = 2;
			};
			name = Debug;
		};
		AA5204DB18D7EF2C00D78156 /* Release */ = {
			isa = XCBuildConfiguration;
			buildSettings = {
				ALWAYS_SEARCH_USER_PATHS = NO;
				CLANG_CXX_LANGUAGE_STANDARD = "gnu++0x";
				CLANG_CXX_LIBRARY = "libc++";
				CLANG_ENABLE_MODULES = YES;
				CLANG_ENABLE_OBJC_ARC = YES;
				CLANG_WARN_BOOL_CONVERSION = YES;
				CLANG_WARN_CONSTANT_CONVERSION = YES;
				CLANG_WARN_DIRECT_OBJC_ISA_USAGE = YES_ERROR;
				CLANG_WARN_EMPTY_BODY = YES;
				CLANG_WARN_ENUM_CONVERSION = YES;
				CLANG_WARN_INT_CONVERSION = YES;
				CLANG_WARN_OBJC_ROOT_CLASS = YES_ERROR;
				CLANG_WARN__DUPLICATE_METHOD_MATCH = YES;
				CODE_SIGN_IDENTITY = "iPhone Developer: Tan Steve (8CADEXU9VB)";
				"CODE_SIGN_IDENTITY[sdk=iphoneos*]" = "iPhone Developer";
				COPY_PHASE_STRIP = YES;
				ENABLE_NS_ASSERTIONS = NO;
				GCC_C_LANGUAGE_STANDARD = gnu99;
				GCC_WARN_64_TO_32_BIT_CONVERSION = YES;
				GCC_WARN_ABOUT_RETURN_TYPE = YES_ERROR;
				GCC_WARN_UNDECLARED_SELECTOR = YES;
				GCC_WARN_UNINITIALIZED_AUTOS = YES_AGGRESSIVE;
				GCC_WARN_UNUSED_FUNCTION = YES;
				GCC_WARN_UNUSED_VARIABLE = YES;
				IPHONEOS_DEPLOYMENT_TARGET = 7.1;
				SDKROOT = iphoneos;
				TARGETED_DEVICE_FAMILY = 2;
				VALIDATE_PRODUCT = YES;
			};
			name = Release;
		};
		AA5204DD18D7EF2C00D78156 /* Debug */ = {
			isa = XCBuildConfiguration;
			buildSettings = {
				ASSETCATALOG_COMPILER_APPICON_NAME = AppIcon;
				ASSETCATALOG_COMPILER_LAUNCHIMAGE_NAME = LaunchImage;
				CODE_SIGN_IDENTITY = "iPhone Developer";
				"CODE_SIGN_IDENTITY[sdk=iphoneos*]" = "iPhone Developer";
				GCC_PRECOMPILE_PREFIX_HEADER = YES;
				GCC_PREFIX_HEADER = "Pomoc Dashboard Client/Pomoc Dashboard Client-Prefix.pch";
				INFOPLIST_FILE = "Pomoc Dashboard Client/Pomoc Dashboard Client-Info.plist";
				IPHONEOS_DEPLOYMENT_TARGET = 7.0;
				LIBRARY_SEARCH_PATHS = (
					"$(inherited)",
					"../../Framework/Pomoc/PomocCore/Distribution/PomocCore/**",
					"$(PROJECT_DIR)",
				);
				OTHER_LDFLAGS = "-ObjC";
				PRODUCT_NAME = "$(TARGET_NAME)";
				PROVISIONING_PROFILE = "";
				WRAPPER_EXTENSION = app;
			};
			name = Debug;
		};
		AA5204DE18D7EF2C00D78156 /* Release */ = {
			isa = XCBuildConfiguration;
			buildSettings = {
				ASSETCATALOG_COMPILER_APPICON_NAME = AppIcon;
				ASSETCATALOG_COMPILER_LAUNCHIMAGE_NAME = LaunchImage;
				CODE_SIGN_IDENTITY = "iPhone Developer";
				"CODE_SIGN_IDENTITY[sdk=iphoneos*]" = "iPhone Developer";
				GCC_PRECOMPILE_PREFIX_HEADER = YES;
				GCC_PREFIX_HEADER = "Pomoc Dashboard Client/Pomoc Dashboard Client-Prefix.pch";
				INFOPLIST_FILE = "Pomoc Dashboard Client/Pomoc Dashboard Client-Info.plist";
				IPHONEOS_DEPLOYMENT_TARGET = 7.0;
				LIBRARY_SEARCH_PATHS = (
					"$(inherited)",
					"../../Framework/Pomoc/PomocCore/Distribution/PomocCore/**",
					"$(PROJECT_DIR)",
				);
				OTHER_LDFLAGS = "-ObjC";
				PRODUCT_NAME = "$(TARGET_NAME)";
				PROVISIONING_PROFILE = "";
				WRAPPER_EXTENSION = app;
			};
			name = Release;
		};
		AA5204E018D7EF2C00D78156 /* Debug */ = {
			isa = XCBuildConfiguration;
			buildSettings = {
				BUNDLE_LOADER = "$(BUILT_PRODUCTS_DIR)/Pomoc Dashboard Client.app/Pomoc Dashboard Client";
				FRAMEWORK_SEARCH_PATHS = (
					"$(SDKROOT)/Developer/Library/Frameworks",
					"$(inherited)",
					"$(DEVELOPER_FRAMEWORKS_DIR)",
				);
				GCC_PRECOMPILE_PREFIX_HEADER = YES;
				GCC_PREFIX_HEADER = "Pomoc Dashboard Client/Pomoc Dashboard Client-Prefix.pch";
				GCC_PREPROCESSOR_DEFINITIONS = (
					"DEBUG=1",
					"$(inherited)",
				);
				INFOPLIST_FILE = "Pomoc Dashboard ClientTests/Pomoc Dashboard ClientTests-Info.plist";
				PRODUCT_NAME = "$(TARGET_NAME)";
				TEST_HOST = "$(BUNDLE_LOADER)";
				WRAPPER_EXTENSION = xctest;
			};
			name = Debug;
		};
		AA5204E118D7EF2C00D78156 /* Release */ = {
			isa = XCBuildConfiguration;
			buildSettings = {
				BUNDLE_LOADER = "$(BUILT_PRODUCTS_DIR)/Pomoc Dashboard Client.app/Pomoc Dashboard Client";
				FRAMEWORK_SEARCH_PATHS = (
					"$(SDKROOT)/Developer/Library/Frameworks",
					"$(inherited)",
					"$(DEVELOPER_FRAMEWORKS_DIR)",
				);
				GCC_PRECOMPILE_PREFIX_HEADER = YES;
				GCC_PREFIX_HEADER = "Pomoc Dashboard Client/Pomoc Dashboard Client-Prefix.pch";
				INFOPLIST_FILE = "Pomoc Dashboard ClientTests/Pomoc Dashboard ClientTests-Info.plist";
				PRODUCT_NAME = "$(TARGET_NAME)";
				TEST_HOST = "$(BUNDLE_LOADER)";
				WRAPPER_EXTENSION = xctest;
			};
			name = Release;
		};
/* End XCBuildConfiguration section */

/* Begin XCConfigurationList section */
		AA5204A518D7EF2C00D78156 /* Build configuration list for PBXProject "Pomoc Dashboard Client" */ = {
			isa = XCConfigurationList;
			buildConfigurations = (
				AA5204DA18D7EF2C00D78156 /* Debug */,
				AA5204DB18D7EF2C00D78156 /* Release */,
			);
			defaultConfigurationIsVisible = 0;
			defaultConfigurationName = Release;
		};
		AA5204DC18D7EF2C00D78156 /* Build configuration list for PBXNativeTarget "Pomoc Dashboard Client" */ = {
			isa = XCConfigurationList;
			buildConfigurations = (
				AA5204DD18D7EF2C00D78156 /* Debug */,
				AA5204DE18D7EF2C00D78156 /* Release */,
			);
			defaultConfigurationIsVisible = 0;
			defaultConfigurationName = Release;
		};
		AA5204DF18D7EF2C00D78156 /* Build configuration list for PBXNativeTarget "Pomoc Dashboard ClientTests" */ = {
			isa = XCConfigurationList;
			buildConfigurations = (
				AA5204E018D7EF2C00D78156 /* Debug */,
				AA5204E118D7EF2C00D78156 /* Release */,
			);
			defaultConfigurationIsVisible = 0;
			defaultConfigurationName = Release;
		};
/* End XCConfigurationList section */
	};
	rootObject = AA5204A218D7EF2C00D78156 /* Project object */;
}
