// !$*UTF8*$!
{
	archiveVersion = 1;
	classes = {
	};
	objectVersion = 46;
	objects = {

/* Begin PBXBuildFile section */
		9F5D501718E4F946006FABDB /* Foundation.framework in Frameworks */ = {isa = PBXBuildFile; fileRef = 9F5D501618E4F946006FABDB /* Foundation.framework */; };
		9F5D501918E4F946006FABDB /* CoreGraphics.framework in Frameworks */ = {isa = PBXBuildFile; fileRef = 9F5D501818E4F946006FABDB /* CoreGraphics.framework */; };
		9F5D501B18E4F946006FABDB /* UIKit.framework in Frameworks */ = {isa = PBXBuildFile; fileRef = 9F5D501A18E4F946006FABDB /* UIKit.framework */; };
		9F5D502118E4F946006FABDB /* InfoPlist.strings in Resources */ = {isa = PBXBuildFile; fileRef = 9F5D501F18E4F946006FABDB /* InfoPlist.strings */; };
		9F5D502318E4F946006FABDB /* main.m in Sources */ = {isa = PBXBuildFile; fileRef = 9F5D502218E4F946006FABDB /* main.m */; };
		9F5D502718E4F946006FABDB /* AppDelegate.m in Sources */ = {isa = PBXBuildFile; fileRef = 9F5D502618E4F946006FABDB /* AppDelegate.m */; };
		9F5D502A18E4F946006FABDB /* Main.storyboard in Resources */ = {isa = PBXBuildFile; fileRef = 9F5D502818E4F946006FABDB /* Main.storyboard */; };
		9F5D502D18E4F946006FABDB /* ViewController.m in Sources */ = {isa = PBXBuildFile; fileRef = 9F5D502C18E4F946006FABDB /* ViewController.m */; };
		9F5D502F18E4F946006FABDB /* Images.xcassets in Resources */ = {isa = PBXBuildFile; fileRef = 9F5D502E18E4F946006FABDB /* Images.xcassets */; };
		9F5D503618E4F946006FABDB /* XCTest.framework in Frameworks */ = {isa = PBXBuildFile; fileRef = 9F5D503518E4F946006FABDB /* XCTest.framework */; };
		9F5D503718E4F946006FABDB /* Foundation.framework in Frameworks */ = {isa = PBXBuildFile; fileRef = 9F5D501618E4F946006FABDB /* Foundation.framework */; };
		9F5D503818E4F946006FABDB /* UIKit.framework in Frameworks */ = {isa = PBXBuildFile; fileRef = 9F5D501A18E4F946006FABDB /* UIKit.framework */; };
		9F5D504018E4F946006FABDB /* InfoPlist.strings in Resources */ = {isa = PBXBuildFile; fileRef = 9F5D503E18E4F946006FABDB /* InfoPlist.strings */; };
		9F5D504218E4F946006FABDB /* AnnotatorTests.m in Sources */ = {isa = PBXBuildFile; fileRef = 9F5D504118E4F946006FABDB /* AnnotatorTests.m */; };
/* End PBXBuildFile section */

/* Begin PBXContainerItemProxy section */
		9F5D503918E4F946006FABDB /* PBXContainerItemProxy */ = {
			isa = PBXContainerItemProxy;
			containerPortal = 9F5D500B18E4F946006FABDB /* Project object */;
			proxyType = 1;
			remoteGlobalIDString = 9F5D501218E4F946006FABDB;
			remoteInfo = Annotator;
		};
/* End PBXContainerItemProxy section */

/* Begin PBXFileReference section */
		9F5D501318E4F946006FABDB /* Annotator.app */ = {isa = PBXFileReference; explicitFileType = wrapper.application; includeInIndex = 0; path = Annotator.app; sourceTree = BUILT_PRODUCTS_DIR; };
		9F5D501618E4F946006FABDB /* Foundation.framework */ = {isa = PBXFileReference; lastKnownFileType = wrapper.framework; name = Foundation.framework; path = System/Library/Frameworks/Foundation.framework; sourceTree = SDKROOT; };
		9F5D501818E4F946006FABDB /* CoreGraphics.framework */ = {isa = PBXFileReference; lastKnownFileType = wrapper.framework; name = CoreGraphics.framework; path = System/Library/Frameworks/CoreGraphics.framework; sourceTree = SDKROOT; };
		9F5D501A18E4F946006FABDB /* UIKit.framework */ = {isa = PBXFileReference; lastKnownFileType = wrapper.framework; name = UIKit.framework; path = System/Library/Frameworks/UIKit.framework; sourceTree = SDKROOT; };
		9F5D501E18E4F946006FABDB /* Annotator-Info.plist */ = {isa = PBXFileReference; lastKnownFileType = text.plist.xml; path = "Annotator-Info.plist"; sourceTree = "<group>"; };
		9F5D502018E4F946006FABDB /* en */ = {isa = PBXFileReference; lastKnownFileType = text.plist.strings; name = en; path = en.lproj/InfoPlist.strings; sourceTree = "<group>"; };
		9F5D502218E4F946006FABDB /* main.m */ = {isa = PBXFileReference; lastKnownFileType = sourcecode.c.objc; path = main.m; sourceTree = "<group>"; };
		9F5D502418E4F946006FABDB /* Annotator-Prefix.pch */ = {isa = PBXFileReference; lastKnownFileType = sourcecode.c.h; path = "Annotator-Prefix.pch"; sourceTree = "<group>"; };
		9F5D502518E4F946006FABDB /* AppDelegate.h */ = {isa = PBXFileReference; lastKnownFileType = sourcecode.c.h; path = AppDelegate.h; sourceTree = "<group>"; };
		9F5D502618E4F946006FABDB /* AppDelegate.m */ = {isa = PBXFileReference; lastKnownFileType = sourcecode.c.objc; path = AppDelegate.m; sourceTree = "<group>"; };
		9F5D502918E4F946006FABDB /* Base */ = {isa = PBXFileReference; lastKnownFileType = file.storyboard; name = Base; path = Base.lproj/Main.storyboard; sourceTree = "<group>"; };
		9F5D502B18E4F946006FABDB /* ViewController.h */ = {isa = PBXFileReference; lastKnownFileType = sourcecode.c.h; path = ViewController.h; sourceTree = "<group>"; };
		9F5D502C18E4F946006FABDB /* ViewController.m */ = {isa = PBXFileReference; lastKnownFileType = sourcecode.c.objc; path = ViewController.m; sourceTree = "<group>"; };
		9F5D502E18E4F946006FABDB /* Images.xcassets */ = {isa = PBXFileReference; lastKnownFileType = folder.assetcatalog; path = Images.xcassets; sourceTree = "<group>"; };
		9F5D503418E4F946006FABDB /* AnnotatorTests.xctest */ = {isa = PBXFileReference; explicitFileType = wrapper.cfbundle; includeInIndex = 0; path = AnnotatorTests.xctest; sourceTree = BUILT_PRODUCTS_DIR; };
		9F5D503518E4F946006FABDB /* XCTest.framework */ = {isa = PBXFileReference; lastKnownFileType = wrapper.framework; name = XCTest.framework; path = Library/Frameworks/XCTest.framework; sourceTree = DEVELOPER_DIR; };
		9F5D503D18E4F946006FABDB /* AnnotatorTests-Info.plist */ = {isa = PBXFileReference; lastKnownFileType = text.plist.xml; path = "AnnotatorTests-Info.plist"; sourceTree = "<group>"; };
		9F5D503F18E4F946006FABDB /* en */ = {isa = PBXFileReference; lastKnownFileType = text.plist.strings; name = en; path = en.lproj/InfoPlist.strings; sourceTree = "<group>"; };
		9F5D504118E4F946006FABDB /* AnnotatorTests.m */ = {isa = PBXFileReference; lastKnownFileType = sourcecode.c.objc; path = AnnotatorTests.m; sourceTree = "<group>"; };
/* End PBXFileReference section */

/* Begin PBXFrameworksBuildPhase section */
		9F5D501018E4F946006FABDB /* Frameworks */ = {
			isa = PBXFrameworksBuildPhase;
			buildActionMask = 2147483647;
			files = (
				9F5D501918E4F946006FABDB /* CoreGraphics.framework in Frameworks */,
				9F5D501B18E4F946006FABDB /* UIKit.framework in Frameworks */,
				9F5D501718E4F946006FABDB /* Foundation.framework in Frameworks */,
			);
			runOnlyForDeploymentPostprocessing = 0;
		};
		9F5D503118E4F946006FABDB /* Frameworks */ = {
			isa = PBXFrameworksBuildPhase;
			buildActionMask = 2147483647;
			files = (
				9F5D503618E4F946006FABDB /* XCTest.framework in Frameworks */,
				9F5D503818E4F946006FABDB /* UIKit.framework in Frameworks */,
				9F5D503718E4F946006FABDB /* Foundation.framework in Frameworks */,
			);
			runOnlyForDeploymentPostprocessing = 0;
		};
/* End PBXFrameworksBuildPhase section */

/* Begin PBXGroup section */
		9F5D500A18E4F946006FABDB = {
			isa = PBXGroup;
			children = (
				9F5D501C18E4F946006FABDB /* Annotator */,
				9F5D503B18E4F946006FABDB /* AnnotatorTests */,
				9F5D501518E4F946006FABDB /* Frameworks */,
				9F5D501418E4F946006FABDB /* Products */,
			);
			sourceTree = "<group>";
		};
		9F5D501418E4F946006FABDB /* Products */ = {
			isa = PBXGroup;
			children = (
				9F5D501318E4F946006FABDB /* Annotator.app */,
				9F5D503418E4F946006FABDB /* AnnotatorTests.xctest */,
			);
			name = Products;
			sourceTree = "<group>";
		};
		9F5D501518E4F946006FABDB /* Frameworks */ = {
			isa = PBXGroup;
			children = (
				9F5D501618E4F946006FABDB /* Foundation.framework */,
				9F5D501818E4F946006FABDB /* CoreGraphics.framework */,
				9F5D501A18E4F946006FABDB /* UIKit.framework */,
				9F5D503518E4F946006FABDB /* XCTest.framework */,
			);
			name = Frameworks;
			sourceTree = "<group>";
		};
		9F5D501C18E4F946006FABDB /* Annotator */ = {
			isa = PBXGroup;
			children = (
				9F5D502518E4F946006FABDB /* AppDelegate.h */,
				9F5D502618E4F946006FABDB /* AppDelegate.m */,
				9F5D502818E4F946006FABDB /* Main.storyboard */,
				9F5D502B18E4F946006FABDB /* ViewController.h */,
				9F5D502C18E4F946006FABDB /* ViewController.m */,
				9F5D502E18E4F946006FABDB /* Images.xcassets */,
				9F5D501D18E4F946006FABDB /* Supporting Files */,
			);
			path = Annotator;
			sourceTree = "<group>";
		};
		9F5D501D18E4F946006FABDB /* Supporting Files */ = {
			isa = PBXGroup;
			children = (
				9F5D501E18E4F946006FABDB /* Annotator-Info.plist */,
				9F5D501F18E4F946006FABDB /* InfoPlist.strings */,
				9F5D502218E4F946006FABDB /* main.m */,
				9F5D502418E4F946006FABDB /* Annotator-Prefix.pch */,
			);
			name = "Supporting Files";
			sourceTree = "<group>";
		};
		9F5D503B18E4F946006FABDB /* AnnotatorTests */ = {
			isa = PBXGroup;
			children = (
				9F5D504118E4F946006FABDB /* AnnotatorTests.m */,
				9F5D503C18E4F946006FABDB /* Supporting Files */,
			);
			path = AnnotatorTests;
			sourceTree = "<group>";
		};
		9F5D503C18E4F946006FABDB /* Supporting Files */ = {
			isa = PBXGroup;
			children = (
				9F5D503D18E4F946006FABDB /* AnnotatorTests-Info.plist */,
				9F5D503E18E4F946006FABDB /* InfoPlist.strings */,
			);
			name = "Supporting Files";
			sourceTree = "<group>";
		};
/* End PBXGroup section */

/* Begin PBXNativeTarget section */
		9F5D501218E4F946006FABDB /* Annotator */ = {
			isa = PBXNativeTarget;
			buildConfigurationList = 9F5D504518E4F946006FABDB /* Build configuration list for PBXNativeTarget "Annotator" */;
			buildPhases = (
				9F5D500F18E4F946006FABDB /* Sources */,
				9F5D501018E4F946006FABDB /* Frameworks */,
				9F5D501118E4F946006FABDB /* Resources */,
			);
			buildRules = (
			);
			dependencies = (
			);
			name = Annotator;
			productName = Annotator;
			productReference = 9F5D501318E4F946006FABDB /* Annotator.app */;
			productType = "com.apple.product-type.application";
		};
		9F5D503318E4F946006FABDB /* AnnotatorTests */ = {
			isa = PBXNativeTarget;
			buildConfigurationList = 9F5D504818E4F946006FABDB /* Build configuration list for PBXNativeTarget "AnnotatorTests" */;
			buildPhases = (
				9F5D503018E4F946006FABDB /* Sources */,
				9F5D503118E4F946006FABDB /* Frameworks */,
				9F5D503218E4F946006FABDB /* Resources */,
			);
			buildRules = (
			);
			dependencies = (
				9F5D503A18E4F946006FABDB /* PBXTargetDependency */,
			);
			name = AnnotatorTests;
			productName = AnnotatorTests;
			productReference = 9F5D503418E4F946006FABDB /* AnnotatorTests.xctest */;
			productType = "com.apple.product-type.bundle.unit-test";
		};
/* End PBXNativeTarget section */

/* Begin PBXProject section */
		9F5D500B18E4F946006FABDB /* Project object */ = {
			isa = PBXProject;
			attributes = {
				LastUpgradeCheck = 0510;
				ORGANIZATIONNAME = "Soon Chun Mun";
				TargetAttributes = {
					9F5D503318E4F946006FABDB = {
						TestTargetID = 9F5D501218E4F946006FABDB;
					};
				};
			};
			buildConfigurationList = 9F5D500E18E4F946006FABDB /* Build configuration list for PBXProject "Annotator" */;
			compatibilityVersion = "Xcode 3.2";
			developmentRegion = English;
			hasScannedForEncodings = 0;
			knownRegions = (
				en,
				Base,
			);
			mainGroup = 9F5D500A18E4F946006FABDB;
			productRefGroup = 9F5D501418E4F946006FABDB /* Products */;
			projectDirPath = "";
			projectRoot = "";
			targets = (
				9F5D501218E4F946006FABDB /* Annotator */,
				9F5D503318E4F946006FABDB /* AnnotatorTests */,
			);
		};
/* End PBXProject section */

/* Begin PBXResourcesBuildPhase section */
		9F5D501118E4F946006FABDB /* Resources */ = {
			isa = PBXResourcesBuildPhase;
			buildActionMask = 2147483647;
			files = (
				9F5D502F18E4F946006FABDB /* Images.xcassets in Resources */,
				9F5D502118E4F946006FABDB /* InfoPlist.strings in Resources */,
				9F5D502A18E4F946006FABDB /* Main.storyboard in Resources */,
			);
			runOnlyForDeploymentPostprocessing = 0;
		};
		9F5D503218E4F946006FABDB /* Resources */ = {
			isa = PBXResourcesBuildPhase;
			buildActionMask = 2147483647;
			files = (
				9F5D504018E4F946006FABDB /* InfoPlist.strings in Resources */,
			);
			runOnlyForDeploymentPostprocessing = 0;
		};
/* End PBXResourcesBuildPhase section */

/* Begin PBXSourcesBuildPhase section */
		9F5D500F18E4F946006FABDB /* Sources */ = {
			isa = PBXSourcesBuildPhase;
			buildActionMask = 2147483647;
			files = (
				9F5D502D18E4F946006FABDB /* ViewController.m in Sources */,
				9F5D502718E4F946006FABDB /* AppDelegate.m in Sources */,
				9F5D502318E4F946006FABDB /* main.m in Sources */,
			);
			runOnlyForDeploymentPostprocessing = 0;
		};
		9F5D503018E4F946006FABDB /* Sources */ = {
			isa = PBXSourcesBuildPhase;
			buildActionMask = 2147483647;
			files = (
				9F5D504218E4F946006FABDB /* AnnotatorTests.m in Sources */,
			);
			runOnlyForDeploymentPostprocessing = 0;
		};
/* End PBXSourcesBuildPhase section */

/* Begin PBXTargetDependency section */
		9F5D503A18E4F946006FABDB /* PBXTargetDependency */ = {
			isa = PBXTargetDependency;
			target = 9F5D501218E4F946006FABDB /* Annotator */;
			targetProxy = 9F5D503918E4F946006FABDB /* PBXContainerItemProxy */;
		};
/* End PBXTargetDependency section */

/* Begin PBXVariantGroup section */
		9F5D501F18E4F946006FABDB /* InfoPlist.strings */ = {
			isa = PBXVariantGroup;
			children = (
				9F5D502018E4F946006FABDB /* en */,
			);
			name = InfoPlist.strings;
			sourceTree = "<group>";
		};
		9F5D502818E4F946006FABDB /* Main.storyboard */ = {
			isa = PBXVariantGroup;
			children = (
				9F5D502918E4F946006FABDB /* Base */,
			);
			name = Main.storyboard;
			sourceTree = "<group>";
		};
		9F5D503E18E4F946006FABDB /* InfoPlist.strings */ = {
			isa = PBXVariantGroup;
			children = (
				9F5D503F18E4F946006FABDB /* en */,
			);
			name = InfoPlist.strings;
			sourceTree = "<group>";
		};
/* End PBXVariantGroup section */

/* Begin XCBuildConfiguration section */
		9F5D504318E4F946006FABDB /* Debug */ = {
			isa = XCBuildConfiguration;
			buildSettings = {
				ALWAYS_SEARCH_USER_PATHS = NO;
				CLANG_CXX_LANGUAGE_STANDARD = "gnu++0x";
				CLANG_CXX_LIBRARY = "libc++";
				CLANG_ENABLE_MODULES = YES;
				CLANG_ENABLE_OBJC_ARC = YES;
				CLANG_WARN_BOOL_CONVERSION = YES;
				CLANG_WARN_CONSTANT_CONVERSION = YES;
				CLANG_WARN_DIRECT_OBJC_ISA_USAGE = YES_ERROR;
				CLANG_WARN_EMPTY_BODY = YES;
				CLANG_WARN_ENUM_CONVERSION = YES;
				CLANG_WARN_INT_CONVERSION = YES;
				CLANG_WARN_OBJC_ROOT_CLASS = YES_ERROR;
				CLANG_WARN__DUPLICATE_METHOD_MATCH = YES;
				"CODE_SIGN_IDENTITY[sdk=iphoneos*]" = "iPhone Developer";
				COPY_PHASE_STRIP = NO;
				GCC_C_LANGUAGE_STANDARD = gnu99;
				GCC_DYNAMIC_NO_PIC = NO;
				GCC_OPTIMIZATION_LEVEL = 0;
				GCC_PREPROCESSOR_DEFINITIONS = (
					"DEBUG=1",
					"$(inherited)",
				);
				GCC_SYMBOLS_PRIVATE_EXTERN = NO;
				GCC_WARN_64_TO_32_BIT_CONVERSION = YES;
				GCC_WARN_ABOUT_RETURN_TYPE = YES_ERROR;
				GCC_WARN_UNDECLARED_SELECTOR = YES;
				GCC_WARN_UNINITIALIZED_AUTOS = YES_AGGRESSIVE;
				GCC_WARN_UNUSED_FUNCTION = YES;
				GCC_WARN_UNUSED_VARIABLE = YES;
				IPHONEOS_DEPLOYMENT_TARGET = 7.1;
				ONLY_ACTIVE_ARCH = YES;
				SDKROOT = iphoneos;
				TARGETED_DEVICE_FAMILY = 2;
			};
			name = Debug;
		};
		9F5D504418E4F946006FABDB /* Release */ = {
			isa = XCBuildConfiguration;
			buildSettings = {
				ALWAYS_SEARCH_USER_PATHS = NO;
				CLANG_CXX_LANGUAGE_STANDARD = "gnu++0x";
				CLANG_CXX_LIBRARY = "libc++";
				CLANG_ENABLE_MODULES = YES;
				CLANG_ENABLE_OBJC_ARC = YES;
				CLANG_WARN_BOOL_CONVERSION = YES;
				CLANG_WARN_CONSTANT_CONVERSION = YES;
				CLANG_WARN_DIRECT_OBJC_ISA_USAGE = YES_ERROR;
				CLANG_WARN_EMPTY_BODY = YES;
				CLANG_WARN_ENUM_CONVERSION = YES;
				CLANG_WARN_INT_CONVERSION = YES;
				CLANG_WARN_OBJC_ROOT_CLASS = YES_ERROR;
				CLANG_WARN__DUPLICATE_METHOD_MATCH = YES;
				"CODE_SIGN_IDENTITY[sdk=iphoneos*]" = "iPhone Developer";
				COPY_PHASE_STRIP = YES;
				ENABLE_NS_ASSERTIONS = NO;
				GCC_C_LANGUAGE_STANDARD = gnu99;
				GCC_WARN_64_TO_32_BIT_CONVERSION = YES;
				GCC_WARN_ABOUT_RETURN_TYPE = YES_ERROR;
				GCC_WARN_UNDECLARED_SELECTOR = YES;
				GCC_WARN_UNINITIALIZED_AUTOS = YES_AGGRESSIVE;
				GCC_WARN_UNUSED_FUNCTION = YES;
				GCC_WARN_UNUSED_VARIABLE = YES;
				IPHONEOS_DEPLOYMENT_TARGET = 7.1;
				SDKROOT = iphoneos;
				TARGETED_DEVICE_FAMILY = 2;
				VALIDATE_PRODUCT = YES;
			};
			name = Release;
		};
		9F5D504618E4F946006FABDB /* Debug */ = {
			isa = XCBuildConfiguration;
			buildSettings = {
				ASSETCATALOG_COMPILER_APPICON_NAME = AppIcon;
				ASSETCATALOG_COMPILER_LAUNCHIMAGE_NAME = LaunchImage;
				GCC_PRECOMPILE_PREFIX_HEADER = YES;
				GCC_PREFIX_HEADER = "Annotator/Annotator-Prefix.pch";
				INFOPLIST_FILE = "Annotator/Annotator-Info.plist";
				PRODUCT_NAME = "$(TARGET_NAME)";
				WRAPPER_EXTENSION = app;
			};
			name = Debug;
		};
		9F5D504718E4F946006FABDB /* Release */ = {
			isa = XCBuildConfiguration;
			buildSettings = {
				ASSETCATALOG_COMPILER_APPICON_NAME = AppIcon;
				ASSETCATALOG_COMPILER_LAUNCHIMAGE_NAME = LaunchImage;
				GCC_PRECOMPILE_PREFIX_HEADER = YES;
				GCC_PREFIX_HEADER = "Annotator/Annotator-Prefix.pch";
				INFOPLIST_FILE = "Annotator/Annotator-Info.plist";
				PRODUCT_NAME = "$(TARGET_NAME)";
				WRAPPER_EXTENSION = app;
			};
			name = Release;
		};
		9F5D504918E4F946006FABDB /* Debug */ = {
			isa = XCBuildConfiguration;
			buildSettings = {
				BUNDLE_LOADER = "$(BUILT_PRODUCTS_DIR)/Annotator.app/Annotator";
				FRAMEWORK_SEARCH_PATHS = (
					"$(SDKROOT)/Developer/Library/Frameworks",
					"$(inherited)",
					"$(DEVELOPER_FRAMEWORKS_DIR)",
				);
				GCC_PRECOMPILE_PREFIX_HEADER = YES;
				GCC_PREFIX_HEADER = "Annotator/Annotator-Prefix.pch";
				GCC_PREPROCESSOR_DEFINITIONS = (
					"DEBUG=1",
					"$(inherited)",
				);
				INFOPLIST_FILE = "AnnotatorTests/AnnotatorTests-Info.plist";
				PRODUCT_NAME = "$(TARGET_NAME)";
				TEST_HOST = "$(BUNDLE_LOADER)";
				WRAPPER_EXTENSION = xctest;
			};
			name = Debug;
		};
		9F5D504A18E4F946006FABDB /* Release */ = {
			isa = XCBuildConfiguration;
			buildSettings = {
				BUNDLE_LOADER = "$(BUILT_PRODUCTS_DIR)/Annotator.app/Annotator";
				FRAMEWORK_SEARCH_PATHS = (
					"$(SDKROOT)/Developer/Library/Frameworks",
					"$(inherited)",
					"$(DEVELOPER_FRAMEWORKS_DIR)",
				);
				GCC_PRECOMPILE_PREFIX_HEADER = YES;
				GCC_PREFIX_HEADER = "Annotator/Annotator-Prefix.pch";
				INFOPLIST_FILE = "AnnotatorTests/AnnotatorTests-Info.plist";
				PRODUCT_NAME = "$(TARGET_NAME)";
				TEST_HOST = "$(BUNDLE_LOADER)";
				WRAPPER_EXTENSION = xctest;
			};
			name = Release;
		};
/* End XCBuildConfiguration section */

/* Begin XCConfigurationList section */
		9F5D500E18E4F946006FABDB /* Build configuration list for PBXProject "Annotator" */ = {
			isa = XCConfigurationList;
			buildConfigurations = (
				9F5D504318E4F946006FABDB /* Debug */,
				9F5D504418E4F946006FABDB /* Release */,
			);
			defaultConfigurationIsVisible = 0;
			defaultConfigurationName = Release;
		};
		9F5D504518E4F946006FABDB /* Build configuration list for PBXNativeTarget "Annotator" */ = {
			isa = XCConfigurationList;
			buildConfigurations = (
				9F5D504618E4F946006FABDB /* Debug */,
				9F5D504718E4F946006FABDB /* Release */,
			);
			defaultConfigurationIsVisible = 0;
		};
		9F5D504818E4F946006FABDB /* Build configuration list for PBXNativeTarget "AnnotatorTests" */ = {
			isa = XCConfigurationList;
			buildConfigurations = (
				9F5D504918E4F946006FABDB /* Debug */,
				9F5D504A18E4F946006FABDB /* Release */,
			);
			defaultConfigurationIsVisible = 0;
		};
/* End XCConfigurationList section */
	};
	rootObject = 9F5D500B18E4F946006FABDB /* Project object */;
}
